
Microsoft Visual Studio Solution File, Format Version 12.00
# Visual Studio 15
Project("{FAE04EC0-301F-11D3-BF4B-00C04F79EFBC}") = "dstemplate", "dstemplate.csproj", "{2826A330-F01A-4C74-9F79-9508C660EFDD}"
EndProject
Global
	GlobalSection(SolutionConfigurationPlatforms) = preSolution
		Debug|Any CPU = Debug|Any CPU
		Release|Any CPU = Release|Any CPU
	EndGlobalSection
	GlobalSection(ProjectConfigurationPlatforms) = postSolution
		{2826A330-F01A-4C74-9F79-9508C660EFDD}.Debug|Any CPU.ActiveCfg = Debug|Any CPU
		{2826A330-F01A-4C74-9F79-9508C660EFDD}.Debug|Any CPU.Build.0 = Debug|Any CPU
		{2826A330-F01A-4C74-9F79-9508C660EFDD}.Release|Any CPU.ActiveCfg = Release|Any CPU
		{2826A330-F01A-4C74-9F79-9508C660EFDD}.Release|Any CPU.Build.0 = Release|Any CPU
	EndGlobalSection
EndGlobal
