
Microsoft Visual Studio Solution File, Format Version 12.00
# Visual Studio 2012
Project("{FAE04EC0-301F-11D3-BF4B-00C04F79EFBC}") = "HttpClientDemo", "HttpClientDemo\HttpClientDemo.csproj", "{83DA3D1A-1B6E-4C9A-B811-FBFF3FD1D089}"
EndProject
Project("{FAE04EC0-301F-11D3-BF4B-00C04F79EFBC}") = "HttpClientDemo.iOS", "iOS\HttpClientDemo.iOS.csproj", "{52E9C32B-6482-4824-8847-175A69AC7134}"
EndProject
Project("{FAE04EC0-301F-11D3-BF4B-00C04F79EFBC}") = "HttpClientDemo.Android", "Android\HttpClientDemo.Android.csproj", "{14F6499C-D861-4AEF-87A9-5D9540363FF3}"
EndProject
Global
	GlobalSection(SolutionConfigurationPlatforms) = preSolution
		Debug|Any CPU = Debug|Any CPU
		Release|Any CPU = Release|Any CPU
		Debug|iPhoneSimulator = Debug|iPhoneSimulator
		Release|iPhoneSimulator = Release|iPhoneSimulator
		Debug|iPhone = Debug|iPhone
		Release|iPhone = Release|iPhone
		Ad-Hoc|iPhone = Ad-Hoc|iPhone
		AppStore|iPhone = AppStore|iPhone
	EndGlobalSection
	GlobalSection(ProjectConfigurationPlatforms) = postSolution
		{14F6499C-D861-4AEF-87A9-5D9540363FF3}.Ad-Hoc|iPhone.ActiveCfg = Debug|Any CPU
		{14F6499C-D861-4AEF-87A9-5D9540363FF3}.Ad-Hoc|iPhone.Build.0 = Debug|Any CPU
		{14F6499C-D861-4AEF-87A9-5D9540363FF3}.AppStore|iPhone.ActiveCfg = Debug|Any CPU
		{14F6499C-D861-4AEF-87A9-5D9540363FF3}.AppStore|iPhone.Build.0 = Debug|Any CPU
		{14F6499C-D861-4AEF-87A9-5D9540363FF3}.Debug|Any CPU.ActiveCfg = Debug|Any CPU
		{14F6499C-D861-4AEF-87A9-5D9540363FF3}.Debug|Any CPU.Build.0 = Debug|Any CPU
		{14F6499C-D861-4AEF-87A9-5D9540363FF3}.Debug|iPhone.ActiveCfg = Debug|Any CPU
		{14F6499C-D861-4AEF-87A9-5D9540363FF3}.Debug|iPhone.Build.0 = Debug|Any CPU
		{14F6499C-D861-4AEF-87A9-5D9540363FF3}.Debug|iPhoneSimulator.ActiveCfg = Debug|Any CPU
		{14F6499C-D861-4AEF-87A9-5D9540363FF3}.Debug|iPhoneSimulator.Build.0 = Debug|Any CPU
		{14F6499C-D861-4AEF-87A9-5D9540363FF3}.Release|Any CPU.ActiveCfg = Release|Any CPU
		{14F6499C-D861-4AEF-87A9-5D9540363FF3}.Release|Any CPU.Build.0 = Release|Any CPU
		{14F6499C-D861-4AEF-87A9-5D9540363FF3}.Release|iPhone.ActiveCfg = Release|Any CPU
		{14F6499C-D861-4AEF-87A9-5D9540363FF3}.Release|iPhone.Build.0 = Release|Any CPU
		{14F6499C-D861-4AEF-87A9-5D9540363FF3}.Release|iPhoneSimulator.ActiveCfg = Release|Any CPU
		{14F6499C-D861-4AEF-87A9-5D9540363FF3}.Release|iPhoneSimulator.Build.0 = Release|Any CPU
		{52E9C32B-6482-4824-8847-175A69AC7134}.Ad-Hoc|iPhone.ActiveCfg = Ad-Hoc|iPhone
		{52E9C32B-6482-4824-8847-175A69AC7134}.Ad-Hoc|iPhone.Build.0 = Ad-Hoc|iPhone
		{52E9C32B-6482-4824-8847-175A69AC7134}.AppStore|iPhone.ActiveCfg = AppStore|iPhone
		{52E9C32B-6482-4824-8847-175A69AC7134}.AppStore|iPhone.Build.0 = AppStore|iPhone
		{52E9C32B-6482-4824-8847-175A69AC7134}.Debug|Any CPU.ActiveCfg = Debug|iPhoneSimulator
		{52E9C32B-6482-4824-8847-175A69AC7134}.Debug|Any CPU.Build.0 = Debug|iPhoneSimulator
		{52E9C32B-6482-4824-8847-175A69AC7134}.Debug|iPhone.ActiveCfg = Debug|iPhone
		{52E9C32B-6482-4824-8847-175A69AC7134}.Debug|iPhone.Build.0 = Debug|iPhone
		{52E9C32B-6482-4824-8847-175A69AC7134}.Debug|iPhoneSimulator.ActiveCfg = Debug|iPhoneSimulator
		{52E9C32B-6482-4824-8847-175A69AC7134}.Debug|iPhoneSimulator.Build.0 = Debug|iPhoneSimulator
		{52E9C32B-6482-4824-8847-175A69AC7134}.Release|Any CPU.ActiveCfg = Release|iPhoneSimulator
		{52E9C32B-6482-4824-8847-175A69AC7134}.Release|Any CPU.Build.0 = Release|iPhoneSimulator
		{52E9C32B-6482-4824-8847-175A69AC7134}.Release|iPhone.ActiveCfg = Release|iPhone
		{52E9C32B-6482-4824-8847-175A69AC7134}.Release|iPhone.Build.0 = Release|iPhone
		{52E9C32B-6482-4824-8847-175A69AC7134}.Release|iPhoneSimulator.ActiveCfg = Release|iPhoneSimulator
		{52E9C32B-6482-4824-8847-175A69AC7134}.Release|iPhoneSimulator.Build.0 = Release|iPhoneSimulator
		{83DA3D1A-1B6E-4C9A-B811-FBFF3FD1D089}.Ad-Hoc|iPhone.ActiveCfg = Debug|Any CPU
		{83DA3D1A-1B6E-4C9A-B811-FBFF3FD1D089}.Ad-Hoc|iPhone.Build.0 = Debug|Any CPU
		{83DA3D1A-1B6E-4C9A-B811-FBFF3FD1D089}.AppStore|iPhone.ActiveCfg = Debug|Any CPU
		{83DA3D1A-1B6E-4C9A-B811-FBFF3FD1D089}.AppStore|iPhone.Build.0 = Debug|Any CPU
		{83DA3D1A-1B6E-4C9A-B811-FBFF3FD1D089}.Debug|Any CPU.ActiveCfg = Debug|Any CPU
		{83DA3D1A-1B6E-4C9A-B811-FBFF3FD1D089}.Debug|Any CPU.Build.0 = Debug|Any CPU
		{83DA3D1A-1B6E-4C9A-B811-FBFF3FD1D089}.Debug|iPhone.ActiveCfg = Debug|Any CPU
		{83DA3D1A-1B6E-4C9A-B811-FBFF3FD1D089}.Debug|iPhone.Build.0 = Debug|Any CPU
		{83DA3D1A-1B6E-4C9A-B811-FBFF3FD1D089}.Debug|iPhoneSimulator.ActiveCfg = Debug|Any CPU
		{83DA3D1A-1B6E-4C9A-B811-FBFF3FD1D089}.Debug|iPhoneSimulator.Build.0 = Debug|Any CPU
		{83DA3D1A-1B6E-4C9A-B811-FBFF3FD1D089}.Release|Any CPU.ActiveCfg = Release|Any CPU
		{83DA3D1A-1B6E-4C9A-B811-FBFF3FD1D089}.Release|Any CPU.Build.0 = Release|Any CPU
		{83DA3D1A-1B6E-4C9A-B811-FBFF3FD1D089}.Release|iPhone.ActiveCfg = Release|Any CPU
		{83DA3D1A-1B6E-4C9A-B811-FBFF3FD1D089}.Release|iPhone.Build.0 = Release|Any CPU
		{83DA3D1A-1B6E-4C9A-B811-FBFF3FD1D089}.Release|iPhoneSimulator.ActiveCfg = Release|Any CPU
		{83DA3D1A-1B6E-4C9A-B811-FBFF3FD1D089}.Release|iPhoneSimulator.Build.0 = Release|Any CPU
	EndGlobalSection
	GlobalSection(MonoDevelopProperties) = preSolution
		StartupItem = iOS\HttpClientDemo.iOS.csproj
	EndGlobalSection
EndGlobal
