
Microsoft Visual Studio Solution File, Format Version 12.00
# Visual Studio 2013
VisualStudioVersion = 12.0.30501.0
MinimumVisualStudioVersion = 10.0.40219.1
Project("{FAE04EC0-301F-11D3-BF4B-00C04F79EFBC}") = "DialogPro", "DialogPro\DialogPro.csproj", "{4F9CC44E-40E7-49E6-9E0D-B0DB9BCF5A05}"
EndProject
Project("{2150E333-8FDC-42A3-9474-1A3956D46DE8}") = "Platforms", "Platforms", "{07ADE6A9-20CC-46A4-9722-6477D7FFEA53}"
EndProject
Project("{FAE04EC0-301F-11D3-BF4B-00C04F79EFBC}") = "DialogPro.iOS", "iOS\DialogPro.iOS.csproj", "{888388F7-342F-4363-9113-8EF5CB17847A}"
EndProject
Project("{FAE04EC0-301F-11D3-BF4B-00C04F79EFBC}") = "DialogPro.Android", "Android\DialogPro.Android.csproj", "{AC4AC442-ED8E-4EB8-B492-02F71E13BBC6}"
EndProject
Project("{FAE04EC0-301F-11D3-BF4B-00C04F79EFBC}") = "DialogPro.WinPhone", "WinPhone\DialogPro.WinPhone.csproj", "{2DC70B60-39EE-4B3C-A8DD-46F3D77C16C7}"
EndProject
Global
	GlobalSection(SolutionConfigurationPlatforms) = preSolution
		Ad-Hoc|Any CPU = Ad-Hoc|Any CPU
		Ad-Hoc|ARM = Ad-Hoc|ARM
		Ad-Hoc|iPhone = Ad-Hoc|iPhone
		Ad-Hoc|iPhoneSimulator = Ad-Hoc|iPhoneSimulator
		Ad-Hoc|Mixed Platforms = Ad-Hoc|Mixed Platforms
		Ad-Hoc|x86 = Ad-Hoc|x86
		AppStore|Any CPU = AppStore|Any CPU
		AppStore|ARM = AppStore|ARM
		AppStore|iPhone = AppStore|iPhone
		AppStore|iPhoneSimulator = AppStore|iPhoneSimulator
		AppStore|Mixed Platforms = AppStore|Mixed Platforms
		AppStore|x86 = AppStore|x86
		Debug|Any CPU = Debug|Any CPU
		Debug|ARM = Debug|ARM
		Debug|iPhone = Debug|iPhone
		Debug|iPhoneSimulator = Debug|iPhoneSimulator
		Debug|Mixed Platforms = Debug|Mixed Platforms
		Debug|x86 = Debug|x86
		Release|Any CPU = Release|Any CPU
		Release|ARM = Release|ARM
		Release|iPhone = Release|iPhone
		Release|iPhoneSimulator = Release|iPhoneSimulator
		Release|Mixed Platforms = Release|Mixed Platforms
		Release|x86 = Release|x86
	EndGlobalSection
	GlobalSection(ProjectConfigurationPlatforms) = postSolution
		{4F9CC44E-40E7-49E6-9E0D-B0DB9BCF5A05}.Ad-Hoc|Any CPU.ActiveCfg = Release|Any CPU
		{4F9CC44E-40E7-49E6-9E0D-B0DB9BCF5A05}.Ad-Hoc|Any CPU.Build.0 = Release|Any CPU
		{4F9CC44E-40E7-49E6-9E0D-B0DB9BCF5A05}.Ad-Hoc|ARM.ActiveCfg = Debug|Any CPU
		{4F9CC44E-40E7-49E6-9E0D-B0DB9BCF5A05}.Ad-Hoc|iPhone.ActiveCfg = Debug|Any CPU
		{4F9CC44E-40E7-49E6-9E0D-B0DB9BCF5A05}.Ad-Hoc|iPhone.Build.0 = Debug|Any CPU
		{4F9CC44E-40E7-49E6-9E0D-B0DB9BCF5A05}.Ad-Hoc|iPhoneSimulator.ActiveCfg = Release|Any CPU
		{4F9CC44E-40E7-49E6-9E0D-B0DB9BCF5A05}.Ad-Hoc|Mixed Platforms.ActiveCfg = Debug|Any CPU
		{4F9CC44E-40E7-49E6-9E0D-B0DB9BCF5A05}.Ad-Hoc|Mixed Platforms.Build.0 = Debug|Any CPU
		{4F9CC44E-40E7-49E6-9E0D-B0DB9BCF5A05}.Ad-Hoc|x86.ActiveCfg = Debug|Any CPU
		{4F9CC44E-40E7-49E6-9E0D-B0DB9BCF5A05}.AppStore|Any CPU.ActiveCfg = Release|Any CPU
		{4F9CC44E-40E7-49E6-9E0D-B0DB9BCF5A05}.AppStore|Any CPU.Build.0 = Release|Any CPU
		{4F9CC44E-40E7-49E6-9E0D-B0DB9BCF5A05}.AppStore|ARM.ActiveCfg = Debug|Any CPU
		{4F9CC44E-40E7-49E6-9E0D-B0DB9BCF5A05}.AppStore|iPhone.ActiveCfg = Debug|Any CPU
		{4F9CC44E-40E7-49E6-9E0D-B0DB9BCF5A05}.AppStore|iPhone.Build.0 = Debug|Any CPU
		{4F9CC44E-40E7-49E6-9E0D-B0DB9BCF5A05}.AppStore|iPhoneSimulator.ActiveCfg = Release|Any CPU
		{4F9CC44E-40E7-49E6-9E0D-B0DB9BCF5A05}.AppStore|Mixed Platforms.ActiveCfg = Debug|Any CPU
		{4F9CC44E-40E7-49E6-9E0D-B0DB9BCF5A05}.AppStore|Mixed Platforms.Build.0 = Debug|Any CPU
		{4F9CC44E-40E7-49E6-9E0D-B0DB9BCF5A05}.AppStore|x86.ActiveCfg = Debug|Any CPU
		{4F9CC44E-40E7-49E6-9E0D-B0DB9BCF5A05}.Debug|Any CPU.ActiveCfg = Debug|Any CPU
		{4F9CC44E-40E7-49E6-9E0D-B0DB9BCF5A05}.Debug|Any CPU.Build.0 = Debug|Any CPU
		{4F9CC44E-40E7-49E6-9E0D-B0DB9BCF5A05}.Debug|ARM.ActiveCfg = Debug|Any CPU
		{4F9CC44E-40E7-49E6-9E0D-B0DB9BCF5A05}.Debug|iPhone.ActiveCfg = Debug|Any CPU
		{4F9CC44E-40E7-49E6-9E0D-B0DB9BCF5A05}.Debug|iPhone.Build.0 = Debug|Any CPU
		{4F9CC44E-40E7-49E6-9E0D-B0DB9BCF5A05}.Debug|iPhoneSimulator.ActiveCfg = Debug|Any CPU
		{4F9CC44E-40E7-49E6-9E0D-B0DB9BCF5A05}.Debug|iPhoneSimulator.Build.0 = Debug|Any CPU
		{4F9CC44E-40E7-49E6-9E0D-B0DB9BCF5A05}.Debug|Mixed Platforms.ActiveCfg = Debug|Any CPU
		{4F9CC44E-40E7-49E6-9E0D-B0DB9BCF5A05}.Debug|Mixed Platforms.Build.0 = Debug|Any CPU
		{4F9CC44E-40E7-49E6-9E0D-B0DB9BCF5A05}.Debug|x86.ActiveCfg = Debug|Any CPU
		{4F9CC44E-40E7-49E6-9E0D-B0DB9BCF5A05}.Release|Any CPU.ActiveCfg = Release|Any CPU
		{4F9CC44E-40E7-49E6-9E0D-B0DB9BCF5A05}.Release|Any CPU.Build.0 = Release|Any CPU
		{4F9CC44E-40E7-49E6-9E0D-B0DB9BCF5A05}.Release|ARM.ActiveCfg = Release|Any CPU
		{4F9CC44E-40E7-49E6-9E0D-B0DB9BCF5A05}.Release|iPhone.ActiveCfg = Release|Any CPU
		{4F9CC44E-40E7-49E6-9E0D-B0DB9BCF5A05}.Release|iPhone.Build.0 = Release|Any CPU
		{4F9CC44E-40E7-49E6-9E0D-B0DB9BCF5A05}.Release|iPhoneSimulator.ActiveCfg = Release|Any CPU
		{4F9CC44E-40E7-49E6-9E0D-B0DB9BCF5A05}.Release|iPhoneSimulator.Build.0 = Release|Any CPU
		{4F9CC44E-40E7-49E6-9E0D-B0DB9BCF5A05}.Release|Mixed Platforms.ActiveCfg = Release|Any CPU
		{4F9CC44E-40E7-49E6-9E0D-B0DB9BCF5A05}.Release|Mixed Platforms.Build.0 = Release|Any CPU
		{4F9CC44E-40E7-49E6-9E0D-B0DB9BCF5A05}.Release|x86.ActiveCfg = Release|Any CPU
		{888388F7-342F-4363-9113-8EF5CB17847A}.Ad-Hoc|Any CPU.ActiveCfg = Ad-Hoc|iPhoneSimulator
		{888388F7-342F-4363-9113-8EF5CB17847A}.Ad-Hoc|ARM.ActiveCfg = Ad-Hoc|iPhone
		{888388F7-342F-4363-9113-8EF5CB17847A}.Ad-Hoc|iPhone.ActiveCfg = Ad-Hoc|iPhone
		{888388F7-342F-4363-9113-8EF5CB17847A}.Ad-Hoc|iPhone.Build.0 = Ad-Hoc|iPhone
		{888388F7-342F-4363-9113-8EF5CB17847A}.Ad-Hoc|iPhoneSimulator.ActiveCfg = Ad-Hoc|iPhoneSimulator
		{888388F7-342F-4363-9113-8EF5CB17847A}.Ad-Hoc|iPhoneSimulator.Build.0 = Ad-Hoc|iPhoneSimulator
		{888388F7-342F-4363-9113-8EF5CB17847A}.Ad-Hoc|Mixed Platforms.ActiveCfg = Ad-Hoc|iPhone
		{888388F7-342F-4363-9113-8EF5CB17847A}.Ad-Hoc|Mixed Platforms.Build.0 = Ad-Hoc|iPhone
		{888388F7-342F-4363-9113-8EF5CB17847A}.Ad-Hoc|x86.ActiveCfg = Ad-Hoc|iPhone
		{888388F7-342F-4363-9113-8EF5CB17847A}.AppStore|Any CPU.ActiveCfg = AppStore|iPhoneSimulator
		{888388F7-342F-4363-9113-8EF5CB17847A}.AppStore|ARM.ActiveCfg = AppStore|iPhone
		{888388F7-342F-4363-9113-8EF5CB17847A}.AppStore|iPhone.ActiveCfg = AppStore|iPhone
		{888388F7-342F-4363-9113-8EF5CB17847A}.AppStore|iPhone.Build.0 = AppStore|iPhone
		{888388F7-342F-4363-9113-8EF5CB17847A}.AppStore|iPhoneSimulator.ActiveCfg = AppStore|iPhoneSimulator
		{888388F7-342F-4363-9113-8EF5CB17847A}.AppStore|iPhoneSimulator.Build.0 = AppStore|iPhoneSimulator
		{888388F7-342F-4363-9113-8EF5CB17847A}.AppStore|Mixed Platforms.ActiveCfg = AppStore|iPhone
		{888388F7-342F-4363-9113-8EF5CB17847A}.AppStore|Mixed Platforms.Build.0 = AppStore|iPhone
		{888388F7-342F-4363-9113-8EF5CB17847A}.AppStore|x86.ActiveCfg = AppStore|iPhone
		{888388F7-342F-4363-9113-8EF5CB17847A}.Debug|Any CPU.ActiveCfg = Debug|iPhoneSimulator
		{888388F7-342F-4363-9113-8EF5CB17847A}.Debug|Any CPU.Build.0 = Debug|iPhoneSimulator
		{888388F7-342F-4363-9113-8EF5CB17847A}.Debug|ARM.ActiveCfg = Debug|iPhone
		{888388F7-342F-4363-9113-8EF5CB17847A}.Debug|iPhone.ActiveCfg = Debug|iPhone
		{888388F7-342F-4363-9113-8EF5CB17847A}.Debug|iPhone.Build.0 = Debug|iPhone
		{888388F7-342F-4363-9113-8EF5CB17847A}.Debug|iPhoneSimulator.ActiveCfg = Debug|iPhoneSimulator
		{888388F7-342F-4363-9113-8EF5CB17847A}.Debug|iPhoneSimulator.Build.0 = Debug|iPhoneSimulator
		{888388F7-342F-4363-9113-8EF5CB17847A}.Debug|Mixed Platforms.ActiveCfg = Debug|iPhone
		{888388F7-342F-4363-9113-8EF5CB17847A}.Debug|Mixed Platforms.Build.0 = Debug|iPhone
		{888388F7-342F-4363-9113-8EF5CB17847A}.Debug|x86.ActiveCfg = Debug|iPhone
		{888388F7-342F-4363-9113-8EF5CB17847A}.Release|Any CPU.ActiveCfg = Release|iPhoneSimulator
		{888388F7-342F-4363-9113-8EF5CB17847A}.Release|Any CPU.Build.0 = Release|iPhoneSimulator
		{888388F7-342F-4363-9113-8EF5CB17847A}.Release|ARM.ActiveCfg = Release|iPhone
		{888388F7-342F-4363-9113-8EF5CB17847A}.Release|iPhone.ActiveCfg = Release|iPhone
		{888388F7-342F-4363-9113-8EF5CB17847A}.Release|iPhone.Build.0 = Release|iPhone
		{888388F7-342F-4363-9113-8EF5CB17847A}.Release|iPhoneSimulator.ActiveCfg = Release|iPhoneSimulator
		{888388F7-342F-4363-9113-8EF5CB17847A}.Release|iPhoneSimulator.Build.0 = Release|iPhoneSimulator
		{888388F7-342F-4363-9113-8EF5CB17847A}.Release|Mixed Platforms.ActiveCfg = Release|iPhone
		{888388F7-342F-4363-9113-8EF5CB17847A}.Release|Mixed Platforms.Build.0 = Release|iPhone
		{888388F7-342F-4363-9113-8EF5CB17847A}.Release|x86.ActiveCfg = Release|iPhone
		{AC4AC442-ED8E-4EB8-B492-02F71E13BBC6}.Ad-Hoc|Any CPU.ActiveCfg = Release|Any CPU
		{AC4AC442-ED8E-4EB8-B492-02F71E13BBC6}.Ad-Hoc|Any CPU.Build.0 = Release|Any CPU
		{AC4AC442-ED8E-4EB8-B492-02F71E13BBC6}.Ad-Hoc|Any CPU.Deploy.0 = Release|Any CPU
		{AC4AC442-ED8E-4EB8-B492-02F71E13BBC6}.Ad-Hoc|ARM.ActiveCfg = Debug|Any CPU
		{AC4AC442-ED8E-4EB8-B492-02F71E13BBC6}.Ad-Hoc|iPhone.ActiveCfg = Debug|Any CPU
		{AC4AC442-ED8E-4EB8-B492-02F71E13BBC6}.Ad-Hoc|iPhone.Build.0 = Debug|Any CPU
		{AC4AC442-ED8E-4EB8-B492-02F71E13BBC6}.Ad-Hoc|iPhoneSimulator.ActiveCfg = Release|Any CPU
		{AC4AC442-ED8E-4EB8-B492-02F71E13BBC6}.Ad-Hoc|Mixed Platforms.ActiveCfg = Debug|Any CPU
		{AC4AC442-ED8E-4EB8-B492-02F71E13BBC6}.Ad-Hoc|Mixed Platforms.Build.0 = Debug|Any CPU
		{AC4AC442-ED8E-4EB8-B492-02F71E13BBC6}.Ad-Hoc|Mixed Platforms.Deploy.0 = Debug|Any CPU
		{AC4AC442-ED8E-4EB8-B492-02F71E13BBC6}.Ad-Hoc|x86.ActiveCfg = Debug|Any CPU
		{AC4AC442-ED8E-4EB8-B492-02F71E13BBC6}.AppStore|Any CPU.ActiveCfg = Release|Any CPU
		{AC4AC442-ED8E-4EB8-B492-02F71E13BBC6}.AppStore|Any CPU.Build.0 = Release|Any CPU
		{AC4AC442-ED8E-4EB8-B492-02F71E13BBC6}.AppStore|Any CPU.Deploy.0 = Release|Any CPU
		{AC4AC442-ED8E-4EB8-B492-02F71E13BBC6}.AppStore|ARM.ActiveCfg = Debug|Any CPU
		{AC4AC442-ED8E-4EB8-B492-02F71E13BBC6}.AppStore|iPhone.ActiveCfg = Debug|Any CPU
		{AC4AC442-ED8E-4EB8-B492-02F71E13BBC6}.AppStore|iPhone.Build.0 = Debug|Any CPU
		{AC4AC442-ED8E-4EB8-B492-02F71E13BBC6}.AppStore|iPhoneSimulator.ActiveCfg = Release|Any CPU
		{AC4AC442-ED8E-4EB8-B492-02F71E13BBC6}.AppStore|Mixed Platforms.ActiveCfg = Debug|Any CPU
		{AC4AC442-ED8E-4EB8-B492-02F71E13BBC6}.AppStore|Mixed Platforms.Build.0 = Debug|Any CPU
		{AC4AC442-ED8E-4EB8-B492-02F71E13BBC6}.AppStore|Mixed Platforms.Deploy.0 = Debug|Any CPU
		{AC4AC442-ED8E-4EB8-B492-02F71E13BBC6}.AppStore|x86.ActiveCfg = Debug|Any CPU
		{AC4AC442-ED8E-4EB8-B492-02F71E13BBC6}.Debug|Any CPU.ActiveCfg = Debug|Any CPU
		{AC4AC442-ED8E-4EB8-B492-02F71E13BBC6}.Debug|Any CPU.Build.0 = Debug|Any CPU
		{AC4AC442-ED8E-4EB8-B492-02F71E13BBC6}.Debug|ARM.ActiveCfg = Debug|Any CPU
		{AC4AC442-ED8E-4EB8-B492-02F71E13BBC6}.Debug|iPhone.ActiveCfg = Debug|Any CPU
		{AC4AC442-ED8E-4EB8-B492-02F71E13BBC6}.Debug|iPhone.Build.0 = Debug|Any CPU
		{AC4AC442-ED8E-4EB8-B492-02F71E13BBC6}.Debug|iPhoneSimulator.ActiveCfg = Debug|Any CPU
		{AC4AC442-ED8E-4EB8-B492-02F71E13BBC6}.Debug|iPhoneSimulator.Build.0 = Debug|Any CPU
		{AC4AC442-ED8E-4EB8-B492-02F71E13BBC6}.Debug|Mixed Platforms.ActiveCfg = Debug|Any CPU
		{AC4AC442-ED8E-4EB8-B492-02F71E13BBC6}.Debug|Mixed Platforms.Build.0 = Debug|Any CPU
		{AC4AC442-ED8E-4EB8-B492-02F71E13BBC6}.Debug|Mixed Platforms.Deploy.0 = Debug|Any CPU
		{AC4AC442-ED8E-4EB8-B492-02F71E13BBC6}.Debug|x86.ActiveCfg = Debug|Any CPU
		{AC4AC442-ED8E-4EB8-B492-02F71E13BBC6}.Release|Any CPU.ActiveCfg = Release|Any CPU
		{AC4AC442-ED8E-4EB8-B492-02F71E13BBC6}.Release|Any CPU.Build.0 = Release|Any CPU
		{AC4AC442-ED8E-4EB8-B492-02F71E13BBC6}.Release|ARM.ActiveCfg = Release|Any CPU
		{AC4AC442-ED8E-4EB8-B492-02F71E13BBC6}.Release|iPhone.ActiveCfg = Release|Any CPU
		{AC4AC442-ED8E-4EB8-B492-02F71E13BBC6}.Release|iPhone.Build.0 = Release|Any CPU
		{AC4AC442-ED8E-4EB8-B492-02F71E13BBC6}.Release|iPhoneSimulator.ActiveCfg = Release|Any CPU
		{AC4AC442-ED8E-4EB8-B492-02F71E13BBC6}.Release|iPhoneSimulator.Build.0 = Release|Any CPU
		{AC4AC442-ED8E-4EB8-B492-02F71E13BBC6}.Release|Mixed Platforms.ActiveCfg = Release|Any CPU
		{AC4AC442-ED8E-4EB8-B492-02F71E13BBC6}.Release|Mixed Platforms.Build.0 = Release|Any CPU
		{AC4AC442-ED8E-4EB8-B492-02F71E13BBC6}.Release|Mixed Platforms.Deploy.0 = Release|Any CPU
		{AC4AC442-ED8E-4EB8-B492-02F71E13BBC6}.Release|x86.ActiveCfg = Release|Any CPU
		{2DC70B60-39EE-4B3C-A8DD-46F3D77C16C7}.Ad-Hoc|Any CPU.ActiveCfg = Release|Any CPU
		{2DC70B60-39EE-4B3C-A8DD-46F3D77C16C7}.Ad-Hoc|Any CPU.Build.0 = Release|Any CPU
		{2DC70B60-39EE-4B3C-A8DD-46F3D77C16C7}.Ad-Hoc|Any CPU.Deploy.0 = Release|Any CPU
		{2DC70B60-39EE-4B3C-A8DD-46F3D77C16C7}.Ad-Hoc|ARM.ActiveCfg = Release|ARM
		{2DC70B60-39EE-4B3C-A8DD-46F3D77C16C7}.Ad-Hoc|ARM.Build.0 = Release|ARM
		{2DC70B60-39EE-4B3C-A8DD-46F3D77C16C7}.Ad-Hoc|ARM.Deploy.0 = Release|ARM
		{2DC70B60-39EE-4B3C-A8DD-46F3D77C16C7}.Ad-Hoc|iPhone.ActiveCfg = Release|Any CPU
		{2DC70B60-39EE-4B3C-A8DD-46F3D77C16C7}.Ad-Hoc|iPhoneSimulator.ActiveCfg = Release|Any CPU
		{2DC70B60-39EE-4B3C-A8DD-46F3D77C16C7}.Ad-Hoc|Mixed Platforms.ActiveCfg = Release|x86
		{2DC70B60-39EE-4B3C-A8DD-46F3D77C16C7}.Ad-Hoc|Mixed Platforms.Build.0 = Release|x86
		{2DC70B60-39EE-4B3C-A8DD-46F3D77C16C7}.Ad-Hoc|Mixed Platforms.Deploy.0 = Release|x86
		{2DC70B60-39EE-4B3C-A8DD-46F3D77C16C7}.Ad-Hoc|x86.ActiveCfg = Release|x86
		{2DC70B60-39EE-4B3C-A8DD-46F3D77C16C7}.Ad-Hoc|x86.Build.0 = Release|x86
		{2DC70B60-39EE-4B3C-A8DD-46F3D77C16C7}.Ad-Hoc|x86.Deploy.0 = Release|x86
		{2DC70B60-39EE-4B3C-A8DD-46F3D77C16C7}.AppStore|Any CPU.ActiveCfg = Release|Any CPU
		{2DC70B60-39EE-4B3C-A8DD-46F3D77C16C7}.AppStore|Any CPU.Build.0 = Release|Any CPU
		{2DC70B60-39EE-4B3C-A8DD-46F3D77C16C7}.AppStore|Any CPU.Deploy.0 = Release|Any CPU
		{2DC70B60-39EE-4B3C-A8DD-46F3D77C16C7}.AppStore|ARM.ActiveCfg = Release|ARM
		{2DC70B60-39EE-4B3C-A8DD-46F3D77C16C7}.AppStore|ARM.Build.0 = Release|ARM
		{2DC70B60-39EE-4B3C-A8DD-46F3D77C16C7}.AppStore|ARM.Deploy.0 = Release|ARM
		{2DC70B60-39EE-4B3C-A8DD-46F3D77C16C7}.AppStore|iPhone.ActiveCfg = Release|Any CPU
		{2DC70B60-39EE-4B3C-A8DD-46F3D77C16C7}.AppStore|iPhoneSimulator.ActiveCfg = Release|Any CPU
		{2DC70B60-39EE-4B3C-A8DD-46F3D77C16C7}.AppStore|Mixed Platforms.ActiveCfg = Release|x86
		{2DC70B60-39EE-4B3C-A8DD-46F3D77C16C7}.AppStore|Mixed Platforms.Build.0 = Release|x86
		{2DC70B60-39EE-4B3C-A8DD-46F3D77C16C7}.AppStore|Mixed Platforms.Deploy.0 = Release|x86
		{2DC70B60-39EE-4B3C-A8DD-46F3D77C16C7}.AppStore|x86.ActiveCfg = Release|x86
		{2DC70B60-39EE-4B3C-A8DD-46F3D77C16C7}.AppStore|x86.Build.0 = Release|x86
		{2DC70B60-39EE-4B3C-A8DD-46F3D77C16C7}.AppStore|x86.Deploy.0 = Release|x86
		{2DC70B60-39EE-4B3C-A8DD-46F3D77C16C7}.Debug|Any CPU.ActiveCfg = Debug|Any CPU
		{2DC70B60-39EE-4B3C-A8DD-46F3D77C16C7}.Debug|Any CPU.Build.0 = Debug|Any CPU
		{2DC70B60-39EE-4B3C-A8DD-46F3D77C16C7}.Debug|Any CPU.Deploy.0 = Debug|Any CPU
		{2DC70B60-39EE-4B3C-A8DD-46F3D77C16C7}.Debug|ARM.ActiveCfg = Debug|ARM
		{2DC70B60-39EE-4B3C-A8DD-46F3D77C16C7}.Debug|ARM.Build.0 = Debug|ARM
		{2DC70B60-39EE-4B3C-A8DD-46F3D77C16C7}.Debug|ARM.Deploy.0 = Debug|ARM
		{2DC70B60-39EE-4B3C-A8DD-46F3D77C16C7}.Debug|iPhone.ActiveCfg = Debug|Any CPU
		{2DC70B60-39EE-4B3C-A8DD-46F3D77C16C7}.Debug|iPhoneSimulator.ActiveCfg = Debug|Any CPU
		{2DC70B60-39EE-4B3C-A8DD-46F3D77C16C7}.Debug|Mixed Platforms.ActiveCfg = Debug|x86
		{2DC70B60-39EE-4B3C-A8DD-46F3D77C16C7}.Debug|Mixed Platforms.Build.0 = Debug|x86
		{2DC70B60-39EE-4B3C-A8DD-46F3D77C16C7}.Debug|Mixed Platforms.Deploy.0 = Debug|x86
		{2DC70B60-39EE-4B3C-A8DD-46F3D77C16C7}.Debug|x86.ActiveCfg = Debug|x86
		{2DC70B60-39EE-4B3C-A8DD-46F3D77C16C7}.Debug|x86.Build.0 = Debug|x86
		{2DC70B60-39EE-4B3C-A8DD-46F3D77C16C7}.Debug|x86.Deploy.0 = Debug|x86
		{2DC70B60-39EE-4B3C-A8DD-46F3D77C16C7}.Release|Any CPU.ActiveCfg = Release|Any CPU
		{2DC70B60-39EE-4B3C-A8DD-46F3D77C16C7}.Release|Any CPU.Build.0 = Release|Any CPU
		{2DC70B60-39EE-4B3C-A8DD-46F3D77C16C7}.Release|Any CPU.Deploy.0 = Release|Any CPU
		{2DC70B60-39EE-4B3C-A8DD-46F3D77C16C7}.Release|ARM.ActiveCfg = Release|ARM
		{2DC70B60-39EE-4B3C-A8DD-46F3D77C16C7}.Release|ARM.Build.0 = Release|ARM
		{2DC70B60-39EE-4B3C-A8DD-46F3D77C16C7}.Release|ARM.Deploy.0 = Release|ARM
		{2DC70B60-39EE-4B3C-A8DD-46F3D77C16C7}.Release|iPhone.ActiveCfg = Release|Any CPU
		{2DC70B60-39EE-4B3C-A8DD-46F3D77C16C7}.Release|iPhoneSimulator.ActiveCfg = Release|Any CPU
		{2DC70B60-39EE-4B3C-A8DD-46F3D77C16C7}.Release|Mixed Platforms.ActiveCfg = Release|x86
		{2DC70B60-39EE-4B3C-A8DD-46F3D77C16C7}.Release|Mixed Platforms.Build.0 = Release|x86
		{2DC70B60-39EE-4B3C-A8DD-46F3D77C16C7}.Release|Mixed Platforms.Deploy.0 = Release|x86
		{2DC70B60-39EE-4B3C-A8DD-46F3D77C16C7}.Release|x86.ActiveCfg = Release|x86
		{2DC70B60-39EE-4B3C-A8DD-46F3D77C16C7}.Release|x86.Build.0 = Release|x86
		{2DC70B60-39EE-4B3C-A8DD-46F3D77C16C7}.Release|x86.Deploy.0 = Release|x86
	EndGlobalSection
	GlobalSection(SolutionProperties) = preSolution
		HideSolutionNode = FALSE
	EndGlobalSection
	GlobalSection(NestedProjects) = preSolution
		{888388F7-342F-4363-9113-8EF5CB17847A} = {07ADE6A9-20CC-46A4-9722-6477D7FFEA53}
		{AC4AC442-ED8E-4EB8-B492-02F71E13BBC6} = {07ADE6A9-20CC-46A4-9722-6477D7FFEA53}
		{2DC70B60-39EE-4B3C-A8DD-46F3D77C16C7} = {07ADE6A9-20CC-46A4-9722-6477D7FFEA53}
	EndGlobalSection
	GlobalSection(MonoDevelopProperties) = preSolution
		StartupItem = iOS\DialogPro.iOS.csproj
	EndGlobalSection
EndGlobal
