
Microsoft Visual Studio Solution File, Format Version 12.00
# Visual Studio 2012
Project("{FAE04EC0-301F-11D3-BF4B-00C04F79EFBC}") = "DialogPro", "DialogPro\DialogPro.csproj", "{4F9CC44E-40E7-49E6-9E0D-B0DB9BCF5A05}"
EndProject
Project("{2150E333-8FDC-42A3-9474-1A3956D46DE8}") = "Platforms", "Platforms", "{07ADE6A9-20CC-46A4-9722-6477D7FFEA53}"
EndProject
Project("{FAE04EC0-301F-11D3-BF4B-00C04F79EFBC}") = "DialogPro.iOS", "iOS\DialogPro.iOS.csproj", "{888388F7-342F-4363-9113-8EF5CB17847A}"
EndProject
Project("{FAE04EC0-301F-11D3-BF4B-00C04F79EFBC}") = "DialogPro.Android", "Android\DialogPro.Android.csproj", "{AC4AC442-ED8E-4EB8-B492-02F71E13BBC6}"
EndProject
Global
	GlobalSection(SolutionConfigurationPlatforms) = preSolution
		Debug|Any CPU = Debug|Any CPU
		Release|Any CPU = Release|Any CPU
		Debug|iPhoneSimulator = Debug|iPhoneSimulator
		Release|iPhoneSimulator = Release|iPhoneSimulator
		Debug|iPhone = Debug|iPhone
		Release|iPhone = Release|iPhone
		Ad-Hoc|iPhone = Ad-Hoc|iPhone
		AppStore|iPhone = AppStore|iPhone
	EndGlobalSection
	GlobalSection(ProjectConfigurationPlatforms) = postSolution
		{4F9CC44E-40E7-49E6-9E0D-B0DB9BCF5A05}.Ad-Hoc|iPhone.ActiveCfg = Debug|Any CPU
		{4F9CC44E-40E7-49E6-9E0D-B0DB9BCF5A05}.Ad-Hoc|iPhone.Build.0 = Debug|Any CPU
		{4F9CC44E-40E7-49E6-9E0D-B0DB9BCF5A05}.AppStore|iPhone.ActiveCfg = Debug|Any CPU
		{4F9CC44E-40E7-49E6-9E0D-B0DB9BCF5A05}.AppStore|iPhone.Build.0 = Debug|Any CPU
		{4F9CC44E-40E7-49E6-9E0D-B0DB9BCF5A05}.Debug|Any CPU.ActiveCfg = Debug|Any CPU
		{4F9CC44E-40E7-49E6-9E0D-B0DB9BCF5A05}.Debug|Any CPU.Build.0 = Debug|Any CPU
		{4F9CC44E-40E7-49E6-9E0D-B0DB9BCF5A05}.Debug|iPhone.ActiveCfg = Debug|Any CPU
		{4F9CC44E-40E7-49E6-9E0D-B0DB9BCF5A05}.Debug|iPhone.Build.0 = Debug|Any CPU
		{4F9CC44E-40E7-49E6-9E0D-B0DB9BCF5A05}.Debug|iPhoneSimulator.ActiveCfg = Debug|Any CPU
		{4F9CC44E-40E7-49E6-9E0D-B0DB9BCF5A05}.Debug|iPhoneSimulator.Build.0 = Debug|Any CPU
		{4F9CC44E-40E7-49E6-9E0D-B0DB9BCF5A05}.Release|Any CPU.ActiveCfg = Release|Any CPU
		{4F9CC44E-40E7-49E6-9E0D-B0DB9BCF5A05}.Release|Any CPU.Build.0 = Release|Any CPU
		{4F9CC44E-40E7-49E6-9E0D-B0DB9BCF5A05}.Release|iPhone.ActiveCfg = Release|Any CPU
		{4F9CC44E-40E7-49E6-9E0D-B0DB9BCF5A05}.Release|iPhone.Build.0 = Release|Any CPU
		{4F9CC44E-40E7-49E6-9E0D-B0DB9BCF5A05}.Release|iPhoneSimulator.ActiveCfg = Release|Any CPU
		{4F9CC44E-40E7-49E6-9E0D-B0DB9BCF5A05}.Release|iPhoneSimulator.Build.0 = Release|Any CPU
		{888388F7-342F-4363-9113-8EF5CB17847A}.Ad-Hoc|iPhone.ActiveCfg = Ad-Hoc|iPhone
		{888388F7-342F-4363-9113-8EF5CB17847A}.Ad-Hoc|iPhone.Build.0 = Ad-Hoc|iPhone
		{888388F7-342F-4363-9113-8EF5CB17847A}.AppStore|iPhone.ActiveCfg = AppStore|iPhone
		{888388F7-342F-4363-9113-8EF5CB17847A}.AppStore|iPhone.Build.0 = AppStore|iPhone
		{888388F7-342F-4363-9113-8EF5CB17847A}.Debug|Any CPU.ActiveCfg = Debug|iPhoneSimulator
		{888388F7-342F-4363-9113-8EF5CB17847A}.Debug|Any CPU.Build.0 = Debug|iPhoneSimulator
		{888388F7-342F-4363-9113-8EF5CB17847A}.Debug|iPhone.ActiveCfg = Debug|iPhone
		{888388F7-342F-4363-9113-8EF5CB17847A}.Debug|iPhone.Build.0 = Debug|iPhone
		{888388F7-342F-4363-9113-8EF5CB17847A}.Debug|iPhoneSimulator.ActiveCfg = Debug|iPhoneSimulator
		{888388F7-342F-4363-9113-8EF5CB17847A}.Debug|iPhoneSimulator.Build.0 = Debug|iPhoneSimulator
		{888388F7-342F-4363-9113-8EF5CB17847A}.Release|Any CPU.ActiveCfg = Release|iPhoneSimulator
		{888388F7-342F-4363-9113-8EF5CB17847A}.Release|Any CPU.Build.0 = Release|iPhoneSimulator
		{888388F7-342F-4363-9113-8EF5CB17847A}.Release|iPhone.ActiveCfg = Release|iPhone
		{888388F7-342F-4363-9113-8EF5CB17847A}.Release|iPhone.Build.0 = Release|iPhone
		{888388F7-342F-4363-9113-8EF5CB17847A}.Release|iPhoneSimulator.ActiveCfg = Release|iPhoneSimulator
		{888388F7-342F-4363-9113-8EF5CB17847A}.Release|iPhoneSimulator.Build.0 = Release|iPhoneSimulator
		{AC4AC442-ED8E-4EB8-B492-02F71E13BBC6}.Ad-Hoc|iPhone.ActiveCfg = Debug|Any CPU
		{AC4AC442-ED8E-4EB8-B492-02F71E13BBC6}.Ad-Hoc|iPhone.Build.0 = Debug|Any CPU
		{AC4AC442-ED8E-4EB8-B492-02F71E13BBC6}.AppStore|iPhone.ActiveCfg = Debug|Any CPU
		{AC4AC442-ED8E-4EB8-B492-02F71E13BBC6}.AppStore|iPhone.Build.0 = Debug|Any CPU
		{AC4AC442-ED8E-4EB8-B492-02F71E13BBC6}.Debug|Any CPU.ActiveCfg = Debug|Any CPU
		{AC4AC442-ED8E-4EB8-B492-02F71E13BBC6}.Debug|Any CPU.Build.0 = Debug|Any CPU
		{AC4AC442-ED8E-4EB8-B492-02F71E13BBC6}.Debug|iPhone.ActiveCfg = Debug|Any CPU
		{AC4AC442-ED8E-4EB8-B492-02F71E13BBC6}.Debug|iPhone.Build.0 = Debug|Any CPU
		{AC4AC442-ED8E-4EB8-B492-02F71E13BBC6}.Debug|iPhoneSimulator.ActiveCfg = Debug|Any CPU
		{AC4AC442-ED8E-4EB8-B492-02F71E13BBC6}.Debug|iPhoneSimulator.Build.0 = Debug|Any CPU
		{AC4AC442-ED8E-4EB8-B492-02F71E13BBC6}.Release|Any CPU.ActiveCfg = Release|Any CPU
		{AC4AC442-ED8E-4EB8-B492-02F71E13BBC6}.Release|Any CPU.Build.0 = Release|Any CPU
		{AC4AC442-ED8E-4EB8-B492-02F71E13BBC6}.Release|iPhone.ActiveCfg = Release|Any CPU
		{AC4AC442-ED8E-4EB8-B492-02F71E13BBC6}.Release|iPhone.Build.0 = Release|Any CPU
		{AC4AC442-ED8E-4EB8-B492-02F71E13BBC6}.Release|iPhoneSimulator.ActiveCfg = Release|Any CPU
		{AC4AC442-ED8E-4EB8-B492-02F71E13BBC6}.Release|iPhoneSimulator.Build.0 = Release|Any CPU
	EndGlobalSection
	GlobalSection(NestedProjects) = preSolution
		{888388F7-342F-4363-9113-8EF5CB17847A} = {07ADE6A9-20CC-46A4-9722-6477D7FFEA53}
		{AC4AC442-ED8E-4EB8-B492-02F71E13BBC6} = {07ADE6A9-20CC-46A4-9722-6477D7FFEA53}
	EndGlobalSection
	GlobalSection(MonoDevelopProperties) = preSolution
		StartupItem = iOS\DialogPro.iOS.csproj
	EndGlobalSection
EndGlobal
