
Microsoft Visual Studio Solution File, Format Version 12.00
# Visual Studio 2012
VisualStudioVersion = 12.0.30501.0
MinimumVisualStudioVersion = 10.0.40219.1
Project("{FAE04EC0-301F-11D3-BF4B-00C04F79EFBC}") = "OxyPlotDemo", "OxyPlotDemo\OxyPlotDemo.csproj", "{9B510A00-2AC7-42CE-8C82-4D743762EC8F}"
EndProject
Project("{FAE04EC0-301F-11D3-BF4B-00C04F79EFBC}") = "OxyPlotDemo.iOS", "iOS\OxyPlotDemo.iOS.csproj", "{A8484591-6537-443D-A729-AC95E64FA9B7}"
EndProject
Project("{FAE04EC0-301F-11D3-BF4B-00C04F79EFBC}") = "OxyPlotDemo.Android", "Android\OxyPlotDemo.Android.csproj", "{C5490C09-2456-4530-A5C6-A43086056A70}"
EndProject
Project("{FAE04EC0-301F-11D3-BF4B-00C04F79EFBC}") = "OxyPlotDemo.WinPhone", "WinPhone\OxyPlotDemo.WinPhone.csproj", "{DEC8DB58-689B-4F97-8A34-70341EC6A1E9}"
EndProject
Global
	GlobalSection(SolutionConfigurationPlatforms) = preSolution
		Ad-Hoc|Any CPU = Ad-Hoc|Any CPU
		Ad-Hoc|ARM = Ad-Hoc|ARM
		Ad-Hoc|iPhone = Ad-Hoc|iPhone
		Ad-Hoc|iPhoneSimulator = Ad-Hoc|iPhoneSimulator
		Ad-Hoc|x86 = Ad-Hoc|x86
		AppStore|Any CPU = AppStore|Any CPU
		AppStore|ARM = AppStore|ARM
		AppStore|iPhone = AppStore|iPhone
		AppStore|iPhoneSimulator = AppStore|iPhoneSimulator
		AppStore|x86 = AppStore|x86
		Debug|Any CPU = Debug|Any CPU
		Debug|ARM = Debug|ARM
		Debug|iPhone = Debug|iPhone
		Debug|iPhoneSimulator = Debug|iPhoneSimulator
		Debug|x86 = Debug|x86
		Release|Any CPU = Release|Any CPU
		Release|ARM = Release|ARM
		Release|iPhone = Release|iPhone
		Release|iPhoneSimulator = Release|iPhoneSimulator
		Release|x86 = Release|x86
	EndGlobalSection
	GlobalSection(ProjectConfigurationPlatforms) = postSolution
		{9B510A00-2AC7-42CE-8C82-4D743762EC8F}.Ad-Hoc|Any CPU.ActiveCfg = Release|Any CPU
		{9B510A00-2AC7-42CE-8C82-4D743762EC8F}.Ad-Hoc|ARM.ActiveCfg = Release|Any CPU
		{9B510A00-2AC7-42CE-8C82-4D743762EC8F}.Ad-Hoc|iPhone.ActiveCfg = Debug|Any CPU
		{9B510A00-2AC7-42CE-8C82-4D743762EC8F}.Ad-Hoc|iPhone.Build.0 = Debug|Any CPU
		{9B510A00-2AC7-42CE-8C82-4D743762EC8F}.Ad-Hoc|iPhoneSimulator.ActiveCfg = Release|Any CPU
		{9B510A00-2AC7-42CE-8C82-4D743762EC8F}.Ad-Hoc|x86.ActiveCfg = Release|Any CPU
		{9B510A00-2AC7-42CE-8C82-4D743762EC8F}.AppStore|Any CPU.ActiveCfg = Release|Any CPU
		{9B510A00-2AC7-42CE-8C82-4D743762EC8F}.AppStore|ARM.ActiveCfg = Release|Any CPU
		{9B510A00-2AC7-42CE-8C82-4D743762EC8F}.AppStore|iPhone.ActiveCfg = Debug|Any CPU
		{9B510A00-2AC7-42CE-8C82-4D743762EC8F}.AppStore|iPhone.Build.0 = Debug|Any CPU
		{9B510A00-2AC7-42CE-8C82-4D743762EC8F}.AppStore|iPhoneSimulator.ActiveCfg = Release|Any CPU
		{9B510A00-2AC7-42CE-8C82-4D743762EC8F}.AppStore|x86.ActiveCfg = Release|Any CPU
		{9B510A00-2AC7-42CE-8C82-4D743762EC8F}.Debug|Any CPU.ActiveCfg = Debug|Any CPU
		{9B510A00-2AC7-42CE-8C82-4D743762EC8F}.Debug|Any CPU.Build.0 = Debug|Any CPU
		{9B510A00-2AC7-42CE-8C82-4D743762EC8F}.Debug|ARM.ActiveCfg = Debug|Any CPU
		{9B510A00-2AC7-42CE-8C82-4D743762EC8F}.Debug|iPhone.ActiveCfg = Debug|Any CPU
		{9B510A00-2AC7-42CE-8C82-4D743762EC8F}.Debug|iPhone.Build.0 = Debug|Any CPU
		{9B510A00-2AC7-42CE-8C82-4D743762EC8F}.Debug|iPhoneSimulator.ActiveCfg = Debug|Any CPU
		{9B510A00-2AC7-42CE-8C82-4D743762EC8F}.Debug|iPhoneSimulator.Build.0 = Debug|Any CPU
		{9B510A00-2AC7-42CE-8C82-4D743762EC8F}.Debug|x86.ActiveCfg = Debug|Any CPU
		{9B510A00-2AC7-42CE-8C82-4D743762EC8F}.Release|Any CPU.ActiveCfg = Release|Any CPU
		{9B510A00-2AC7-42CE-8C82-4D743762EC8F}.Release|Any CPU.Build.0 = Release|Any CPU
		{9B510A00-2AC7-42CE-8C82-4D743762EC8F}.Release|ARM.ActiveCfg = Release|Any CPU
		{9B510A00-2AC7-42CE-8C82-4D743762EC8F}.Release|iPhone.ActiveCfg = Release|Any CPU
		{9B510A00-2AC7-42CE-8C82-4D743762EC8F}.Release|iPhone.Build.0 = Release|Any CPU
		{9B510A00-2AC7-42CE-8C82-4D743762EC8F}.Release|iPhoneSimulator.ActiveCfg = Release|Any CPU
		{9B510A00-2AC7-42CE-8C82-4D743762EC8F}.Release|iPhoneSimulator.Build.0 = Release|Any CPU
		{9B510A00-2AC7-42CE-8C82-4D743762EC8F}.Release|x86.ActiveCfg = Release|Any CPU
		{A8484591-6537-443D-A729-AC95E64FA9B7}.Ad-Hoc|Any CPU.ActiveCfg = Ad-Hoc|iPhone
		{A8484591-6537-443D-A729-AC95E64FA9B7}.Ad-Hoc|ARM.ActiveCfg = Ad-Hoc|iPhone
		{A8484591-6537-443D-A729-AC95E64FA9B7}.Ad-Hoc|iPhone.ActiveCfg = Ad-Hoc|iPhone
		{A8484591-6537-443D-A729-AC95E64FA9B7}.Ad-Hoc|iPhone.Build.0 = Ad-Hoc|iPhone
		{A8484591-6537-443D-A729-AC95E64FA9B7}.Ad-Hoc|iPhoneSimulator.ActiveCfg = Ad-Hoc|iPhone
		{A8484591-6537-443D-A729-AC95E64FA9B7}.Ad-Hoc|x86.ActiveCfg = Ad-Hoc|iPhone
		{A8484591-6537-443D-A729-AC95E64FA9B7}.AppStore|Any CPU.ActiveCfg = AppStore|iPhone
		{A8484591-6537-443D-A729-AC95E64FA9B7}.AppStore|ARM.ActiveCfg = AppStore|iPhone
		{A8484591-6537-443D-A729-AC95E64FA9B7}.AppStore|iPhone.ActiveCfg = AppStore|iPhone
		{A8484591-6537-443D-A729-AC95E64FA9B7}.AppStore|iPhone.Build.0 = AppStore|iPhone
		{A8484591-6537-443D-A729-AC95E64FA9B7}.AppStore|iPhoneSimulator.ActiveCfg = AppStore|iPhone
		{A8484591-6537-443D-A729-AC95E64FA9B7}.AppStore|x86.ActiveCfg = AppStore|iPhone
		{A8484591-6537-443D-A729-AC95E64FA9B7}.Debug|Any CPU.ActiveCfg = Debug|iPhoneSimulator
		{A8484591-6537-443D-A729-AC95E64FA9B7}.Debug|Any CPU.Build.0 = Debug|iPhoneSimulator
		{A8484591-6537-443D-A729-AC95E64FA9B7}.Debug|ARM.ActiveCfg = Debug|iPhone
		{A8484591-6537-443D-A729-AC95E64FA9B7}.Debug|iPhone.ActiveCfg = Debug|iPhone
		{A8484591-6537-443D-A729-AC95E64FA9B7}.Debug|iPhone.Build.0 = Debug|iPhone
		{A8484591-6537-443D-A729-AC95E64FA9B7}.Debug|iPhoneSimulator.ActiveCfg = Debug|iPhoneSimulator
		{A8484591-6537-443D-A729-AC95E64FA9B7}.Debug|iPhoneSimulator.Build.0 = Debug|iPhoneSimulator
		{A8484591-6537-443D-A729-AC95E64FA9B7}.Debug|x86.ActiveCfg = Debug|iPhone
		{A8484591-6537-443D-A729-AC95E64FA9B7}.Release|Any CPU.ActiveCfg = Release|iPhoneSimulator
		{A8484591-6537-443D-A729-AC95E64FA9B7}.Release|Any CPU.Build.0 = Release|iPhoneSimulator
		{A8484591-6537-443D-A729-AC95E64FA9B7}.Release|ARM.ActiveCfg = Release|iPhone
		{A8484591-6537-443D-A729-AC95E64FA9B7}.Release|iPhone.ActiveCfg = Release|iPhone
		{A8484591-6537-443D-A729-AC95E64FA9B7}.Release|iPhone.Build.0 = Release|iPhone
		{A8484591-6537-443D-A729-AC95E64FA9B7}.Release|iPhoneSimulator.ActiveCfg = Release|iPhoneSimulator
		{A8484591-6537-443D-A729-AC95E64FA9B7}.Release|iPhoneSimulator.Build.0 = Release|iPhoneSimulator
		{A8484591-6537-443D-A729-AC95E64FA9B7}.Release|x86.ActiveCfg = Release|iPhone
		{C5490C09-2456-4530-A5C6-A43086056A70}.Ad-Hoc|Any CPU.ActiveCfg = Release|Any CPU
		{C5490C09-2456-4530-A5C6-A43086056A70}.Ad-Hoc|ARM.ActiveCfg = Release|Any CPU
		{C5490C09-2456-4530-A5C6-A43086056A70}.Ad-Hoc|iPhone.ActiveCfg = Debug|Any CPU
		{C5490C09-2456-4530-A5C6-A43086056A70}.Ad-Hoc|iPhone.Build.0 = Debug|Any CPU
		{C5490C09-2456-4530-A5C6-A43086056A70}.Ad-Hoc|iPhoneSimulator.ActiveCfg = Release|Any CPU
		{C5490C09-2456-4530-A5C6-A43086056A70}.Ad-Hoc|x86.ActiveCfg = Release|Any CPU
		{C5490C09-2456-4530-A5C6-A43086056A70}.AppStore|Any CPU.ActiveCfg = Release|Any CPU
		{C5490C09-2456-4530-A5C6-A43086056A70}.AppStore|ARM.ActiveCfg = Release|Any CPU
		{C5490C09-2456-4530-A5C6-A43086056A70}.AppStore|iPhone.ActiveCfg = Debug|Any CPU
		{C5490C09-2456-4530-A5C6-A43086056A70}.AppStore|iPhone.Build.0 = Debug|Any CPU
		{C5490C09-2456-4530-A5C6-A43086056A70}.AppStore|iPhoneSimulator.ActiveCfg = Release|Any CPU
		{C5490C09-2456-4530-A5C6-A43086056A70}.AppStore|x86.ActiveCfg = Release|Any CPU
		{C5490C09-2456-4530-A5C6-A43086056A70}.Debug|Any CPU.ActiveCfg = Debug|Any CPU
		{C5490C09-2456-4530-A5C6-A43086056A70}.Debug|Any CPU.Build.0 = Debug|Any CPU
		{C5490C09-2456-4530-A5C6-A43086056A70}.Debug|ARM.ActiveCfg = Debug|Any CPU
		{C5490C09-2456-4530-A5C6-A43086056A70}.Debug|iPhone.ActiveCfg = Debug|Any CPU
		{C5490C09-2456-4530-A5C6-A43086056A70}.Debug|iPhone.Build.0 = Debug|Any CPU
		{C5490C09-2456-4530-A5C6-A43086056A70}.Debug|iPhoneSimulator.ActiveCfg = Debug|Any CPU
		{C5490C09-2456-4530-A5C6-A43086056A70}.Debug|iPhoneSimulator.Build.0 = Debug|Any CPU
		{C5490C09-2456-4530-A5C6-A43086056A70}.Debug|x86.ActiveCfg = Debug|Any CPU
		{C5490C09-2456-4530-A5C6-A43086056A70}.Release|Any CPU.ActiveCfg = Release|Any CPU
		{C5490C09-2456-4530-A5C6-A43086056A70}.Release|Any CPU.Build.0 = Release|Any CPU
		{C5490C09-2456-4530-A5C6-A43086056A70}.Release|ARM.ActiveCfg = Release|Any CPU
		{C5490C09-2456-4530-A5C6-A43086056A70}.Release|iPhone.ActiveCfg = Release|Any CPU
		{C5490C09-2456-4530-A5C6-A43086056A70}.Release|iPhone.Build.0 = Release|Any CPU
		{C5490C09-2456-4530-A5C6-A43086056A70}.Release|iPhoneSimulator.ActiveCfg = Release|Any CPU
		{C5490C09-2456-4530-A5C6-A43086056A70}.Release|iPhoneSimulator.Build.0 = Release|Any CPU
		{C5490C09-2456-4530-A5C6-A43086056A70}.Release|x86.ActiveCfg = Release|Any CPU
	EndGlobalSection
	GlobalSection(MonoDevelopProperties) = preSolution
		StartupItem = iOS\OxyPlotDemo.iOS.csproj
	EndGlobalSection
	GlobalSection(SolutionProperties) = preSolution
		HideSolutionNode = FALSE
	EndGlobalSection
EndGlobal
