
Microsoft Visual Studio Solution File, Format Version 12.00
# Visual Studio 2013
VisualStudioVersion = 12.0.30501.0
MinimumVisualStudioVersion = 10.0.40219.1
Project("{FAE04EC0-301F-11D3-BF4B-00C04F79EFBC}") = "LoginPattern", "LoginPattern\LoginPattern.csproj", "{C714020C-A095-4045-8355-EBFCD0FFB7C7}"
EndProject
Project("{FAE04EC0-301F-11D3-BF4B-00C04F79EFBC}") = "LoginPattern.iOS", "iOS\LoginPattern.iOS.csproj", "{1F047168-4A71-4DCE-84EA-B95F21BC6CE1}"
EndProject
Project("{FAE04EC0-301F-11D3-BF4B-00C04F79EFBC}") = "LoginPattern.Android", "Android\LoginPattern.Android.csproj", "{0E17AE7B-E582-45E1-BA5B-26A3DA6BF641}"
EndProject
Project("{FAE04EC0-301F-11D3-BF4B-00C04F79EFBC}") = "LoginPattern.WinPhone", "WinPhone\LoginPattern.WinPhone.csproj", "{BFC542FC-3486-4335-AD66-60060796591C}"
EndProject
Global
	GlobalSection(SolutionConfigurationPlatforms) = preSolution
		Ad-Hoc|Any CPU = Ad-Hoc|Any CPU
		Ad-Hoc|ARM = Ad-Hoc|ARM
		Ad-Hoc|iPhone = Ad-Hoc|iPhone
		Ad-Hoc|iPhoneSimulator = Ad-Hoc|iPhoneSimulator
		Ad-Hoc|Mixed Platforms = Ad-Hoc|Mixed Platforms
		Ad-Hoc|x86 = Ad-Hoc|x86
		AppStore|Any CPU = AppStore|Any CPU
		AppStore|ARM = AppStore|ARM
		AppStore|iPhone = AppStore|iPhone
		AppStore|iPhoneSimulator = AppStore|iPhoneSimulator
		AppStore|Mixed Platforms = AppStore|Mixed Platforms
		AppStore|x86 = AppStore|x86
		Debug|Any CPU = Debug|Any CPU
		Debug|ARM = Debug|ARM
		Debug|iPhone = Debug|iPhone
		Debug|iPhoneSimulator = Debug|iPhoneSimulator
		Debug|Mixed Platforms = Debug|Mixed Platforms
		Debug|x86 = Debug|x86
		Release|Any CPU = Release|Any CPU
		Release|ARM = Release|ARM
		Release|iPhone = Release|iPhone
		Release|iPhoneSimulator = Release|iPhoneSimulator
		Release|Mixed Platforms = Release|Mixed Platforms
		Release|x86 = Release|x86
	EndGlobalSection
	GlobalSection(ProjectConfigurationPlatforms) = postSolution
		{C714020C-A095-4045-8355-EBFCD0FFB7C7}.Ad-Hoc|Any CPU.ActiveCfg = Release|Any CPU
		{C714020C-A095-4045-8355-EBFCD0FFB7C7}.Ad-Hoc|Any CPU.Build.0 = Release|Any CPU
		{C714020C-A095-4045-8355-EBFCD0FFB7C7}.Ad-Hoc|ARM.ActiveCfg = Release|Any CPU
		{C714020C-A095-4045-8355-EBFCD0FFB7C7}.Ad-Hoc|iPhone.ActiveCfg = Debug|Any CPU
		{C714020C-A095-4045-8355-EBFCD0FFB7C7}.Ad-Hoc|iPhone.Build.0 = Debug|Any CPU
		{C714020C-A095-4045-8355-EBFCD0FFB7C7}.Ad-Hoc|iPhoneSimulator.ActiveCfg = Release|Any CPU
		{C714020C-A095-4045-8355-EBFCD0FFB7C7}.Ad-Hoc|Mixed Platforms.ActiveCfg = Release|Any CPU
		{C714020C-A095-4045-8355-EBFCD0FFB7C7}.Ad-Hoc|Mixed Platforms.Build.0 = Release|Any CPU
		{C714020C-A095-4045-8355-EBFCD0FFB7C7}.Ad-Hoc|x86.ActiveCfg = Release|Any CPU
		{C714020C-A095-4045-8355-EBFCD0FFB7C7}.AppStore|Any CPU.ActiveCfg = Release|Any CPU
		{C714020C-A095-4045-8355-EBFCD0FFB7C7}.AppStore|Any CPU.Build.0 = Release|Any CPU
		{C714020C-A095-4045-8355-EBFCD0FFB7C7}.AppStore|ARM.ActiveCfg = Release|Any CPU
		{C714020C-A095-4045-8355-EBFCD0FFB7C7}.AppStore|iPhone.ActiveCfg = Debug|Any CPU
		{C714020C-A095-4045-8355-EBFCD0FFB7C7}.AppStore|iPhone.Build.0 = Debug|Any CPU
		{C714020C-A095-4045-8355-EBFCD0FFB7C7}.AppStore|iPhoneSimulator.ActiveCfg = Release|Any CPU
		{C714020C-A095-4045-8355-EBFCD0FFB7C7}.AppStore|Mixed Platforms.ActiveCfg = Release|Any CPU
		{C714020C-A095-4045-8355-EBFCD0FFB7C7}.AppStore|Mixed Platforms.Build.0 = Release|Any CPU
		{C714020C-A095-4045-8355-EBFCD0FFB7C7}.AppStore|x86.ActiveCfg = Release|Any CPU
		{C714020C-A095-4045-8355-EBFCD0FFB7C7}.Debug|Any CPU.ActiveCfg = Debug|Any CPU
		{C714020C-A095-4045-8355-EBFCD0FFB7C7}.Debug|Any CPU.Build.0 = Debug|Any CPU
		{C714020C-A095-4045-8355-EBFCD0FFB7C7}.Debug|ARM.ActiveCfg = Debug|Any CPU
		{C714020C-A095-4045-8355-EBFCD0FFB7C7}.Debug|iPhone.ActiveCfg = Debug|Any CPU
		{C714020C-A095-4045-8355-EBFCD0FFB7C7}.Debug|iPhone.Build.0 = Debug|Any CPU
		{C714020C-A095-4045-8355-EBFCD0FFB7C7}.Debug|iPhoneSimulator.ActiveCfg = Debug|Any CPU
		{C714020C-A095-4045-8355-EBFCD0FFB7C7}.Debug|iPhoneSimulator.Build.0 = Debug|Any CPU
		{C714020C-A095-4045-8355-EBFCD0FFB7C7}.Debug|Mixed Platforms.ActiveCfg = Debug|Any CPU
		{C714020C-A095-4045-8355-EBFCD0FFB7C7}.Debug|Mixed Platforms.Build.0 = Debug|Any CPU
		{C714020C-A095-4045-8355-EBFCD0FFB7C7}.Debug|x86.ActiveCfg = Debug|Any CPU
		{C714020C-A095-4045-8355-EBFCD0FFB7C7}.Release|Any CPU.ActiveCfg = Release|Any CPU
		{C714020C-A095-4045-8355-EBFCD0FFB7C7}.Release|Any CPU.Build.0 = Release|Any CPU
		{C714020C-A095-4045-8355-EBFCD0FFB7C7}.Release|ARM.ActiveCfg = Release|Any CPU
		{C714020C-A095-4045-8355-EBFCD0FFB7C7}.Release|iPhone.ActiveCfg = Release|Any CPU
		{C714020C-A095-4045-8355-EBFCD0FFB7C7}.Release|iPhone.Build.0 = Release|Any CPU
		{C714020C-A095-4045-8355-EBFCD0FFB7C7}.Release|iPhoneSimulator.ActiveCfg = Release|Any CPU
		{C714020C-A095-4045-8355-EBFCD0FFB7C7}.Release|iPhoneSimulator.Build.0 = Release|Any CPU
		{C714020C-A095-4045-8355-EBFCD0FFB7C7}.Release|Mixed Platforms.ActiveCfg = Release|Any CPU
		{C714020C-A095-4045-8355-EBFCD0FFB7C7}.Release|Mixed Platforms.Build.0 = Release|Any CPU
		{C714020C-A095-4045-8355-EBFCD0FFB7C7}.Release|x86.ActiveCfg = Release|Any CPU
		{1F047168-4A71-4DCE-84EA-B95F21BC6CE1}.Ad-Hoc|Any CPU.ActiveCfg = Ad-Hoc|iPhoneSimulator
		{1F047168-4A71-4DCE-84EA-B95F21BC6CE1}.Ad-Hoc|ARM.ActiveCfg = Ad-Hoc|iPhoneSimulator
		{1F047168-4A71-4DCE-84EA-B95F21BC6CE1}.Ad-Hoc|iPhone.ActiveCfg = Ad-Hoc|iPhone
		{1F047168-4A71-4DCE-84EA-B95F21BC6CE1}.Ad-Hoc|iPhone.Build.0 = Ad-Hoc|iPhone
		{1F047168-4A71-4DCE-84EA-B95F21BC6CE1}.Ad-Hoc|iPhoneSimulator.ActiveCfg = Ad-Hoc|iPhoneSimulator
		{1F047168-4A71-4DCE-84EA-B95F21BC6CE1}.Ad-Hoc|iPhoneSimulator.Build.0 = Ad-Hoc|iPhoneSimulator
		{1F047168-4A71-4DCE-84EA-B95F21BC6CE1}.Ad-Hoc|iPhoneSimulator.Deploy.0 = Ad-Hoc|iPhoneSimulator
		{1F047168-4A71-4DCE-84EA-B95F21BC6CE1}.Ad-Hoc|Mixed Platforms.ActiveCfg = Ad-Hoc|iPhoneSimulator
		{1F047168-4A71-4DCE-84EA-B95F21BC6CE1}.Ad-Hoc|Mixed Platforms.Build.0 = Ad-Hoc|iPhoneSimulator
		{1F047168-4A71-4DCE-84EA-B95F21BC6CE1}.Ad-Hoc|Mixed Platforms.Deploy.0 = Ad-Hoc|iPhoneSimulator
		{1F047168-4A71-4DCE-84EA-B95F21BC6CE1}.Ad-Hoc|x86.ActiveCfg = Ad-Hoc|iPhoneSimulator
		{1F047168-4A71-4DCE-84EA-B95F21BC6CE1}.AppStore|Any CPU.ActiveCfg = AppStore|iPhoneSimulator
		{1F047168-4A71-4DCE-84EA-B95F21BC6CE1}.AppStore|ARM.ActiveCfg = AppStore|iPhoneSimulator
		{1F047168-4A71-4DCE-84EA-B95F21BC6CE1}.AppStore|iPhone.ActiveCfg = AppStore|iPhone
		{1F047168-4A71-4DCE-84EA-B95F21BC6CE1}.AppStore|iPhone.Build.0 = AppStore|iPhone
		{1F047168-4A71-4DCE-84EA-B95F21BC6CE1}.AppStore|iPhoneSimulator.ActiveCfg = AppStore|iPhoneSimulator
		{1F047168-4A71-4DCE-84EA-B95F21BC6CE1}.AppStore|iPhoneSimulator.Build.0 = AppStore|iPhoneSimulator
		{1F047168-4A71-4DCE-84EA-B95F21BC6CE1}.AppStore|iPhoneSimulator.Deploy.0 = AppStore|iPhoneSimulator
		{1F047168-4A71-4DCE-84EA-B95F21BC6CE1}.AppStore|Mixed Platforms.ActiveCfg = AppStore|iPhoneSimulator
		{1F047168-4A71-4DCE-84EA-B95F21BC6CE1}.AppStore|Mixed Platforms.Build.0 = AppStore|iPhoneSimulator
		{1F047168-4A71-4DCE-84EA-B95F21BC6CE1}.AppStore|Mixed Platforms.Deploy.0 = AppStore|iPhoneSimulator
		{1F047168-4A71-4DCE-84EA-B95F21BC6CE1}.AppStore|x86.ActiveCfg = AppStore|iPhoneSimulator
		{1F047168-4A71-4DCE-84EA-B95F21BC6CE1}.Debug|Any CPU.ActiveCfg = Debug|iPhoneSimulator
		{1F047168-4A71-4DCE-84EA-B95F21BC6CE1}.Debug|Any CPU.Build.0 = Debug|iPhoneSimulator
		{1F047168-4A71-4DCE-84EA-B95F21BC6CE1}.Debug|ARM.ActiveCfg = Debug|iPhone
		{1F047168-4A71-4DCE-84EA-B95F21BC6CE1}.Debug|iPhone.ActiveCfg = Debug|iPhone
		{1F047168-4A71-4DCE-84EA-B95F21BC6CE1}.Debug|iPhone.Build.0 = Debug|iPhone
		{1F047168-4A71-4DCE-84EA-B95F21BC6CE1}.Debug|iPhoneSimulator.ActiveCfg = Debug|iPhoneSimulator
		{1F047168-4A71-4DCE-84EA-B95F21BC6CE1}.Debug|iPhoneSimulator.Build.0 = Debug|iPhoneSimulator
		{1F047168-4A71-4DCE-84EA-B95F21BC6CE1}.Debug|Mixed Platforms.ActiveCfg = Debug|iPhone
		{1F047168-4A71-4DCE-84EA-B95F21BC6CE1}.Debug|Mixed Platforms.Build.0 = Debug|iPhone
		{1F047168-4A71-4DCE-84EA-B95F21BC6CE1}.Debug|Mixed Platforms.Deploy.0 = Debug|iPhone
		{1F047168-4A71-4DCE-84EA-B95F21BC6CE1}.Debug|x86.ActiveCfg = Debug|iPhone
		{1F047168-4A71-4DCE-84EA-B95F21BC6CE1}.Release|Any CPU.ActiveCfg = Release|iPhoneSimulator
		{1F047168-4A71-4DCE-84EA-B95F21BC6CE1}.Release|Any CPU.Build.0 = Release|iPhoneSimulator
		{1F047168-4A71-4DCE-84EA-B95F21BC6CE1}.Release|ARM.ActiveCfg = Release|iPhone
		{1F047168-4A71-4DCE-84EA-B95F21BC6CE1}.Release|iPhone.ActiveCfg = Release|iPhone
		{1F047168-4A71-4DCE-84EA-B95F21BC6CE1}.Release|iPhone.Build.0 = Release|iPhone
		{1F047168-4A71-4DCE-84EA-B95F21BC6CE1}.Release|iPhoneSimulator.ActiveCfg = Release|iPhoneSimulator
		{1F047168-4A71-4DCE-84EA-B95F21BC6CE1}.Release|iPhoneSimulator.Build.0 = Release|iPhoneSimulator
		{1F047168-4A71-4DCE-84EA-B95F21BC6CE1}.Release|Mixed Platforms.ActiveCfg = Release|iPhone
		{1F047168-4A71-4DCE-84EA-B95F21BC6CE1}.Release|Mixed Platforms.Build.0 = Release|iPhone
		{1F047168-4A71-4DCE-84EA-B95F21BC6CE1}.Release|Mixed Platforms.Deploy.0 = Release|iPhone
		{1F047168-4A71-4DCE-84EA-B95F21BC6CE1}.Release|x86.ActiveCfg = Release|iPhone
		{0E17AE7B-E582-45E1-BA5B-26A3DA6BF641}.Ad-Hoc|Any CPU.ActiveCfg = Release|Any CPU
		{0E17AE7B-E582-45E1-BA5B-26A3DA6BF641}.Ad-Hoc|Any CPU.Build.0 = Release|Any CPU
		{0E17AE7B-E582-45E1-BA5B-26A3DA6BF641}.Ad-Hoc|Any CPU.Deploy.0 = Release|Any CPU
		{0E17AE7B-E582-45E1-BA5B-26A3DA6BF641}.Ad-Hoc|ARM.ActiveCfg = Release|Any CPU
		{0E17AE7B-E582-45E1-BA5B-26A3DA6BF641}.Ad-Hoc|iPhone.ActiveCfg = Debug|Any CPU
		{0E17AE7B-E582-45E1-BA5B-26A3DA6BF641}.Ad-Hoc|iPhone.Build.0 = Debug|Any CPU
		{0E17AE7B-E582-45E1-BA5B-26A3DA6BF641}.Ad-Hoc|iPhoneSimulator.ActiveCfg = Release|Any CPU
		{0E17AE7B-E582-45E1-BA5B-26A3DA6BF641}.Ad-Hoc|Mixed Platforms.ActiveCfg = Release|Any CPU
		{0E17AE7B-E582-45E1-BA5B-26A3DA6BF641}.Ad-Hoc|Mixed Platforms.Build.0 = Release|Any CPU
		{0E17AE7B-E582-45E1-BA5B-26A3DA6BF641}.Ad-Hoc|Mixed Platforms.Deploy.0 = Release|Any CPU
		{0E17AE7B-E582-45E1-BA5B-26A3DA6BF641}.Ad-Hoc|x86.ActiveCfg = Release|Any CPU
		{0E17AE7B-E582-45E1-BA5B-26A3DA6BF641}.AppStore|Any CPU.ActiveCfg = Release|Any CPU
		{0E17AE7B-E582-45E1-BA5B-26A3DA6BF641}.AppStore|Any CPU.Build.0 = Release|Any CPU
		{0E17AE7B-E582-45E1-BA5B-26A3DA6BF641}.AppStore|Any CPU.Deploy.0 = Release|Any CPU
		{0E17AE7B-E582-45E1-BA5B-26A3DA6BF641}.AppStore|ARM.ActiveCfg = Release|Any CPU
		{0E17AE7B-E582-45E1-BA5B-26A3DA6BF641}.AppStore|iPhone.ActiveCfg = Debug|Any CPU
		{0E17AE7B-E582-45E1-BA5B-26A3DA6BF641}.AppStore|iPhone.Build.0 = Debug|Any CPU
		{0E17AE7B-E582-45E1-BA5B-26A3DA6BF641}.AppStore|iPhoneSimulator.ActiveCfg = Release|Any CPU
		{0E17AE7B-E582-45E1-BA5B-26A3DA6BF641}.AppStore|Mixed Platforms.ActiveCfg = Release|Any CPU
		{0E17AE7B-E582-45E1-BA5B-26A3DA6BF641}.AppStore|Mixed Platforms.Build.0 = Release|Any CPU
		{0E17AE7B-E582-45E1-BA5B-26A3DA6BF641}.AppStore|Mixed Platforms.Deploy.0 = Release|Any CPU
		{0E17AE7B-E582-45E1-BA5B-26A3DA6BF641}.AppStore|x86.ActiveCfg = Release|Any CPU
		{0E17AE7B-E582-45E1-BA5B-26A3DA6BF641}.Debug|Any CPU.ActiveCfg = Debug|Any CPU
		{0E17AE7B-E582-45E1-BA5B-26A3DA6BF641}.Debug|Any CPU.Build.0 = Debug|Any CPU
		{0E17AE7B-E582-45E1-BA5B-26A3DA6BF641}.Debug|ARM.ActiveCfg = Debug|Any CPU
		{0E17AE7B-E582-45E1-BA5B-26A3DA6BF641}.Debug|iPhone.ActiveCfg = Debug|Any CPU
		{0E17AE7B-E582-45E1-BA5B-26A3DA6BF641}.Debug|iPhone.Build.0 = Debug|Any CPU
		{0E17AE7B-E582-45E1-BA5B-26A3DA6BF641}.Debug|iPhoneSimulator.ActiveCfg = Debug|Any CPU
		{0E17AE7B-E582-45E1-BA5B-26A3DA6BF641}.Debug|iPhoneSimulator.Build.0 = Debug|Any CPU
		{0E17AE7B-E582-45E1-BA5B-26A3DA6BF641}.Debug|Mixed Platforms.ActiveCfg = Debug|Any CPU
		{0E17AE7B-E582-45E1-BA5B-26A3DA6BF641}.Debug|Mixed Platforms.Build.0 = Debug|Any CPU
		{0E17AE7B-E582-45E1-BA5B-26A3DA6BF641}.Debug|Mixed Platforms.Deploy.0 = Debug|Any CPU
		{0E17AE7B-E582-45E1-BA5B-26A3DA6BF641}.Debug|x86.ActiveCfg = Debug|Any CPU
		{0E17AE7B-E582-45E1-BA5B-26A3DA6BF641}.Release|Any CPU.ActiveCfg = Release|Any CPU
		{0E17AE7B-E582-45E1-BA5B-26A3DA6BF641}.Release|Any CPU.Build.0 = Release|Any CPU
		{0E17AE7B-E582-45E1-BA5B-26A3DA6BF641}.Release|ARM.ActiveCfg = Release|Any CPU
		{0E17AE7B-E582-45E1-BA5B-26A3DA6BF641}.Release|iPhone.ActiveCfg = Release|Any CPU
		{0E17AE7B-E582-45E1-BA5B-26A3DA6BF641}.Release|iPhone.Build.0 = Release|Any CPU
		{0E17AE7B-E582-45E1-BA5B-26A3DA6BF641}.Release|iPhoneSimulator.ActiveCfg = Release|Any CPU
		{0E17AE7B-E582-45E1-BA5B-26A3DA6BF641}.Release|iPhoneSimulator.Build.0 = Release|Any CPU
		{0E17AE7B-E582-45E1-BA5B-26A3DA6BF641}.Release|Mixed Platforms.ActiveCfg = Release|Any CPU
		{0E17AE7B-E582-45E1-BA5B-26A3DA6BF641}.Release|Mixed Platforms.Build.0 = Release|Any CPU
		{0E17AE7B-E582-45E1-BA5B-26A3DA6BF641}.Release|Mixed Platforms.Deploy.0 = Release|Any CPU
		{0E17AE7B-E582-45E1-BA5B-26A3DA6BF641}.Release|x86.ActiveCfg = Release|Any CPU
		{BFC542FC-3486-4335-AD66-60060796591C}.Ad-Hoc|Any CPU.ActiveCfg = Release|Any CPU
		{BFC542FC-3486-4335-AD66-60060796591C}.Ad-Hoc|Any CPU.Build.0 = Release|Any CPU
		{BFC542FC-3486-4335-AD66-60060796591C}.Ad-Hoc|Any CPU.Deploy.0 = Release|Any CPU
		{BFC542FC-3486-4335-AD66-60060796591C}.Ad-Hoc|ARM.ActiveCfg = Release|ARM
		{BFC542FC-3486-4335-AD66-60060796591C}.Ad-Hoc|ARM.Build.0 = Release|ARM
		{BFC542FC-3486-4335-AD66-60060796591C}.Ad-Hoc|ARM.Deploy.0 = Release|ARM
		{BFC542FC-3486-4335-AD66-60060796591C}.Ad-Hoc|iPhone.ActiveCfg = Release|Any CPU
		{BFC542FC-3486-4335-AD66-60060796591C}.Ad-Hoc|iPhoneSimulator.ActiveCfg = Release|Any CPU
		{BFC542FC-3486-4335-AD66-60060796591C}.Ad-Hoc|Mixed Platforms.ActiveCfg = Release|x86
		{BFC542FC-3486-4335-AD66-60060796591C}.Ad-Hoc|Mixed Platforms.Build.0 = Release|x86
		{BFC542FC-3486-4335-AD66-60060796591C}.Ad-Hoc|Mixed Platforms.Deploy.0 = Release|x86
		{BFC542FC-3486-4335-AD66-60060796591C}.Ad-Hoc|x86.ActiveCfg = Release|x86
		{BFC542FC-3486-4335-AD66-60060796591C}.Ad-Hoc|x86.Build.0 = Release|x86
		{BFC542FC-3486-4335-AD66-60060796591C}.Ad-Hoc|x86.Deploy.0 = Release|x86
		{BFC542FC-3486-4335-AD66-60060796591C}.AppStore|Any CPU.ActiveCfg = Release|Any CPU
		{BFC542FC-3486-4335-AD66-60060796591C}.AppStore|Any CPU.Build.0 = Release|Any CPU
		{BFC542FC-3486-4335-AD66-60060796591C}.AppStore|Any CPU.Deploy.0 = Release|Any CPU
		{BFC542FC-3486-4335-AD66-60060796591C}.AppStore|ARM.ActiveCfg = Release|ARM
		{BFC542FC-3486-4335-AD66-60060796591C}.AppStore|ARM.Build.0 = Release|ARM
		{BFC542FC-3486-4335-AD66-60060796591C}.AppStore|ARM.Deploy.0 = Release|ARM
		{BFC542FC-3486-4335-AD66-60060796591C}.AppStore|iPhone.ActiveCfg = Release|Any CPU
		{BFC542FC-3486-4335-AD66-60060796591C}.AppStore|iPhoneSimulator.ActiveCfg = Release|Any CPU
		{BFC542FC-3486-4335-AD66-60060796591C}.AppStore|Mixed Platforms.ActiveCfg = Release|x86
		{BFC542FC-3486-4335-AD66-60060796591C}.AppStore|Mixed Platforms.Build.0 = Release|x86
		{BFC542FC-3486-4335-AD66-60060796591C}.AppStore|Mixed Platforms.Deploy.0 = Release|x86
		{BFC542FC-3486-4335-AD66-60060796591C}.AppStore|x86.ActiveCfg = Release|x86
		{BFC542FC-3486-4335-AD66-60060796591C}.AppStore|x86.Build.0 = Release|x86
		{BFC542FC-3486-4335-AD66-60060796591C}.AppStore|x86.Deploy.0 = Release|x86
		{BFC542FC-3486-4335-AD66-60060796591C}.Debug|Any CPU.ActiveCfg = Debug|Any CPU
		{BFC542FC-3486-4335-AD66-60060796591C}.Debug|Any CPU.Build.0 = Debug|Any CPU
		{BFC542FC-3486-4335-AD66-60060796591C}.Debug|Any CPU.Deploy.0 = Debug|Any CPU
		{BFC542FC-3486-4335-AD66-60060796591C}.Debug|ARM.ActiveCfg = Debug|ARM
		{BFC542FC-3486-4335-AD66-60060796591C}.Debug|ARM.Build.0 = Debug|ARM
		{BFC542FC-3486-4335-AD66-60060796591C}.Debug|ARM.Deploy.0 = Debug|ARM
		{BFC542FC-3486-4335-AD66-60060796591C}.Debug|iPhone.ActiveCfg = Debug|Any CPU
		{BFC542FC-3486-4335-AD66-60060796591C}.Debug|iPhoneSimulator.ActiveCfg = Debug|Any CPU
		{BFC542FC-3486-4335-AD66-60060796591C}.Debug|Mixed Platforms.ActiveCfg = Debug|x86
		{BFC542FC-3486-4335-AD66-60060796591C}.Debug|Mixed Platforms.Build.0 = Debug|x86
		{BFC542FC-3486-4335-AD66-60060796591C}.Debug|Mixed Platforms.Deploy.0 = Debug|x86
		{BFC542FC-3486-4335-AD66-60060796591C}.Debug|x86.ActiveCfg = Debug|x86
		{BFC542FC-3486-4335-AD66-60060796591C}.Debug|x86.Build.0 = Debug|x86
		{BFC542FC-3486-4335-AD66-60060796591C}.Debug|x86.Deploy.0 = Debug|x86
		{BFC542FC-3486-4335-AD66-60060796591C}.Release|Any CPU.ActiveCfg = Release|Any CPU
		{BFC542FC-3486-4335-AD66-60060796591C}.Release|Any CPU.Build.0 = Release|Any CPU
		{BFC542FC-3486-4335-AD66-60060796591C}.Release|Any CPU.Deploy.0 = Release|Any CPU
		{BFC542FC-3486-4335-AD66-60060796591C}.Release|ARM.ActiveCfg = Release|ARM
		{BFC542FC-3486-4335-AD66-60060796591C}.Release|ARM.Build.0 = Release|ARM
		{BFC542FC-3486-4335-AD66-60060796591C}.Release|ARM.Deploy.0 = Release|ARM
		{BFC542FC-3486-4335-AD66-60060796591C}.Release|iPhone.ActiveCfg = Release|Any CPU
		{BFC542FC-3486-4335-AD66-60060796591C}.Release|iPhoneSimulator.ActiveCfg = Release|Any CPU
		{BFC542FC-3486-4335-AD66-60060796591C}.Release|Mixed Platforms.ActiveCfg = Release|x86
		{BFC542FC-3486-4335-AD66-60060796591C}.Release|Mixed Platforms.Build.0 = Release|x86
		{BFC542FC-3486-4335-AD66-60060796591C}.Release|Mixed Platforms.Deploy.0 = Release|x86
		{BFC542FC-3486-4335-AD66-60060796591C}.Release|x86.ActiveCfg = Release|x86
		{BFC542FC-3486-4335-AD66-60060796591C}.Release|x86.Build.0 = Release|x86
		{BFC542FC-3486-4335-AD66-60060796591C}.Release|x86.Deploy.0 = Release|x86
	EndGlobalSection
	GlobalSection(SolutionProperties) = preSolution
		HideSolutionNode = FALSE
	EndGlobalSection
	GlobalSection(MonoDevelopProperties) = preSolution
		StartupItem = iOS\LoginPattern.iOS.csproj
	EndGlobalSection
EndGlobal
