
Microsoft Visual Studio Solution File, Format Version 12.00
# Visual Studio 2012
VisualStudioVersion = 12.0.30501.0
MinimumVisualStudioVersion = 10.0.40219.1
Project("{FAE04EC0-301F-11D3-BF4B-00C04F79EFBC}") = "Magic8Ball", "Magic8Ball\Magic8Ball.csproj", "{B911FFDD-91D1-4E5D-94ED-52457D4B34D9}"
EndProject
Project("{FAE04EC0-301F-11D3-BF4B-00C04F79EFBC}") = "Magic8Ball.iOS", "Magic8Ball.iOS\Magic8Ball.iOS.csproj", "{ABE6C2F4-5508-4637-9825-F99700332BCE}"
EndProject
Project("{FAE04EC0-301F-11D3-BF4B-00C04F79EFBC}") = "Magic8Ball.Android", "Magic8Ball.Android\Magic8Ball.Android.csproj", "{AD952538-C016-478A-AA74-712699AEADC6}"
EndProject
Project("{FAE04EC0-301F-11D3-BF4B-00C04F79EFBC}") = "Magic8Ball.WinPhone", "Magic8Ball.WinPhone\Magic8Ball.WinPhone.csproj", "{290CF904-3239-43D7-933B-6CD4FFF59D80}"
EndProject
Global
	GlobalSection(SolutionConfigurationPlatforms) = preSolution
		Ad-Hoc|Any CPU = Ad-Hoc|Any CPU
		Ad-Hoc|ARM = Ad-Hoc|ARM
		Ad-Hoc|iPhone = Ad-Hoc|iPhone
		Ad-Hoc|iPhoneSimulator = Ad-Hoc|iPhoneSimulator
		Ad-Hoc|Mixed Platforms = Ad-Hoc|Mixed Platforms
		Ad-Hoc|x86 = Ad-Hoc|x86
		AppStore|Any CPU = AppStore|Any CPU
		AppStore|ARM = AppStore|ARM
		AppStore|iPhone = AppStore|iPhone
		AppStore|iPhoneSimulator = AppStore|iPhoneSimulator
		AppStore|Mixed Platforms = AppStore|Mixed Platforms
		AppStore|x86 = AppStore|x86
		Debug|Any CPU = Debug|Any CPU
		Debug|ARM = Debug|ARM
		Debug|iPhone = Debug|iPhone
		Debug|iPhoneSimulator = Debug|iPhoneSimulator
		Debug|Mixed Platforms = Debug|Mixed Platforms
		Debug|x86 = Debug|x86
		Release|Any CPU = Release|Any CPU
		Release|ARM = Release|ARM
		Release|iPhone = Release|iPhone
		Release|iPhoneSimulator = Release|iPhoneSimulator
		Release|Mixed Platforms = Release|Mixed Platforms
		Release|x86 = Release|x86
	EndGlobalSection
	GlobalSection(ProjectConfigurationPlatforms) = postSolution
		{290CF904-3239-43D7-933B-6CD4FFF59D80}.Ad-Hoc|Any CPU.ActiveCfg = Release|Any CPU
		{290CF904-3239-43D7-933B-6CD4FFF59D80}.Ad-Hoc|Any CPU.Build.0 = Release|Any CPU
		{290CF904-3239-43D7-933B-6CD4FFF59D80}.Ad-Hoc|Any CPU.Deploy.0 = Release|Any CPU
		{290CF904-3239-43D7-933B-6CD4FFF59D80}.Ad-Hoc|ARM.ActiveCfg = Release|ARM
		{290CF904-3239-43D7-933B-6CD4FFF59D80}.Ad-Hoc|ARM.Build.0 = Release|ARM
		{290CF904-3239-43D7-933B-6CD4FFF59D80}.Ad-Hoc|ARM.Deploy.0 = Release|ARM
		{290CF904-3239-43D7-933B-6CD4FFF59D80}.Ad-Hoc|iPhone.ActiveCfg = Release|Any CPU
		{290CF904-3239-43D7-933B-6CD4FFF59D80}.Ad-Hoc|iPhoneSimulator.ActiveCfg = Release|Any CPU
		{290CF904-3239-43D7-933B-6CD4FFF59D80}.Ad-Hoc|Mixed Platforms.ActiveCfg = Release|x86
		{290CF904-3239-43D7-933B-6CD4FFF59D80}.Ad-Hoc|Mixed Platforms.Build.0 = Release|x86
		{290CF904-3239-43D7-933B-6CD4FFF59D80}.Ad-Hoc|Mixed Platforms.Deploy.0 = Release|x86
		{290CF904-3239-43D7-933B-6CD4FFF59D80}.Ad-Hoc|x86.ActiveCfg = Release|x86
		{290CF904-3239-43D7-933B-6CD4FFF59D80}.Ad-Hoc|x86.Build.0 = Release|x86
		{290CF904-3239-43D7-933B-6CD4FFF59D80}.Ad-Hoc|x86.Deploy.0 = Release|x86
		{290CF904-3239-43D7-933B-6CD4FFF59D80}.AppStore|Any CPU.ActiveCfg = Release|Any CPU
		{290CF904-3239-43D7-933B-6CD4FFF59D80}.AppStore|Any CPU.Build.0 = Release|Any CPU
		{290CF904-3239-43D7-933B-6CD4FFF59D80}.AppStore|Any CPU.Deploy.0 = Release|Any CPU
		{290CF904-3239-43D7-933B-6CD4FFF59D80}.AppStore|ARM.ActiveCfg = Release|ARM
		{290CF904-3239-43D7-933B-6CD4FFF59D80}.AppStore|ARM.Build.0 = Release|ARM
		{290CF904-3239-43D7-933B-6CD4FFF59D80}.AppStore|ARM.Deploy.0 = Release|ARM
		{290CF904-3239-43D7-933B-6CD4FFF59D80}.AppStore|iPhone.ActiveCfg = Release|Any CPU
		{290CF904-3239-43D7-933B-6CD4FFF59D80}.AppStore|iPhoneSimulator.ActiveCfg = Release|Any CPU
		{290CF904-3239-43D7-933B-6CD4FFF59D80}.AppStore|Mixed Platforms.ActiveCfg = Release|x86
		{290CF904-3239-43D7-933B-6CD4FFF59D80}.AppStore|Mixed Platforms.Build.0 = Release|x86
		{290CF904-3239-43D7-933B-6CD4FFF59D80}.AppStore|Mixed Platforms.Deploy.0 = Release|x86
		{290CF904-3239-43D7-933B-6CD4FFF59D80}.AppStore|x86.ActiveCfg = Release|x86
		{290CF904-3239-43D7-933B-6CD4FFF59D80}.AppStore|x86.Build.0 = Release|x86
		{290CF904-3239-43D7-933B-6CD4FFF59D80}.AppStore|x86.Deploy.0 = Release|x86
		{290CF904-3239-43D7-933B-6CD4FFF59D80}.Debug|Any CPU.ActiveCfg = Debug|Any CPU
		{290CF904-3239-43D7-933B-6CD4FFF59D80}.Debug|Any CPU.Build.0 = Debug|Any CPU
		{290CF904-3239-43D7-933B-6CD4FFF59D80}.Debug|Any CPU.Deploy.0 = Debug|Any CPU
		{290CF904-3239-43D7-933B-6CD4FFF59D80}.Debug|ARM.ActiveCfg = Debug|ARM
		{290CF904-3239-43D7-933B-6CD4FFF59D80}.Debug|ARM.Build.0 = Debug|ARM
		{290CF904-3239-43D7-933B-6CD4FFF59D80}.Debug|ARM.Deploy.0 = Debug|ARM
		{290CF904-3239-43D7-933B-6CD4FFF59D80}.Debug|iPhone.ActiveCfg = Debug|Any CPU
		{290CF904-3239-43D7-933B-6CD4FFF59D80}.Debug|iPhoneSimulator.ActiveCfg = Debug|Any CPU
		{290CF904-3239-43D7-933B-6CD4FFF59D80}.Debug|Mixed Platforms.ActiveCfg = Debug|x86
		{290CF904-3239-43D7-933B-6CD4FFF59D80}.Debug|Mixed Platforms.Build.0 = Debug|x86
		{290CF904-3239-43D7-933B-6CD4FFF59D80}.Debug|Mixed Platforms.Deploy.0 = Debug|x86
		{290CF904-3239-43D7-933B-6CD4FFF59D80}.Debug|x86.ActiveCfg = Debug|x86
		{290CF904-3239-43D7-933B-6CD4FFF59D80}.Debug|x86.Build.0 = Debug|x86
		{290CF904-3239-43D7-933B-6CD4FFF59D80}.Debug|x86.Deploy.0 = Debug|x86
		{290CF904-3239-43D7-933B-6CD4FFF59D80}.Release|Any CPU.ActiveCfg = Release|Any CPU
		{290CF904-3239-43D7-933B-6CD4FFF59D80}.Release|Any CPU.Build.0 = Release|Any CPU
		{290CF904-3239-43D7-933B-6CD4FFF59D80}.Release|Any CPU.Deploy.0 = Release|Any CPU
		{290CF904-3239-43D7-933B-6CD4FFF59D80}.Release|ARM.ActiveCfg = Release|ARM
		{290CF904-3239-43D7-933B-6CD4FFF59D80}.Release|ARM.Build.0 = Release|ARM
		{290CF904-3239-43D7-933B-6CD4FFF59D80}.Release|ARM.Deploy.0 = Release|ARM
		{290CF904-3239-43D7-933B-6CD4FFF59D80}.Release|iPhone.ActiveCfg = Release|Any CPU
		{290CF904-3239-43D7-933B-6CD4FFF59D80}.Release|iPhoneSimulator.ActiveCfg = Release|Any CPU
		{290CF904-3239-43D7-933B-6CD4FFF59D80}.Release|Mixed Platforms.ActiveCfg = Release|x86
		{290CF904-3239-43D7-933B-6CD4FFF59D80}.Release|Mixed Platforms.Build.0 = Release|x86
		{290CF904-3239-43D7-933B-6CD4FFF59D80}.Release|Mixed Platforms.Deploy.0 = Release|x86
		{290CF904-3239-43D7-933B-6CD4FFF59D80}.Release|x86.ActiveCfg = Release|x86
		{290CF904-3239-43D7-933B-6CD4FFF59D80}.Release|x86.Build.0 = Release|x86
		{290CF904-3239-43D7-933B-6CD4FFF59D80}.Release|x86.Deploy.0 = Release|x86
		{ABE6C2F4-5508-4637-9825-F99700332BCE}.Ad-Hoc|Any CPU.ActiveCfg = Ad-Hoc|iPhone
		{ABE6C2F4-5508-4637-9825-F99700332BCE}.Ad-Hoc|ARM.ActiveCfg = Ad-Hoc|iPhone
		{ABE6C2F4-5508-4637-9825-F99700332BCE}.Ad-Hoc|iPhone.ActiveCfg = Ad-Hoc|iPhone
		{ABE6C2F4-5508-4637-9825-F99700332BCE}.Ad-Hoc|iPhone.Build.0 = Ad-Hoc|iPhone
		{ABE6C2F4-5508-4637-9825-F99700332BCE}.Ad-Hoc|iPhoneSimulator.ActiveCfg = Ad-Hoc|iPhoneSimulator
		{ABE6C2F4-5508-4637-9825-F99700332BCE}.Ad-Hoc|iPhoneSimulator.Build.0 = Ad-Hoc|iPhoneSimulator
		{ABE6C2F4-5508-4637-9825-F99700332BCE}.Ad-Hoc|Mixed Platforms.ActiveCfg = Ad-Hoc|iPhone
		{ABE6C2F4-5508-4637-9825-F99700332BCE}.Ad-Hoc|Mixed Platforms.Build.0 = Ad-Hoc|iPhone
		{ABE6C2F4-5508-4637-9825-F99700332BCE}.Ad-Hoc|x86.ActiveCfg = Ad-Hoc|iPhone
		{ABE6C2F4-5508-4637-9825-F99700332BCE}.AppStore|Any CPU.ActiveCfg = AppStore|iPhone
		{ABE6C2F4-5508-4637-9825-F99700332BCE}.AppStore|ARM.ActiveCfg = AppStore|iPhone
		{ABE6C2F4-5508-4637-9825-F99700332BCE}.AppStore|iPhone.ActiveCfg = AppStore|iPhone
		{ABE6C2F4-5508-4637-9825-F99700332BCE}.AppStore|iPhone.Build.0 = AppStore|iPhone
		{ABE6C2F4-5508-4637-9825-F99700332BCE}.AppStore|iPhoneSimulator.ActiveCfg = AppStore|iPhoneSimulator
		{ABE6C2F4-5508-4637-9825-F99700332BCE}.AppStore|iPhoneSimulator.Build.0 = AppStore|iPhoneSimulator
		{ABE6C2F4-5508-4637-9825-F99700332BCE}.AppStore|Mixed Platforms.ActiveCfg = AppStore|iPhone
		{ABE6C2F4-5508-4637-9825-F99700332BCE}.AppStore|Mixed Platforms.Build.0 = AppStore|iPhone
		{ABE6C2F4-5508-4637-9825-F99700332BCE}.AppStore|x86.ActiveCfg = AppStore|iPhone
		{ABE6C2F4-5508-4637-9825-F99700332BCE}.Debug|Any CPU.ActiveCfg = Debug|iPhone
		{ABE6C2F4-5508-4637-9825-F99700332BCE}.Debug|ARM.ActiveCfg = Debug|iPhone
		{ABE6C2F4-5508-4637-9825-F99700332BCE}.Debug|iPhone.ActiveCfg = Debug|iPhone
		{ABE6C2F4-5508-4637-9825-F99700332BCE}.Debug|iPhone.Build.0 = Debug|iPhone
		{ABE6C2F4-5508-4637-9825-F99700332BCE}.Debug|iPhoneSimulator.ActiveCfg = Debug|iPhoneSimulator
		{ABE6C2F4-5508-4637-9825-F99700332BCE}.Debug|iPhoneSimulator.Build.0 = Debug|iPhoneSimulator
		{ABE6C2F4-5508-4637-9825-F99700332BCE}.Debug|Mixed Platforms.ActiveCfg = Debug|iPhone
		{ABE6C2F4-5508-4637-9825-F99700332BCE}.Debug|Mixed Platforms.Build.0 = Debug|iPhone
		{ABE6C2F4-5508-4637-9825-F99700332BCE}.Debug|x86.ActiveCfg = Debug|iPhone
		{ABE6C2F4-5508-4637-9825-F99700332BCE}.Release|Any CPU.ActiveCfg = Release|iPhone
		{ABE6C2F4-5508-4637-9825-F99700332BCE}.Release|ARM.ActiveCfg = Release|iPhone
		{ABE6C2F4-5508-4637-9825-F99700332BCE}.Release|iPhone.ActiveCfg = Release|iPhone
		{ABE6C2F4-5508-4637-9825-F99700332BCE}.Release|iPhone.Build.0 = Release|iPhone
		{ABE6C2F4-5508-4637-9825-F99700332BCE}.Release|iPhoneSimulator.ActiveCfg = Release|iPhoneSimulator
		{ABE6C2F4-5508-4637-9825-F99700332BCE}.Release|iPhoneSimulator.Build.0 = Release|iPhoneSimulator
		{ABE6C2F4-5508-4637-9825-F99700332BCE}.Release|Mixed Platforms.ActiveCfg = Release|iPhone
		{ABE6C2F4-5508-4637-9825-F99700332BCE}.Release|Mixed Platforms.Build.0 = Release|iPhone
		{ABE6C2F4-5508-4637-9825-F99700332BCE}.Release|x86.ActiveCfg = Release|iPhone
		{AD952538-C016-478A-AA74-712699AEADC6}.Ad-Hoc|Any CPU.ActiveCfg = Release|Any CPU
		{AD952538-C016-478A-AA74-712699AEADC6}.Ad-Hoc|Any CPU.Build.0 = Release|Any CPU
		{AD952538-C016-478A-AA74-712699AEADC6}.Ad-Hoc|Any CPU.Deploy.0 = Release|Any CPU
		{AD952538-C016-478A-AA74-712699AEADC6}.Ad-Hoc|ARM.ActiveCfg = Release|Any CPU
		{AD952538-C016-478A-AA74-712699AEADC6}.Ad-Hoc|iPhone.ActiveCfg = Release|Any CPU
		{AD952538-C016-478A-AA74-712699AEADC6}.Ad-Hoc|iPhoneSimulator.ActiveCfg = Release|Any CPU
		{AD952538-C016-478A-AA74-712699AEADC6}.Ad-Hoc|Mixed Platforms.ActiveCfg = Release|Any CPU
		{AD952538-C016-478A-AA74-712699AEADC6}.Ad-Hoc|Mixed Platforms.Build.0 = Release|Any CPU
		{AD952538-C016-478A-AA74-712699AEADC6}.Ad-Hoc|Mixed Platforms.Deploy.0 = Release|Any CPU
		{AD952538-C016-478A-AA74-712699AEADC6}.Ad-Hoc|x86.ActiveCfg = Release|Any CPU
		{AD952538-C016-478A-AA74-712699AEADC6}.AppStore|Any CPU.ActiveCfg = Release|Any CPU
		{AD952538-C016-478A-AA74-712699AEADC6}.AppStore|Any CPU.Build.0 = Release|Any CPU
		{AD952538-C016-478A-AA74-712699AEADC6}.AppStore|Any CPU.Deploy.0 = Release|Any CPU
		{AD952538-C016-478A-AA74-712699AEADC6}.AppStore|ARM.ActiveCfg = Release|Any CPU
		{AD952538-C016-478A-AA74-712699AEADC6}.AppStore|iPhone.ActiveCfg = Release|Any CPU
		{AD952538-C016-478A-AA74-712699AEADC6}.AppStore|iPhoneSimulator.ActiveCfg = Release|Any CPU
		{AD952538-C016-478A-AA74-712699AEADC6}.AppStore|Mixed Platforms.ActiveCfg = Release|Any CPU
		{AD952538-C016-478A-AA74-712699AEADC6}.AppStore|Mixed Platforms.Build.0 = Release|Any CPU
		{AD952538-C016-478A-AA74-712699AEADC6}.AppStore|Mixed Platforms.Deploy.0 = Release|Any CPU
		{AD952538-C016-478A-AA74-712699AEADC6}.AppStore|x86.ActiveCfg = Release|Any CPU
		{AD952538-C016-478A-AA74-712699AEADC6}.Debug|Any CPU.ActiveCfg = Debug|Any CPU
		{AD952538-C016-478A-AA74-712699AEADC6}.Debug|Any CPU.Build.0 = Debug|Any CPU
		{AD952538-C016-478A-AA74-712699AEADC6}.Debug|Any CPU.Deploy.0 = Debug|Any CPU
		{AD952538-C016-478A-AA74-712699AEADC6}.Debug|ARM.ActiveCfg = Debug|Any CPU
		{AD952538-C016-478A-AA74-712699AEADC6}.Debug|iPhone.ActiveCfg = Debug|Any CPU
		{AD952538-C016-478A-AA74-712699AEADC6}.Debug|iPhoneSimulator.ActiveCfg = Debug|Any CPU
		{AD952538-C016-478A-AA74-712699AEADC6}.Debug|Mixed Platforms.ActiveCfg = Debug|Any CPU
		{AD952538-C016-478A-AA74-712699AEADC6}.Debug|Mixed Platforms.Build.0 = Debug|Any CPU
		{AD952538-C016-478A-AA74-712699AEADC6}.Debug|Mixed Platforms.Deploy.0 = Debug|Any CPU
		{AD952538-C016-478A-AA74-712699AEADC6}.Debug|x86.ActiveCfg = Debug|Any CPU
		{AD952538-C016-478A-AA74-712699AEADC6}.Release|Any CPU.ActiveCfg = Release|Any CPU
		{AD952538-C016-478A-AA74-712699AEADC6}.Release|Any CPU.Build.0 = Release|Any CPU
		{AD952538-C016-478A-AA74-712699AEADC6}.Release|Any CPU.Deploy.0 = Release|Any CPU
		{AD952538-C016-478A-AA74-712699AEADC6}.Release|ARM.ActiveCfg = Release|Any CPU
		{AD952538-C016-478A-AA74-712699AEADC6}.Release|iPhone.ActiveCfg = Release|Any CPU
		{AD952538-C016-478A-AA74-712699AEADC6}.Release|iPhoneSimulator.ActiveCfg = Release|Any CPU
		{AD952538-C016-478A-AA74-712699AEADC6}.Release|Mixed Platforms.ActiveCfg = Release|Any CPU
		{AD952538-C016-478A-AA74-712699AEADC6}.Release|Mixed Platforms.Build.0 = Release|Any CPU
		{AD952538-C016-478A-AA74-712699AEADC6}.Release|Mixed Platforms.Deploy.0 = Release|Any CPU
		{AD952538-C016-478A-AA74-712699AEADC6}.Release|x86.ActiveCfg = Release|Any CPU
		{B911FFDD-91D1-4E5D-94ED-52457D4B34D9}.Ad-Hoc|Any CPU.ActiveCfg = Release|Any CPU
		{B911FFDD-91D1-4E5D-94ED-52457D4B34D9}.Ad-Hoc|Any CPU.Build.0 = Release|Any CPU
		{B911FFDD-91D1-4E5D-94ED-52457D4B34D9}.Ad-Hoc|ARM.ActiveCfg = Release|Any CPU
		{B911FFDD-91D1-4E5D-94ED-52457D4B34D9}.Ad-Hoc|iPhone.ActiveCfg = Release|Any CPU
		{B911FFDD-91D1-4E5D-94ED-52457D4B34D9}.Ad-Hoc|iPhoneSimulator.ActiveCfg = Release|Any CPU
		{B911FFDD-91D1-4E5D-94ED-52457D4B34D9}.Ad-Hoc|Mixed Platforms.ActiveCfg = Release|Any CPU
		{B911FFDD-91D1-4E5D-94ED-52457D4B34D9}.Ad-Hoc|Mixed Platforms.Build.0 = Release|Any CPU
		{B911FFDD-91D1-4E5D-94ED-52457D4B34D9}.Ad-Hoc|x86.ActiveCfg = Release|Any CPU
		{B911FFDD-91D1-4E5D-94ED-52457D4B34D9}.AppStore|Any CPU.ActiveCfg = Release|Any CPU
		{B911FFDD-91D1-4E5D-94ED-52457D4B34D9}.AppStore|Any CPU.Build.0 = Release|Any CPU
		{B911FFDD-91D1-4E5D-94ED-52457D4B34D9}.AppStore|ARM.ActiveCfg = Release|Any CPU
		{B911FFDD-91D1-4E5D-94ED-52457D4B34D9}.AppStore|iPhone.ActiveCfg = Release|Any CPU
		{B911FFDD-91D1-4E5D-94ED-52457D4B34D9}.AppStore|iPhoneSimulator.ActiveCfg = Release|Any CPU
		{B911FFDD-91D1-4E5D-94ED-52457D4B34D9}.AppStore|Mixed Platforms.ActiveCfg = Release|Any CPU
		{B911FFDD-91D1-4E5D-94ED-52457D4B34D9}.AppStore|Mixed Platforms.Build.0 = Release|Any CPU
		{B911FFDD-91D1-4E5D-94ED-52457D4B34D9}.AppStore|x86.ActiveCfg = Release|Any CPU
		{B911FFDD-91D1-4E5D-94ED-52457D4B34D9}.Debug|Any CPU.ActiveCfg = Debug|Any CPU
		{B911FFDD-91D1-4E5D-94ED-52457D4B34D9}.Debug|Any CPU.Build.0 = Debug|Any CPU
		{B911FFDD-91D1-4E5D-94ED-52457D4B34D9}.Debug|ARM.ActiveCfg = Debug|Any CPU
		{B911FFDD-91D1-4E5D-94ED-52457D4B34D9}.Debug|iPhone.ActiveCfg = Debug|Any CPU
		{B911FFDD-91D1-4E5D-94ED-52457D4B34D9}.Debug|iPhone.Build.0 = Debug|Any CPU
		{B911FFDD-91D1-4E5D-94ED-52457D4B34D9}.Debug|iPhoneSimulator.ActiveCfg = Debug|Any CPU
		{B911FFDD-91D1-4E5D-94ED-52457D4B34D9}.Debug|iPhoneSimulator.Build.0 = Debug|Any CPU
		{B911FFDD-91D1-4E5D-94ED-52457D4B34D9}.Debug|Mixed Platforms.ActiveCfg = Debug|Any CPU
		{B911FFDD-91D1-4E5D-94ED-52457D4B34D9}.Debug|Mixed Platforms.Build.0 = Debug|Any CPU
		{B911FFDD-91D1-4E5D-94ED-52457D4B34D9}.Debug|x86.ActiveCfg = Debug|Any CPU
		{B911FFDD-91D1-4E5D-94ED-52457D4B34D9}.Release|Any CPU.ActiveCfg = Release|Any CPU
		{B911FFDD-91D1-4E5D-94ED-52457D4B34D9}.Release|Any CPU.Build.0 = Release|Any CPU
		{B911FFDD-91D1-4E5D-94ED-52457D4B34D9}.Release|ARM.ActiveCfg = Release|Any CPU
		{B911FFDD-91D1-4E5D-94ED-52457D4B34D9}.Release|iPhone.ActiveCfg = Release|Any CPU
		{B911FFDD-91D1-4E5D-94ED-52457D4B34D9}.Release|iPhone.Build.0 = Release|Any CPU
		{B911FFDD-91D1-4E5D-94ED-52457D4B34D9}.Release|iPhoneSimulator.ActiveCfg = Release|Any CPU
		{B911FFDD-91D1-4E5D-94ED-52457D4B34D9}.Release|iPhoneSimulator.Build.0 = Release|Any CPU
		{B911FFDD-91D1-4E5D-94ED-52457D4B34D9}.Release|Mixed Platforms.ActiveCfg = Release|Any CPU
		{B911FFDD-91D1-4E5D-94ED-52457D4B34D9}.Release|Mixed Platforms.Build.0 = Release|Any CPU
		{B911FFDD-91D1-4E5D-94ED-52457D4B34D9}.Release|x86.ActiveCfg = Release|Any CPU
	EndGlobalSection
	GlobalSection(MonoDevelopProperties) = preSolution
		StartupItem = Magic8Ball.iOS\Magic8Ball.iOS.csproj
	EndGlobalSection
	GlobalSection(SolutionProperties) = preSolution
		HideSolutionNode = FALSE
	EndGlobalSection
EndGlobal
