
Microsoft Visual Studio Solution File, Format Version 12.00
# Visual Studio 15
VisualStudioVersion = 15.0.27004.2005
MinimumVisualStudioVersion = 10.0.40219.1
Project("{FAE04EC0-301F-11D3-BF4B-00C04F79EFBC}") = "XamarinBorderlessEntry.Android", "XamarinBorderlessEntry\XamarinBorderlessEntry.Android\XamarinBorderlessEntry.Android.csproj", "{FF3E86D7-99E0-48B4-802A-6903BC5B66AC}"
EndProject
Project("{FAE04EC0-301F-11D3-BF4B-00C04F79EFBC}") = "XamarinBorderlessEntry", "XamarinBorderlessEntry\XamarinBorderlessEntry\XamarinBorderlessEntry.csproj", "{9ECBE62F-E88B-4DDF-AFAA-88FBC0FDFFF9}"
EndProject
Project("{FAE04EC0-301F-11D3-BF4B-00C04F79EFBC}") = "XamarinBorderlessEntry.UWP", "XamarinBorderlessEntry\XamarinBorderlessEntry.UWP\XamarinBorderlessEntry.UWP.csproj", "{2FCE3AAB-222C-4430-A808-65CAA3A80630}"
EndProject
Project("{FAE04EC0-301F-11D3-BF4B-00C04F79EFBC}") = "XamarinBorderlessEntry.iOS", "XamarinBorderlessEntry\XamarinBorderlessEntry.iOS\XamarinBorderlessEntry.iOS.csproj", "{EC9640D7-9F76-4010-BE66-3C0D5DFE714B}"
EndProject
Global
	GlobalSection(SolutionConfigurationPlatforms) = preSolution
		Ad-Hoc|Any CPU = Ad-Hoc|Any CPU
		Ad-Hoc|ARM = Ad-Hoc|ARM
		Ad-Hoc|iPhone = Ad-Hoc|iPhone
		Ad-Hoc|iPhoneSimulator = Ad-Hoc|iPhoneSimulator
		Ad-Hoc|x64 = Ad-Hoc|x64
		Ad-Hoc|x86 = Ad-Hoc|x86
		AppStore|Any CPU = AppStore|Any CPU
		AppStore|ARM = AppStore|ARM
		AppStore|iPhone = AppStore|iPhone
		AppStore|iPhoneSimulator = AppStore|iPhoneSimulator
		AppStore|x64 = AppStore|x64
		AppStore|x86 = AppStore|x86
		Debug|Any CPU = Debug|Any CPU
		Debug|ARM = Debug|ARM
		Debug|iPhone = Debug|iPhone
		Debug|iPhoneSimulator = Debug|iPhoneSimulator
		Debug|x64 = Debug|x64
		Debug|x86 = Debug|x86
		Release|Any CPU = Release|Any CPU
		Release|ARM = Release|ARM
		Release|iPhone = Release|iPhone
		Release|iPhoneSimulator = Release|iPhoneSimulator
		Release|x64 = Release|x64
		Release|x86 = Release|x86
	EndGlobalSection
	GlobalSection(ProjectConfigurationPlatforms) = postSolution
		{FF3E86D7-99E0-48B4-802A-6903BC5B66AC}.Ad-Hoc|Any CPU.ActiveCfg = Release|Any CPU
		{FF3E86D7-99E0-48B4-802A-6903BC5B66AC}.Ad-Hoc|Any CPU.Build.0 = Release|Any CPU
		{FF3E86D7-99E0-48B4-802A-6903BC5B66AC}.Ad-Hoc|Any CPU.Deploy.0 = Release|Any CPU
		{FF3E86D7-99E0-48B4-802A-6903BC5B66AC}.Ad-Hoc|ARM.ActiveCfg = Release|Any CPU
		{FF3E86D7-99E0-48B4-802A-6903BC5B66AC}.Ad-Hoc|ARM.Build.0 = Release|Any CPU
		{FF3E86D7-99E0-48B4-802A-6903BC5B66AC}.Ad-Hoc|ARM.Deploy.0 = Release|Any CPU
		{FF3E86D7-99E0-48B4-802A-6903BC5B66AC}.Ad-Hoc|iPhone.ActiveCfg = Release|Any CPU
		{FF3E86D7-99E0-48B4-802A-6903BC5B66AC}.Ad-Hoc|iPhone.Build.0 = Release|Any CPU
		{FF3E86D7-99E0-48B4-802A-6903BC5B66AC}.Ad-Hoc|iPhone.Deploy.0 = Release|Any CPU
		{FF3E86D7-99E0-48B4-802A-6903BC5B66AC}.Ad-Hoc|iPhoneSimulator.ActiveCfg = Release|Any CPU
		{FF3E86D7-99E0-48B4-802A-6903BC5B66AC}.Ad-Hoc|iPhoneSimulator.Build.0 = Release|Any CPU
		{FF3E86D7-99E0-48B4-802A-6903BC5B66AC}.Ad-Hoc|iPhoneSimulator.Deploy.0 = Release|Any CPU
		{FF3E86D7-99E0-48B4-802A-6903BC5B66AC}.Ad-Hoc|x64.ActiveCfg = Release|Any CPU
		{FF3E86D7-99E0-48B4-802A-6903BC5B66AC}.Ad-Hoc|x64.Build.0 = Release|Any CPU
		{FF3E86D7-99E0-48B4-802A-6903BC5B66AC}.Ad-Hoc|x64.Deploy.0 = Release|Any CPU
		{FF3E86D7-99E0-48B4-802A-6903BC5B66AC}.Ad-Hoc|x86.ActiveCfg = Release|Any CPU
		{FF3E86D7-99E0-48B4-802A-6903BC5B66AC}.Ad-Hoc|x86.Build.0 = Release|Any CPU
		{FF3E86D7-99E0-48B4-802A-6903BC5B66AC}.Ad-Hoc|x86.Deploy.0 = Release|Any CPU
		{FF3E86D7-99E0-48B4-802A-6903BC5B66AC}.AppStore|Any CPU.ActiveCfg = Release|Any CPU
		{FF3E86D7-99E0-48B4-802A-6903BC5B66AC}.AppStore|Any CPU.Build.0 = Release|Any CPU
		{FF3E86D7-99E0-48B4-802A-6903BC5B66AC}.AppStore|Any CPU.Deploy.0 = Release|Any CPU
		{FF3E86D7-99E0-48B4-802A-6903BC5B66AC}.AppStore|ARM.ActiveCfg = Release|Any CPU
		{FF3E86D7-99E0-48B4-802A-6903BC5B66AC}.AppStore|ARM.Build.0 = Release|Any CPU
		{FF3E86D7-99E0-48B4-802A-6903BC5B66AC}.AppStore|ARM.Deploy.0 = Release|Any CPU
		{FF3E86D7-99E0-48B4-802A-6903BC5B66AC}.AppStore|iPhone.ActiveCfg = Release|Any CPU
		{FF3E86D7-99E0-48B4-802A-6903BC5B66AC}.AppStore|iPhone.Build.0 = Release|Any CPU
		{FF3E86D7-99E0-48B4-802A-6903BC5B66AC}.AppStore|iPhone.Deploy.0 = Release|Any CPU
		{FF3E86D7-99E0-48B4-802A-6903BC5B66AC}.AppStore|iPhoneSimulator.ActiveCfg = Release|Any CPU
		{FF3E86D7-99E0-48B4-802A-6903BC5B66AC}.AppStore|iPhoneSimulator.Build.0 = Release|Any CPU
		{FF3E86D7-99E0-48B4-802A-6903BC5B66AC}.AppStore|iPhoneSimulator.Deploy.0 = Release|Any CPU
		{FF3E86D7-99E0-48B4-802A-6903BC5B66AC}.AppStore|x64.ActiveCfg = Release|Any CPU
		{FF3E86D7-99E0-48B4-802A-6903BC5B66AC}.AppStore|x64.Build.0 = Release|Any CPU
		{FF3E86D7-99E0-48B4-802A-6903BC5B66AC}.AppStore|x64.Deploy.0 = Release|Any CPU
		{FF3E86D7-99E0-48B4-802A-6903BC5B66AC}.AppStore|x86.ActiveCfg = Release|Any CPU
		{FF3E86D7-99E0-48B4-802A-6903BC5B66AC}.AppStore|x86.Build.0 = Release|Any CPU
		{FF3E86D7-99E0-48B4-802A-6903BC5B66AC}.AppStore|x86.Deploy.0 = Release|Any CPU
		{FF3E86D7-99E0-48B4-802A-6903BC5B66AC}.Debug|Any CPU.ActiveCfg = Debug|Any CPU
		{FF3E86D7-99E0-48B4-802A-6903BC5B66AC}.Debug|Any CPU.Build.0 = Debug|Any CPU
		{FF3E86D7-99E0-48B4-802A-6903BC5B66AC}.Debug|Any CPU.Deploy.0 = Debug|Any CPU
		{FF3E86D7-99E0-48B4-802A-6903BC5B66AC}.Debug|ARM.ActiveCfg = Debug|Any CPU
		{FF3E86D7-99E0-48B4-802A-6903BC5B66AC}.Debug|ARM.Build.0 = Debug|Any CPU
		{FF3E86D7-99E0-48B4-802A-6903BC5B66AC}.Debug|ARM.Deploy.0 = Debug|Any CPU
		{FF3E86D7-99E0-48B4-802A-6903BC5B66AC}.Debug|iPhone.ActiveCfg = Debug|Any CPU
		{FF3E86D7-99E0-48B4-802A-6903BC5B66AC}.Debug|iPhone.Build.0 = Debug|Any CPU
		{FF3E86D7-99E0-48B4-802A-6903BC5B66AC}.Debug|iPhone.Deploy.0 = Debug|Any CPU
		{FF3E86D7-99E0-48B4-802A-6903BC5B66AC}.Debug|iPhoneSimulator.ActiveCfg = Debug|Any CPU
		{FF3E86D7-99E0-48B4-802A-6903BC5B66AC}.Debug|iPhoneSimulator.Build.0 = Debug|Any CPU
		{FF3E86D7-99E0-48B4-802A-6903BC5B66AC}.Debug|iPhoneSimulator.Deploy.0 = Debug|Any CPU
		{FF3E86D7-99E0-48B4-802A-6903BC5B66AC}.Debug|x64.ActiveCfg = Debug|Any CPU
		{FF3E86D7-99E0-48B4-802A-6903BC5B66AC}.Debug|x64.Build.0 = Debug|Any CPU
		{FF3E86D7-99E0-48B4-802A-6903BC5B66AC}.Debug|x64.Deploy.0 = Debug|Any CPU
		{FF3E86D7-99E0-48B4-802A-6903BC5B66AC}.Debug|x86.ActiveCfg = Debug|Any CPU
		{FF3E86D7-99E0-48B4-802A-6903BC5B66AC}.Debug|x86.Build.0 = Debug|Any CPU
		{FF3E86D7-99E0-48B4-802A-6903BC5B66AC}.Debug|x86.Deploy.0 = Debug|Any CPU
		{FF3E86D7-99E0-48B4-802A-6903BC5B66AC}.Release|Any CPU.ActiveCfg = Release|Any CPU
		{FF3E86D7-99E0-48B4-802A-6903BC5B66AC}.Release|Any CPU.Build.0 = Release|Any CPU
		{FF3E86D7-99E0-48B4-802A-6903BC5B66AC}.Release|Any CPU.Deploy.0 = Release|Any CPU
		{FF3E86D7-99E0-48B4-802A-6903BC5B66AC}.Release|ARM.ActiveCfg = Release|Any CPU
		{FF3E86D7-99E0-48B4-802A-6903BC5B66AC}.Release|ARM.Build.0 = Release|Any CPU
		{FF3E86D7-99E0-48B4-802A-6903BC5B66AC}.Release|ARM.Deploy.0 = Release|Any CPU
		{FF3E86D7-99E0-48B4-802A-6903BC5B66AC}.Release|iPhone.ActiveCfg = Release|Any CPU
		{FF3E86D7-99E0-48B4-802A-6903BC5B66AC}.Release|iPhone.Build.0 = Release|Any CPU
		{FF3E86D7-99E0-48B4-802A-6903BC5B66AC}.Release|iPhone.Deploy.0 = Release|Any CPU
		{FF3E86D7-99E0-48B4-802A-6903BC5B66AC}.Release|iPhoneSimulator.ActiveCfg = Release|Any CPU
		{FF3E86D7-99E0-48B4-802A-6903BC5B66AC}.Release|iPhoneSimulator.Build.0 = Release|Any CPU
		{FF3E86D7-99E0-48B4-802A-6903BC5B66AC}.Release|iPhoneSimulator.Deploy.0 = Release|Any CPU
		{FF3E86D7-99E0-48B4-802A-6903BC5B66AC}.Release|x64.ActiveCfg = Release|Any CPU
		{FF3E86D7-99E0-48B4-802A-6903BC5B66AC}.Release|x64.Build.0 = Release|Any CPU
		{FF3E86D7-99E0-48B4-802A-6903BC5B66AC}.Release|x64.Deploy.0 = Release|Any CPU
		{FF3E86D7-99E0-48B4-802A-6903BC5B66AC}.Release|x86.ActiveCfg = Release|Any CPU
		{FF3E86D7-99E0-48B4-802A-6903BC5B66AC}.Release|x86.Build.0 = Release|Any CPU
		{FF3E86D7-99E0-48B4-802A-6903BC5B66AC}.Release|x86.Deploy.0 = Release|Any CPU
		{9ECBE62F-E88B-4DDF-AFAA-88FBC0FDFFF9}.Ad-Hoc|Any CPU.ActiveCfg = Release|Any CPU
		{9ECBE62F-E88B-4DDF-AFAA-88FBC0FDFFF9}.Ad-Hoc|Any CPU.Build.0 = Release|Any CPU
		{9ECBE62F-E88B-4DDF-AFAA-88FBC0FDFFF9}.Ad-Hoc|ARM.ActiveCfg = Release|Any CPU
		{9ECBE62F-E88B-4DDF-AFAA-88FBC0FDFFF9}.Ad-Hoc|ARM.Build.0 = Release|Any CPU
		{9ECBE62F-E88B-4DDF-AFAA-88FBC0FDFFF9}.Ad-Hoc|iPhone.ActiveCfg = Release|Any CPU
		{9ECBE62F-E88B-4DDF-AFAA-88FBC0FDFFF9}.Ad-Hoc|iPhone.Build.0 = Release|Any CPU
		{9ECBE62F-E88B-4DDF-AFAA-88FBC0FDFFF9}.Ad-Hoc|iPhoneSimulator.ActiveCfg = Release|Any CPU
		{9ECBE62F-E88B-4DDF-AFAA-88FBC0FDFFF9}.Ad-Hoc|iPhoneSimulator.Build.0 = Release|Any CPU
		{9ECBE62F-E88B-4DDF-AFAA-88FBC0FDFFF9}.Ad-Hoc|x64.ActiveCfg = Release|Any CPU
		{9ECBE62F-E88B-4DDF-AFAA-88FBC0FDFFF9}.Ad-Hoc|x64.Build.0 = Release|Any CPU
		{9ECBE62F-E88B-4DDF-AFAA-88FBC0FDFFF9}.Ad-Hoc|x86.ActiveCfg = Release|Any CPU
		{9ECBE62F-E88B-4DDF-AFAA-88FBC0FDFFF9}.Ad-Hoc|x86.Build.0 = Release|Any CPU
		{9ECBE62F-E88B-4DDF-AFAA-88FBC0FDFFF9}.AppStore|Any CPU.ActiveCfg = Release|Any CPU
		{9ECBE62F-E88B-4DDF-AFAA-88FBC0FDFFF9}.AppStore|Any CPU.Build.0 = Release|Any CPU
		{9ECBE62F-E88B-4DDF-AFAA-88FBC0FDFFF9}.AppStore|ARM.ActiveCfg = Release|Any CPU
		{9ECBE62F-E88B-4DDF-AFAA-88FBC0FDFFF9}.AppStore|ARM.Build.0 = Release|Any CPU
		{9ECBE62F-E88B-4DDF-AFAA-88FBC0FDFFF9}.AppStore|iPhone.ActiveCfg = Release|Any CPU
		{9ECBE62F-E88B-4DDF-AFAA-88FBC0FDFFF9}.AppStore|iPhone.Build.0 = Release|Any CPU
		{9ECBE62F-E88B-4DDF-AFAA-88FBC0FDFFF9}.AppStore|iPhoneSimulator.ActiveCfg = Release|Any CPU
		{9ECBE62F-E88B-4DDF-AFAA-88FBC0FDFFF9}.AppStore|iPhoneSimulator.Build.0 = Release|Any CPU
		{9ECBE62F-E88B-4DDF-AFAA-88FBC0FDFFF9}.AppStore|x64.ActiveCfg = Release|Any CPU
		{9ECBE62F-E88B-4DDF-AFAA-88FBC0FDFFF9}.AppStore|x64.Build.0 = Release|Any CPU
		{9ECBE62F-E88B-4DDF-AFAA-88FBC0FDFFF9}.AppStore|x86.ActiveCfg = Release|Any CPU
		{9ECBE62F-E88B-4DDF-AFAA-88FBC0FDFFF9}.AppStore|x86.Build.0 = Release|Any CPU
		{9ECBE62F-E88B-4DDF-AFAA-88FBC0FDFFF9}.Debug|Any CPU.ActiveCfg = Debug|Any CPU
		{9ECBE62F-E88B-4DDF-AFAA-88FBC0FDFFF9}.Debug|Any CPU.Build.0 = Debug|Any CPU
		{9ECBE62F-E88B-4DDF-AFAA-88FBC0FDFFF9}.Debug|ARM.ActiveCfg = Debug|Any CPU
		{9ECBE62F-E88B-4DDF-AFAA-88FBC0FDFFF9}.Debug|ARM.Build.0 = Debug|Any CPU
		{9ECBE62F-E88B-4DDF-AFAA-88FBC0FDFFF9}.Debug|iPhone.ActiveCfg = Debug|Any CPU
		{9ECBE62F-E88B-4DDF-AFAA-88FBC0FDFFF9}.Debug|iPhone.Build.0 = Debug|Any CPU
		{9ECBE62F-E88B-4DDF-AFAA-88FBC0FDFFF9}.Debug|iPhoneSimulator.ActiveCfg = Debug|Any CPU
		{9ECBE62F-E88B-4DDF-AFAA-88FBC0FDFFF9}.Debug|iPhoneSimulator.Build.0 = Debug|Any CPU
		{9ECBE62F-E88B-4DDF-AFAA-88FBC0FDFFF9}.Debug|x64.ActiveCfg = Debug|Any CPU
		{9ECBE62F-E88B-4DDF-AFAA-88FBC0FDFFF9}.Debug|x64.Build.0 = Debug|Any CPU
		{9ECBE62F-E88B-4DDF-AFAA-88FBC0FDFFF9}.Debug|x86.ActiveCfg = Debug|Any CPU
		{9ECBE62F-E88B-4DDF-AFAA-88FBC0FDFFF9}.Debug|x86.Build.0 = Debug|Any CPU
		{9ECBE62F-E88B-4DDF-AFAA-88FBC0FDFFF9}.Release|Any CPU.ActiveCfg = Release|Any CPU
		{9ECBE62F-E88B-4DDF-AFAA-88FBC0FDFFF9}.Release|Any CPU.Build.0 = Release|Any CPU
		{9ECBE62F-E88B-4DDF-AFAA-88FBC0FDFFF9}.Release|ARM.ActiveCfg = Release|Any CPU
		{9ECBE62F-E88B-4DDF-AFAA-88FBC0FDFFF9}.Release|ARM.Build.0 = Release|Any CPU
		{9ECBE62F-E88B-4DDF-AFAA-88FBC0FDFFF9}.Release|iPhone.ActiveCfg = Release|Any CPU
		{9ECBE62F-E88B-4DDF-AFAA-88FBC0FDFFF9}.Release|iPhone.Build.0 = Release|Any CPU
		{9ECBE62F-E88B-4DDF-AFAA-88FBC0FDFFF9}.Release|iPhoneSimulator.ActiveCfg = Release|Any CPU
		{9ECBE62F-E88B-4DDF-AFAA-88FBC0FDFFF9}.Release|iPhoneSimulator.Build.0 = Release|Any CPU
		{9ECBE62F-E88B-4DDF-AFAA-88FBC0FDFFF9}.Release|x64.ActiveCfg = Release|Any CPU
		{9ECBE62F-E88B-4DDF-AFAA-88FBC0FDFFF9}.Release|x64.Build.0 = Release|Any CPU
		{9ECBE62F-E88B-4DDF-AFAA-88FBC0FDFFF9}.Release|x86.ActiveCfg = Release|Any CPU
		{9ECBE62F-E88B-4DDF-AFAA-88FBC0FDFFF9}.Release|x86.Build.0 = Release|Any CPU
		{2FCE3AAB-222C-4430-A808-65CAA3A80630}.Ad-Hoc|Any CPU.ActiveCfg = Release|x86
		{2FCE3AAB-222C-4430-A808-65CAA3A80630}.Ad-Hoc|Any CPU.Build.0 = Release|x86
		{2FCE3AAB-222C-4430-A808-65CAA3A80630}.Ad-Hoc|Any CPU.Deploy.0 = Release|x86
		{2FCE3AAB-222C-4430-A808-65CAA3A80630}.Ad-Hoc|ARM.ActiveCfg = Release|ARM
		{2FCE3AAB-222C-4430-A808-65CAA3A80630}.Ad-Hoc|ARM.Build.0 = Release|ARM
		{2FCE3AAB-222C-4430-A808-65CAA3A80630}.Ad-Hoc|ARM.Deploy.0 = Release|ARM
		{2FCE3AAB-222C-4430-A808-65CAA3A80630}.Ad-Hoc|iPhone.ActiveCfg = Release|x86
		{2FCE3AAB-222C-4430-A808-65CAA3A80630}.Ad-Hoc|iPhone.Build.0 = Release|x86
		{2FCE3AAB-222C-4430-A808-65CAA3A80630}.Ad-Hoc|iPhone.Deploy.0 = Release|x86
		{2FCE3AAB-222C-4430-A808-65CAA3A80630}.Ad-Hoc|iPhoneSimulator.ActiveCfg = Release|x86
		{2FCE3AAB-222C-4430-A808-65CAA3A80630}.Ad-Hoc|iPhoneSimulator.Build.0 = Release|x86
		{2FCE3AAB-222C-4430-A808-65CAA3A80630}.Ad-Hoc|iPhoneSimulator.Deploy.0 = Release|x86
		{2FCE3AAB-222C-4430-A808-65CAA3A80630}.Ad-Hoc|x64.ActiveCfg = Release|x64
		{2FCE3AAB-222C-4430-A808-65CAA3A80630}.Ad-Hoc|x64.Build.0 = Release|x64
		{2FCE3AAB-222C-4430-A808-65CAA3A80630}.Ad-Hoc|x64.Deploy.0 = Release|x64
		{2FCE3AAB-222C-4430-A808-65CAA3A80630}.Ad-Hoc|x86.ActiveCfg = Release|x86
		{2FCE3AAB-222C-4430-A808-65CAA3A80630}.Ad-Hoc|x86.Build.0 = Release|x86
		{2FCE3AAB-222C-4430-A808-65CAA3A80630}.Ad-Hoc|x86.Deploy.0 = Release|x86
		{2FCE3AAB-222C-4430-A808-65CAA3A80630}.AppStore|Any CPU.ActiveCfg = Release|x86
		{2FCE3AAB-222C-4430-A808-65CAA3A80630}.AppStore|Any CPU.Build.0 = Release|x86
		{2FCE3AAB-222C-4430-A808-65CAA3A80630}.AppStore|Any CPU.Deploy.0 = Release|x86
		{2FCE3AAB-222C-4430-A808-65CAA3A80630}.AppStore|ARM.ActiveCfg = Release|ARM
		{2FCE3AAB-222C-4430-A808-65CAA3A80630}.AppStore|ARM.Build.0 = Release|ARM
		{2FCE3AAB-222C-4430-A808-65CAA3A80630}.AppStore|ARM.Deploy.0 = Release|ARM
		{2FCE3AAB-222C-4430-A808-65CAA3A80630}.AppStore|iPhone.ActiveCfg = Release|x86
		{2FCE3AAB-222C-4430-A808-65CAA3A80630}.AppStore|iPhone.Build.0 = Release|x86
		{2FCE3AAB-222C-4430-A808-65CAA3A80630}.AppStore|iPhone.Deploy.0 = Release|x86
		{2FCE3AAB-222C-4430-A808-65CAA3A80630}.AppStore|iPhoneSimulator.ActiveCfg = Release|x86
		{2FCE3AAB-222C-4430-A808-65CAA3A80630}.AppStore|iPhoneSimulator.Build.0 = Release|x86
		{2FCE3AAB-222C-4430-A808-65CAA3A80630}.AppStore|iPhoneSimulator.Deploy.0 = Release|x86
		{2FCE3AAB-222C-4430-A808-65CAA3A80630}.AppStore|x64.ActiveCfg = Release|x64
		{2FCE3AAB-222C-4430-A808-65CAA3A80630}.AppStore|x64.Build.0 = Release|x64
		{2FCE3AAB-222C-4430-A808-65CAA3A80630}.AppStore|x64.Deploy.0 = Release|x64
		{2FCE3AAB-222C-4430-A808-65CAA3A80630}.AppStore|x86.ActiveCfg = Release|x86
		{2FCE3AAB-222C-4430-A808-65CAA3A80630}.AppStore|x86.Build.0 = Release|x86
		{2FCE3AAB-222C-4430-A808-65CAA3A80630}.AppStore|x86.Deploy.0 = Release|x86
		{2FCE3AAB-222C-4430-A808-65CAA3A80630}.Debug|Any CPU.ActiveCfg = Debug|x86
		{2FCE3AAB-222C-4430-A808-65CAA3A80630}.Debug|ARM.ActiveCfg = Debug|ARM
		{2FCE3AAB-222C-4430-A808-65CAA3A80630}.Debug|ARM.Build.0 = Debug|ARM
		{2FCE3AAB-222C-4430-A808-65CAA3A80630}.Debug|ARM.Deploy.0 = Debug|ARM
		{2FCE3AAB-222C-4430-A808-65CAA3A80630}.Debug|iPhone.ActiveCfg = Debug|x86
		{2FCE3AAB-222C-4430-A808-65CAA3A80630}.Debug|iPhoneSimulator.ActiveCfg = Debug|x86
		{2FCE3AAB-222C-4430-A808-65CAA3A80630}.Debug|x64.ActiveCfg = Debug|x64
		{2FCE3AAB-222C-4430-A808-65CAA3A80630}.Debug|x64.Build.0 = Debug|x64
		{2FCE3AAB-222C-4430-A808-65CAA3A80630}.Debug|x64.Deploy.0 = Debug|x64
		{2FCE3AAB-222C-4430-A808-65CAA3A80630}.Debug|x86.ActiveCfg = Debug|x86
		{2FCE3AAB-222C-4430-A808-65CAA3A80630}.Debug|x86.Build.0 = Debug|x86
		{2FCE3AAB-222C-4430-A808-65CAA3A80630}.Debug|x86.Deploy.0 = Debug|x86
		{2FCE3AAB-222C-4430-A808-65CAA3A80630}.Release|Any CPU.ActiveCfg = Release|x86
		{2FCE3AAB-222C-4430-A808-65CAA3A80630}.Release|ARM.ActiveCfg = Release|ARM
		{2FCE3AAB-222C-4430-A808-65CAA3A80630}.Release|ARM.Build.0 = Release|ARM
		{2FCE3AAB-222C-4430-A808-65CAA3A80630}.Release|ARM.Deploy.0 = Release|ARM
		{2FCE3AAB-222C-4430-A808-65CAA3A80630}.Release|iPhone.ActiveCfg = Release|x86
		{2FCE3AAB-222C-4430-A808-65CAA3A80630}.Release|iPhoneSimulator.ActiveCfg = Release|x86
		{2FCE3AAB-222C-4430-A808-65CAA3A80630}.Release|x64.ActiveCfg = Release|x64
		{2FCE3AAB-222C-4430-A808-65CAA3A80630}.Release|x64.Build.0 = Release|x64
		{2FCE3AAB-222C-4430-A808-65CAA3A80630}.Release|x64.Deploy.0 = Release|x64
		{2FCE3AAB-222C-4430-A808-65CAA3A80630}.Release|x86.ActiveCfg = Release|x86
		{2FCE3AAB-222C-4430-A808-65CAA3A80630}.Release|x86.Build.0 = Release|x86
		{2FCE3AAB-222C-4430-A808-65CAA3A80630}.Release|x86.Deploy.0 = Release|x86
		{EC9640D7-9F76-4010-BE66-3C0D5DFE714B}.Ad-Hoc|Any CPU.ActiveCfg = Ad-Hoc|iPhoneSimulator
		{EC9640D7-9F76-4010-BE66-3C0D5DFE714B}.Ad-Hoc|ARM.ActiveCfg = Ad-Hoc|iPhone
		{EC9640D7-9F76-4010-BE66-3C0D5DFE714B}.Ad-Hoc|iPhone.ActiveCfg = Ad-Hoc|iPhone
		{EC9640D7-9F76-4010-BE66-3C0D5DFE714B}.Ad-Hoc|iPhone.Build.0 = Ad-Hoc|iPhone
		{EC9640D7-9F76-4010-BE66-3C0D5DFE714B}.Ad-Hoc|iPhoneSimulator.ActiveCfg = Ad-Hoc|iPhoneSimulator
		{EC9640D7-9F76-4010-BE66-3C0D5DFE714B}.Ad-Hoc|iPhoneSimulator.Build.0 = Ad-Hoc|iPhoneSimulator
		{EC9640D7-9F76-4010-BE66-3C0D5DFE714B}.Ad-Hoc|x64.ActiveCfg = Ad-Hoc|iPhone
		{EC9640D7-9F76-4010-BE66-3C0D5DFE714B}.Ad-Hoc|x86.ActiveCfg = Ad-Hoc|iPhone
		{EC9640D7-9F76-4010-BE66-3C0D5DFE714B}.AppStore|Any CPU.ActiveCfg = AppStore|iPhoneSimulator
		{EC9640D7-9F76-4010-BE66-3C0D5DFE714B}.AppStore|ARM.ActiveCfg = AppStore|iPhone
		{EC9640D7-9F76-4010-BE66-3C0D5DFE714B}.AppStore|iPhone.ActiveCfg = AppStore|iPhone
		{EC9640D7-9F76-4010-BE66-3C0D5DFE714B}.AppStore|iPhone.Build.0 = AppStore|iPhone
		{EC9640D7-9F76-4010-BE66-3C0D5DFE714B}.AppStore|iPhoneSimulator.ActiveCfg = AppStore|iPhoneSimulator
		{EC9640D7-9F76-4010-BE66-3C0D5DFE714B}.AppStore|iPhoneSimulator.Build.0 = AppStore|iPhoneSimulator
		{EC9640D7-9F76-4010-BE66-3C0D5DFE714B}.AppStore|x64.ActiveCfg = AppStore|iPhone
		{EC9640D7-9F76-4010-BE66-3C0D5DFE714B}.AppStore|x86.ActiveCfg = AppStore|iPhone
		{EC9640D7-9F76-4010-BE66-3C0D5DFE714B}.Debug|Any CPU.ActiveCfg = Debug|iPhoneSimulator
		{EC9640D7-9F76-4010-BE66-3C0D5DFE714B}.Debug|ARM.ActiveCfg = Debug|iPhone
		{EC9640D7-9F76-4010-BE66-3C0D5DFE714B}.Debug|iPhone.ActiveCfg = Debug|iPhone
		{EC9640D7-9F76-4010-BE66-3C0D5DFE714B}.Debug|iPhone.Build.0 = Debug|iPhone
		{EC9640D7-9F76-4010-BE66-3C0D5DFE714B}.Debug|iPhoneSimulator.ActiveCfg = Debug|iPhoneSimulator
		{EC9640D7-9F76-4010-BE66-3C0D5DFE714B}.Debug|iPhoneSimulator.Build.0 = Debug|iPhoneSimulator
		{EC9640D7-9F76-4010-BE66-3C0D5DFE714B}.Debug|x64.ActiveCfg = Debug|iPhone
		{EC9640D7-9F76-4010-BE66-3C0D5DFE714B}.Debug|x86.ActiveCfg = Debug|iPhone
		{EC9640D7-9F76-4010-BE66-3C0D5DFE714B}.Release|Any CPU.ActiveCfg = Release|iPhoneSimulator
		{EC9640D7-9F76-4010-BE66-3C0D5DFE714B}.Release|ARM.ActiveCfg = Release|iPhone
		{EC9640D7-9F76-4010-BE66-3C0D5DFE714B}.Release|iPhone.ActiveCfg = Release|iPhone
		{EC9640D7-9F76-4010-BE66-3C0D5DFE714B}.Release|iPhone.Build.0 = Release|iPhone
		{EC9640D7-9F76-4010-BE66-3C0D5DFE714B}.Release|iPhoneSimulator.ActiveCfg = Release|iPhoneSimulator
		{EC9640D7-9F76-4010-BE66-3C0D5DFE714B}.Release|iPhoneSimulator.Build.0 = Release|iPhoneSimulator
		{EC9640D7-9F76-4010-BE66-3C0D5DFE714B}.Release|x64.ActiveCfg = Release|iPhone
		{EC9640D7-9F76-4010-BE66-3C0D5DFE714B}.Release|x86.ActiveCfg = Release|iPhone
	EndGlobalSection
	GlobalSection(SolutionProperties) = preSolution
		HideSolutionNode = FALSE
	EndGlobalSection
	GlobalSection(ExtensibilityGlobals) = postSolution
		SolutionGuid = {6AB58923-226C-43C3-B6FC-685FB3F3DC82}
	EndGlobalSection
EndGlobal
