
Microsoft Visual Studio Solution File, Format Version 12.00
# Visual Studio 2013
VisualStudioVersion = 12.0.31101.0
MinimumVisualStudioVersion = 10.0.40219.1
Project("{FAE04EC0-301F-11D3-BF4B-00C04F79EFBC}") = "RestaurantGuide", "RestaurantGuide\RestaurantGuide.csproj", "{C4C79EBE-86A1-4048-ACBB-870BED1C274A}"
EndProject
Project("{2150E333-8FDC-42A3-9474-1A3956D46DE8}") = "Platforms", "Platforms", "{5F1798A5-582A-49C7-A202-7F0C4A1F0A0B}"
EndProject
Project("{FAE04EC0-301F-11D3-BF4B-00C04F79EFBC}") = "RestaurantGuide.iOS", "iOS\RestaurantGuide.iOS.csproj", "{D8789EBA-DFFA-4D13-AE8B-1E8C03091763}"
EndProject
Project("{FAE04EC0-301F-11D3-BF4B-00C04F79EFBC}") = "RestaurantGuide.Android", "Android\RestaurantGuide.Android.csproj", "{F1B34403-AA50-41AB-AC28-B5307FAB104F}"
EndProject
Project("{FAE04EC0-301F-11D3-BF4B-00C04F79EFBC}") = "RestaurantGuide.WinApp", "RestaurantGuide.WinApp\RestaurantGuide.WinApp.csproj", "{E9E629BA-3B95-4703-9B97-F675866B52CA}"
EndProject
Global
	GlobalSection(SolutionConfigurationPlatforms) = preSolution
		Ad-Hoc|Any CPU = Ad-Hoc|Any CPU
		Ad-Hoc|ARM = Ad-Hoc|ARM
		Ad-Hoc|iPhone = Ad-Hoc|iPhone
		Ad-Hoc|iPhoneSimulator = Ad-Hoc|iPhoneSimulator
		Ad-Hoc|Mixed Platforms = Ad-Hoc|Mixed Platforms
		Ad-Hoc|x64 = Ad-Hoc|x64
		Ad-Hoc|x86 = Ad-Hoc|x86
		AppStore|Any CPU = AppStore|Any CPU
		AppStore|ARM = AppStore|ARM
		AppStore|iPhone = AppStore|iPhone
		AppStore|iPhoneSimulator = AppStore|iPhoneSimulator
		AppStore|Mixed Platforms = AppStore|Mixed Platforms
		AppStore|x64 = AppStore|x64
		AppStore|x86 = AppStore|x86
		Debug|Any CPU = Debug|Any CPU
		Debug|ARM = Debug|ARM
		Debug|iPhone = Debug|iPhone
		Debug|iPhoneSimulator = Debug|iPhoneSimulator
		Debug|Mixed Platforms = Debug|Mixed Platforms
		Debug|x64 = Debug|x64
		Debug|x86 = Debug|x86
		Release|Any CPU = Release|Any CPU
		Release|ARM = Release|ARM
		Release|iPhone = Release|iPhone
		Release|iPhoneSimulator = Release|iPhoneSimulator
		Release|Mixed Platforms = Release|Mixed Platforms
		Release|x64 = Release|x64
		Release|x86 = Release|x86
	EndGlobalSection
	GlobalSection(ProjectConfigurationPlatforms) = postSolution
		{C4C79EBE-86A1-4048-ACBB-870BED1C274A}.Ad-Hoc|Any CPU.ActiveCfg = Release|Any CPU
		{C4C79EBE-86A1-4048-ACBB-870BED1C274A}.Ad-Hoc|Any CPU.Build.0 = Release|Any CPU
		{C4C79EBE-86A1-4048-ACBB-870BED1C274A}.Ad-Hoc|ARM.ActiveCfg = Debug|Any CPU
		{C4C79EBE-86A1-4048-ACBB-870BED1C274A}.Ad-Hoc|iPhone.ActiveCfg = Debug|Any CPU
		{C4C79EBE-86A1-4048-ACBB-870BED1C274A}.Ad-Hoc|iPhone.Build.0 = Debug|Any CPU
		{C4C79EBE-86A1-4048-ACBB-870BED1C274A}.Ad-Hoc|iPhoneSimulator.ActiveCfg = Release|Any CPU
		{C4C79EBE-86A1-4048-ACBB-870BED1C274A}.Ad-Hoc|Mixed Platforms.ActiveCfg = Debug|Any CPU
		{C4C79EBE-86A1-4048-ACBB-870BED1C274A}.Ad-Hoc|Mixed Platforms.Build.0 = Debug|Any CPU
		{C4C79EBE-86A1-4048-ACBB-870BED1C274A}.Ad-Hoc|x64.ActiveCfg = Debug|Any CPU
		{C4C79EBE-86A1-4048-ACBB-870BED1C274A}.Ad-Hoc|x86.ActiveCfg = Debug|Any CPU
		{C4C79EBE-86A1-4048-ACBB-870BED1C274A}.AppStore|Any CPU.ActiveCfg = Release|Any CPU
		{C4C79EBE-86A1-4048-ACBB-870BED1C274A}.AppStore|Any CPU.Build.0 = Release|Any CPU
		{C4C79EBE-86A1-4048-ACBB-870BED1C274A}.AppStore|ARM.ActiveCfg = Debug|Any CPU
		{C4C79EBE-86A1-4048-ACBB-870BED1C274A}.AppStore|iPhone.ActiveCfg = Debug|Any CPU
		{C4C79EBE-86A1-4048-ACBB-870BED1C274A}.AppStore|iPhone.Build.0 = Debug|Any CPU
		{C4C79EBE-86A1-4048-ACBB-870BED1C274A}.AppStore|iPhoneSimulator.ActiveCfg = Release|Any CPU
		{C4C79EBE-86A1-4048-ACBB-870BED1C274A}.AppStore|Mixed Platforms.ActiveCfg = Debug|Any CPU
		{C4C79EBE-86A1-4048-ACBB-870BED1C274A}.AppStore|Mixed Platforms.Build.0 = Debug|Any CPU
		{C4C79EBE-86A1-4048-ACBB-870BED1C274A}.AppStore|x64.ActiveCfg = Debug|Any CPU
		{C4C79EBE-86A1-4048-ACBB-870BED1C274A}.AppStore|x86.ActiveCfg = Debug|Any CPU
		{C4C79EBE-86A1-4048-ACBB-870BED1C274A}.Debug|Any CPU.ActiveCfg = Debug|Any CPU
		{C4C79EBE-86A1-4048-ACBB-870BED1C274A}.Debug|Any CPU.Build.0 = Debug|Any CPU
		{C4C79EBE-86A1-4048-ACBB-870BED1C274A}.Debug|ARM.ActiveCfg = Debug|Any CPU
		{C4C79EBE-86A1-4048-ACBB-870BED1C274A}.Debug|iPhone.ActiveCfg = Debug|Any CPU
		{C4C79EBE-86A1-4048-ACBB-870BED1C274A}.Debug|iPhone.Build.0 = Debug|Any CPU
		{C4C79EBE-86A1-4048-ACBB-870BED1C274A}.Debug|iPhoneSimulator.ActiveCfg = Debug|Any CPU
		{C4C79EBE-86A1-4048-ACBB-870BED1C274A}.Debug|iPhoneSimulator.Build.0 = Debug|Any CPU
		{C4C79EBE-86A1-4048-ACBB-870BED1C274A}.Debug|Mixed Platforms.ActiveCfg = Debug|Any CPU
		{C4C79EBE-86A1-4048-ACBB-870BED1C274A}.Debug|Mixed Platforms.Build.0 = Debug|Any CPU
		{C4C79EBE-86A1-4048-ACBB-870BED1C274A}.Debug|x64.ActiveCfg = Debug|Any CPU
		{C4C79EBE-86A1-4048-ACBB-870BED1C274A}.Debug|x86.ActiveCfg = Debug|Any CPU
		{C4C79EBE-86A1-4048-ACBB-870BED1C274A}.Release|Any CPU.ActiveCfg = Release|Any CPU
		{C4C79EBE-86A1-4048-ACBB-870BED1C274A}.Release|Any CPU.Build.0 = Release|Any CPU
		{C4C79EBE-86A1-4048-ACBB-870BED1C274A}.Release|ARM.ActiveCfg = Release|Any CPU
		{C4C79EBE-86A1-4048-ACBB-870BED1C274A}.Release|iPhone.ActiveCfg = Release|Any CPU
		{C4C79EBE-86A1-4048-ACBB-870BED1C274A}.Release|iPhone.Build.0 = Release|Any CPU
		{C4C79EBE-86A1-4048-ACBB-870BED1C274A}.Release|iPhoneSimulator.ActiveCfg = Release|Any CPU
		{C4C79EBE-86A1-4048-ACBB-870BED1C274A}.Release|iPhoneSimulator.Build.0 = Release|Any CPU
		{C4C79EBE-86A1-4048-ACBB-870BED1C274A}.Release|Mixed Platforms.ActiveCfg = Release|Any CPU
		{C4C79EBE-86A1-4048-ACBB-870BED1C274A}.Release|Mixed Platforms.Build.0 = Release|Any CPU
		{C4C79EBE-86A1-4048-ACBB-870BED1C274A}.Release|x64.ActiveCfg = Release|Any CPU
		{C4C79EBE-86A1-4048-ACBB-870BED1C274A}.Release|x86.ActiveCfg = Release|Any CPU
		{D8789EBA-DFFA-4D13-AE8B-1E8C03091763}.Ad-Hoc|Any CPU.ActiveCfg = Ad-Hoc|iPhoneSimulator
		{D8789EBA-DFFA-4D13-AE8B-1E8C03091763}.Ad-Hoc|ARM.ActiveCfg = Ad-Hoc|iPhone
		{D8789EBA-DFFA-4D13-AE8B-1E8C03091763}.Ad-Hoc|iPhone.ActiveCfg = Ad-Hoc|iPhone
		{D8789EBA-DFFA-4D13-AE8B-1E8C03091763}.Ad-Hoc|iPhone.Build.0 = Ad-Hoc|iPhone
		{D8789EBA-DFFA-4D13-AE8B-1E8C03091763}.Ad-Hoc|iPhoneSimulator.ActiveCfg = Ad-Hoc|iPhoneSimulator
		{D8789EBA-DFFA-4D13-AE8B-1E8C03091763}.Ad-Hoc|iPhoneSimulator.Build.0 = Ad-Hoc|iPhoneSimulator
		{D8789EBA-DFFA-4D13-AE8B-1E8C03091763}.Ad-Hoc|Mixed Platforms.ActiveCfg = Ad-Hoc|iPhone
		{D8789EBA-DFFA-4D13-AE8B-1E8C03091763}.Ad-Hoc|Mixed Platforms.Build.0 = Ad-Hoc|iPhone
		{D8789EBA-DFFA-4D13-AE8B-1E8C03091763}.Ad-Hoc|x64.ActiveCfg = Ad-Hoc|iPhone
		{D8789EBA-DFFA-4D13-AE8B-1E8C03091763}.Ad-Hoc|x86.ActiveCfg = Ad-Hoc|iPhone
		{D8789EBA-DFFA-4D13-AE8B-1E8C03091763}.AppStore|Any CPU.ActiveCfg = AppStore|iPhoneSimulator
		{D8789EBA-DFFA-4D13-AE8B-1E8C03091763}.AppStore|ARM.ActiveCfg = AppStore|iPhone
		{D8789EBA-DFFA-4D13-AE8B-1E8C03091763}.AppStore|iPhone.ActiveCfg = AppStore|iPhone
		{D8789EBA-DFFA-4D13-AE8B-1E8C03091763}.AppStore|iPhone.Build.0 = AppStore|iPhone
		{D8789EBA-DFFA-4D13-AE8B-1E8C03091763}.AppStore|iPhoneSimulator.ActiveCfg = AppStore|iPhoneSimulator
		{D8789EBA-DFFA-4D13-AE8B-1E8C03091763}.AppStore|iPhoneSimulator.Build.0 = AppStore|iPhoneSimulator
		{D8789EBA-DFFA-4D13-AE8B-1E8C03091763}.AppStore|Mixed Platforms.ActiveCfg = AppStore|iPhone
		{D8789EBA-DFFA-4D13-AE8B-1E8C03091763}.AppStore|Mixed Platforms.Build.0 = AppStore|iPhone
		{D8789EBA-DFFA-4D13-AE8B-1E8C03091763}.AppStore|x64.ActiveCfg = AppStore|iPhone
		{D8789EBA-DFFA-4D13-AE8B-1E8C03091763}.AppStore|x86.ActiveCfg = AppStore|iPhone
		{D8789EBA-DFFA-4D13-AE8B-1E8C03091763}.Debug|Any CPU.ActiveCfg = Debug|iPhoneSimulator
		{D8789EBA-DFFA-4D13-AE8B-1E8C03091763}.Debug|Any CPU.Build.0 = Debug|iPhoneSimulator
		{D8789EBA-DFFA-4D13-AE8B-1E8C03091763}.Debug|ARM.ActiveCfg = Debug|iPhone
		{D8789EBA-DFFA-4D13-AE8B-1E8C03091763}.Debug|iPhone.ActiveCfg = Debug|iPhone
		{D8789EBA-DFFA-4D13-AE8B-1E8C03091763}.Debug|iPhone.Build.0 = Debug|iPhone
		{D8789EBA-DFFA-4D13-AE8B-1E8C03091763}.Debug|iPhoneSimulator.ActiveCfg = Debug|iPhoneSimulator
		{D8789EBA-DFFA-4D13-AE8B-1E8C03091763}.Debug|iPhoneSimulator.Build.0 = Debug|iPhoneSimulator
		{D8789EBA-DFFA-4D13-AE8B-1E8C03091763}.Debug|Mixed Platforms.ActiveCfg = Debug|iPhone
		{D8789EBA-DFFA-4D13-AE8B-1E8C03091763}.Debug|Mixed Platforms.Build.0 = Debug|iPhone
		{D8789EBA-DFFA-4D13-AE8B-1E8C03091763}.Debug|x64.ActiveCfg = Debug|iPhone
		{D8789EBA-DFFA-4D13-AE8B-1E8C03091763}.Debug|x86.ActiveCfg = Debug|iPhone
		{D8789EBA-DFFA-4D13-AE8B-1E8C03091763}.Release|Any CPU.ActiveCfg = Release|iPhoneSimulator
		{D8789EBA-DFFA-4D13-AE8B-1E8C03091763}.Release|Any CPU.Build.0 = Release|iPhoneSimulator
		{D8789EBA-DFFA-4D13-AE8B-1E8C03091763}.Release|ARM.ActiveCfg = Release|iPhone
		{D8789EBA-DFFA-4D13-AE8B-1E8C03091763}.Release|iPhone.ActiveCfg = Release|iPhone
		{D8789EBA-DFFA-4D13-AE8B-1E8C03091763}.Release|iPhone.Build.0 = Release|iPhone
		{D8789EBA-DFFA-4D13-AE8B-1E8C03091763}.Release|iPhoneSimulator.ActiveCfg = Release|iPhoneSimulator
		{D8789EBA-DFFA-4D13-AE8B-1E8C03091763}.Release|iPhoneSimulator.Build.0 = Release|iPhoneSimulator
		{D8789EBA-DFFA-4D13-AE8B-1E8C03091763}.Release|Mixed Platforms.ActiveCfg = Release|iPhone
		{D8789EBA-DFFA-4D13-AE8B-1E8C03091763}.Release|Mixed Platforms.Build.0 = Release|iPhone
		{D8789EBA-DFFA-4D13-AE8B-1E8C03091763}.Release|x64.ActiveCfg = Release|iPhone
		{D8789EBA-DFFA-4D13-AE8B-1E8C03091763}.Release|x86.ActiveCfg = Release|iPhone
		{F1B34403-AA50-41AB-AC28-B5307FAB104F}.Ad-Hoc|Any CPU.ActiveCfg = Release|Any CPU
		{F1B34403-AA50-41AB-AC28-B5307FAB104F}.Ad-Hoc|Any CPU.Build.0 = Release|Any CPU
		{F1B34403-AA50-41AB-AC28-B5307FAB104F}.Ad-Hoc|Any CPU.Deploy.0 = Release|Any CPU
		{F1B34403-AA50-41AB-AC28-B5307FAB104F}.Ad-Hoc|ARM.ActiveCfg = Debug|Any CPU
		{F1B34403-AA50-41AB-AC28-B5307FAB104F}.Ad-Hoc|iPhone.ActiveCfg = Debug|Any CPU
		{F1B34403-AA50-41AB-AC28-B5307FAB104F}.Ad-Hoc|iPhone.Build.0 = Debug|Any CPU
		{F1B34403-AA50-41AB-AC28-B5307FAB104F}.Ad-Hoc|iPhoneSimulator.ActiveCfg = Release|Any CPU
		{F1B34403-AA50-41AB-AC28-B5307FAB104F}.Ad-Hoc|Mixed Platforms.ActiveCfg = Debug|Any CPU
		{F1B34403-AA50-41AB-AC28-B5307FAB104F}.Ad-Hoc|Mixed Platforms.Build.0 = Debug|Any CPU
		{F1B34403-AA50-41AB-AC28-B5307FAB104F}.Ad-Hoc|Mixed Platforms.Deploy.0 = Debug|Any CPU
		{F1B34403-AA50-41AB-AC28-B5307FAB104F}.Ad-Hoc|x64.ActiveCfg = Debug|Any CPU
		{F1B34403-AA50-41AB-AC28-B5307FAB104F}.Ad-Hoc|x86.ActiveCfg = Debug|Any CPU
		{F1B34403-AA50-41AB-AC28-B5307FAB104F}.AppStore|Any CPU.ActiveCfg = Release|Any CPU
		{F1B34403-AA50-41AB-AC28-B5307FAB104F}.AppStore|Any CPU.Build.0 = Release|Any CPU
		{F1B34403-AA50-41AB-AC28-B5307FAB104F}.AppStore|Any CPU.Deploy.0 = Release|Any CPU
		{F1B34403-AA50-41AB-AC28-B5307FAB104F}.AppStore|ARM.ActiveCfg = Debug|Any CPU
		{F1B34403-AA50-41AB-AC28-B5307FAB104F}.AppStore|iPhone.ActiveCfg = Debug|Any CPU
		{F1B34403-AA50-41AB-AC28-B5307FAB104F}.AppStore|iPhone.Build.0 = Debug|Any CPU
		{F1B34403-AA50-41AB-AC28-B5307FAB104F}.AppStore|iPhoneSimulator.ActiveCfg = Release|Any CPU
		{F1B34403-AA50-41AB-AC28-B5307FAB104F}.AppStore|Mixed Platforms.ActiveCfg = Debug|Any CPU
		{F1B34403-AA50-41AB-AC28-B5307FAB104F}.AppStore|Mixed Platforms.Build.0 = Debug|Any CPU
		{F1B34403-AA50-41AB-AC28-B5307FAB104F}.AppStore|Mixed Platforms.Deploy.0 = Debug|Any CPU
		{F1B34403-AA50-41AB-AC28-B5307FAB104F}.AppStore|x64.ActiveCfg = Debug|Any CPU
		{F1B34403-AA50-41AB-AC28-B5307FAB104F}.AppStore|x86.ActiveCfg = Debug|Any CPU
		{F1B34403-AA50-41AB-AC28-B5307FAB104F}.Debug|Any CPU.ActiveCfg = Debug|Any CPU
		{F1B34403-AA50-41AB-AC28-B5307FAB104F}.Debug|Any CPU.Build.0 = Debug|Any CPU
		{F1B34403-AA50-41AB-AC28-B5307FAB104F}.Debug|Any CPU.Deploy.0 = Debug|Any CPU
		{F1B34403-AA50-41AB-AC28-B5307FAB104F}.Debug|ARM.ActiveCfg = Debug|Any CPU
		{F1B34403-AA50-41AB-AC28-B5307FAB104F}.Debug|iPhone.ActiveCfg = Debug|Any CPU
		{F1B34403-AA50-41AB-AC28-B5307FAB104F}.Debug|iPhone.Build.0 = Debug|Any CPU
		{F1B34403-AA50-41AB-AC28-B5307FAB104F}.Debug|iPhoneSimulator.ActiveCfg = Debug|Any CPU
		{F1B34403-AA50-41AB-AC28-B5307FAB104F}.Debug|iPhoneSimulator.Build.0 = Debug|Any CPU
		{F1B34403-AA50-41AB-AC28-B5307FAB104F}.Debug|Mixed Platforms.ActiveCfg = Debug|Any CPU
		{F1B34403-AA50-41AB-AC28-B5307FAB104F}.Debug|Mixed Platforms.Build.0 = Debug|Any CPU
		{F1B34403-AA50-41AB-AC28-B5307FAB104F}.Debug|Mixed Platforms.Deploy.0 = Debug|Any CPU
		{F1B34403-AA50-41AB-AC28-B5307FAB104F}.Debug|x64.ActiveCfg = Debug|Any CPU
		{F1B34403-AA50-41AB-AC28-B5307FAB104F}.Debug|x86.ActiveCfg = Debug|Any CPU
		{F1B34403-AA50-41AB-AC28-B5307FAB104F}.Release|Any CPU.ActiveCfg = Release|Any CPU
		{F1B34403-AA50-41AB-AC28-B5307FAB104F}.Release|Any CPU.Build.0 = Release|Any CPU
		{F1B34403-AA50-41AB-AC28-B5307FAB104F}.Release|ARM.ActiveCfg = Release|Any CPU
		{F1B34403-AA50-41AB-AC28-B5307FAB104F}.Release|iPhone.ActiveCfg = Release|Any CPU
		{F1B34403-AA50-41AB-AC28-B5307FAB104F}.Release|iPhone.Build.0 = Release|Any CPU
		{F1B34403-AA50-41AB-AC28-B5307FAB104F}.Release|iPhoneSimulator.ActiveCfg = Release|Any CPU
		{F1B34403-AA50-41AB-AC28-B5307FAB104F}.Release|iPhoneSimulator.Build.0 = Release|Any CPU
		{F1B34403-AA50-41AB-AC28-B5307FAB104F}.Release|Mixed Platforms.ActiveCfg = Release|Any CPU
		{F1B34403-AA50-41AB-AC28-B5307FAB104F}.Release|Mixed Platforms.Build.0 = Release|Any CPU
		{F1B34403-AA50-41AB-AC28-B5307FAB104F}.Release|Mixed Platforms.Deploy.0 = Release|Any CPU
		{F1B34403-AA50-41AB-AC28-B5307FAB104F}.Release|x64.ActiveCfg = Release|Any CPU
		{F1B34403-AA50-41AB-AC28-B5307FAB104F}.Release|x86.ActiveCfg = Release|Any CPU
		{E9E629BA-3B95-4703-9B97-F675866B52CA}.Ad-Hoc|Any CPU.ActiveCfg = Release|Any CPU
		{E9E629BA-3B95-4703-9B97-F675866B52CA}.Ad-Hoc|Any CPU.Build.0 = Release|Any CPU
		{E9E629BA-3B95-4703-9B97-F675866B52CA}.Ad-Hoc|Any CPU.Deploy.0 = Release|Any CPU
		{E9E629BA-3B95-4703-9B97-F675866B52CA}.Ad-Hoc|ARM.ActiveCfg = Release|ARM
		{E9E629BA-3B95-4703-9B97-F675866B52CA}.Ad-Hoc|ARM.Build.0 = Release|ARM
		{E9E629BA-3B95-4703-9B97-F675866B52CA}.Ad-Hoc|ARM.Deploy.0 = Release|ARM
		{E9E629BA-3B95-4703-9B97-F675866B52CA}.Ad-Hoc|iPhone.ActiveCfg = Release|Any CPU
		{E9E629BA-3B95-4703-9B97-F675866B52CA}.Ad-Hoc|iPhoneSimulator.ActiveCfg = Release|Any CPU
		{E9E629BA-3B95-4703-9B97-F675866B52CA}.Ad-Hoc|Mixed Platforms.ActiveCfg = Release|x86
		{E9E629BA-3B95-4703-9B97-F675866B52CA}.Ad-Hoc|Mixed Platforms.Build.0 = Release|x86
		{E9E629BA-3B95-4703-9B97-F675866B52CA}.Ad-Hoc|Mixed Platforms.Deploy.0 = Release|x86
		{E9E629BA-3B95-4703-9B97-F675866B52CA}.Ad-Hoc|x64.ActiveCfg = Release|x64
		{E9E629BA-3B95-4703-9B97-F675866B52CA}.Ad-Hoc|x64.Build.0 = Release|x64
		{E9E629BA-3B95-4703-9B97-F675866B52CA}.Ad-Hoc|x64.Deploy.0 = Release|x64
		{E9E629BA-3B95-4703-9B97-F675866B52CA}.Ad-Hoc|x86.ActiveCfg = Release|x86
		{E9E629BA-3B95-4703-9B97-F675866B52CA}.Ad-Hoc|x86.Build.0 = Release|x86
		{E9E629BA-3B95-4703-9B97-F675866B52CA}.Ad-Hoc|x86.Deploy.0 = Release|x86
		{E9E629BA-3B95-4703-9B97-F675866B52CA}.AppStore|Any CPU.ActiveCfg = Release|Any CPU
		{E9E629BA-3B95-4703-9B97-F675866B52CA}.AppStore|Any CPU.Build.0 = Release|Any CPU
		{E9E629BA-3B95-4703-9B97-F675866B52CA}.AppStore|Any CPU.Deploy.0 = Release|Any CPU
		{E9E629BA-3B95-4703-9B97-F675866B52CA}.AppStore|ARM.ActiveCfg = Release|ARM
		{E9E629BA-3B95-4703-9B97-F675866B52CA}.AppStore|ARM.Build.0 = Release|ARM
		{E9E629BA-3B95-4703-9B97-F675866B52CA}.AppStore|ARM.Deploy.0 = Release|ARM
		{E9E629BA-3B95-4703-9B97-F675866B52CA}.AppStore|iPhone.ActiveCfg = Release|Any CPU
		{E9E629BA-3B95-4703-9B97-F675866B52CA}.AppStore|iPhoneSimulator.ActiveCfg = Release|Any CPU
		{E9E629BA-3B95-4703-9B97-F675866B52CA}.AppStore|Mixed Platforms.ActiveCfg = Release|x86
		{E9E629BA-3B95-4703-9B97-F675866B52CA}.AppStore|Mixed Platforms.Build.0 = Release|x86
		{E9E629BA-3B95-4703-9B97-F675866B52CA}.AppStore|Mixed Platforms.Deploy.0 = Release|x86
		{E9E629BA-3B95-4703-9B97-F675866B52CA}.AppStore|x64.ActiveCfg = Release|x64
		{E9E629BA-3B95-4703-9B97-F675866B52CA}.AppStore|x64.Build.0 = Release|x64
		{E9E629BA-3B95-4703-9B97-F675866B52CA}.AppStore|x64.Deploy.0 = Release|x64
		{E9E629BA-3B95-4703-9B97-F675866B52CA}.AppStore|x86.ActiveCfg = Release|x86
		{E9E629BA-3B95-4703-9B97-F675866B52CA}.AppStore|x86.Build.0 = Release|x86
		{E9E629BA-3B95-4703-9B97-F675866B52CA}.AppStore|x86.Deploy.0 = Release|x86
		{E9E629BA-3B95-4703-9B97-F675866B52CA}.Debug|Any CPU.ActiveCfg = Debug|Any CPU
		{E9E629BA-3B95-4703-9B97-F675866B52CA}.Debug|Any CPU.Build.0 = Debug|Any CPU
		{E9E629BA-3B95-4703-9B97-F675866B52CA}.Debug|Any CPU.Deploy.0 = Debug|Any CPU
		{E9E629BA-3B95-4703-9B97-F675866B52CA}.Debug|ARM.ActiveCfg = Debug|ARM
		{E9E629BA-3B95-4703-9B97-F675866B52CA}.Debug|ARM.Build.0 = Debug|ARM
		{E9E629BA-3B95-4703-9B97-F675866B52CA}.Debug|ARM.Deploy.0 = Debug|ARM
		{E9E629BA-3B95-4703-9B97-F675866B52CA}.Debug|iPhone.ActiveCfg = Debug|Any CPU
		{E9E629BA-3B95-4703-9B97-F675866B52CA}.Debug|iPhoneSimulator.ActiveCfg = Debug|Any CPU
		{E9E629BA-3B95-4703-9B97-F675866B52CA}.Debug|Mixed Platforms.ActiveCfg = Debug|x86
		{E9E629BA-3B95-4703-9B97-F675866B52CA}.Debug|Mixed Platforms.Build.0 = Debug|x86
		{E9E629BA-3B95-4703-9B97-F675866B52CA}.Debug|Mixed Platforms.Deploy.0 = Debug|x86
		{E9E629BA-3B95-4703-9B97-F675866B52CA}.Debug|x64.ActiveCfg = Debug|x64
		{E9E629BA-3B95-4703-9B97-F675866B52CA}.Debug|x64.Build.0 = Debug|x64
		{E9E629BA-3B95-4703-9B97-F675866B52CA}.Debug|x64.Deploy.0 = Debug|x64
		{E9E629BA-3B95-4703-9B97-F675866B52CA}.Debug|x86.ActiveCfg = Debug|x86
		{E9E629BA-3B95-4703-9B97-F675866B52CA}.Debug|x86.Build.0 = Debug|x86
		{E9E629BA-3B95-4703-9B97-F675866B52CA}.Debug|x86.Deploy.0 = Debug|x86
		{E9E629BA-3B95-4703-9B97-F675866B52CA}.Release|Any CPU.ActiveCfg = Release|Any CPU
		{E9E629BA-3B95-4703-9B97-F675866B52CA}.Release|Any CPU.Build.0 = Release|Any CPU
		{E9E629BA-3B95-4703-9B97-F675866B52CA}.Release|Any CPU.Deploy.0 = Release|Any CPU
		{E9E629BA-3B95-4703-9B97-F675866B52CA}.Release|ARM.ActiveCfg = Release|ARM
		{E9E629BA-3B95-4703-9B97-F675866B52CA}.Release|ARM.Build.0 = Release|ARM
		{E9E629BA-3B95-4703-9B97-F675866B52CA}.Release|ARM.Deploy.0 = Release|ARM
		{E9E629BA-3B95-4703-9B97-F675866B52CA}.Release|iPhone.ActiveCfg = Release|Any CPU
		{E9E629BA-3B95-4703-9B97-F675866B52CA}.Release|iPhoneSimulator.ActiveCfg = Release|Any CPU
		{E9E629BA-3B95-4703-9B97-F675866B52CA}.Release|Mixed Platforms.ActiveCfg = Release|x86
		{E9E629BA-3B95-4703-9B97-F675866B52CA}.Release|Mixed Platforms.Build.0 = Release|x86
		{E9E629BA-3B95-4703-9B97-F675866B52CA}.Release|Mixed Platforms.Deploy.0 = Release|x86
		{E9E629BA-3B95-4703-9B97-F675866B52CA}.Release|x64.ActiveCfg = Release|x64
		{E9E629BA-3B95-4703-9B97-F675866B52CA}.Release|x64.Build.0 = Release|x64
		{E9E629BA-3B95-4703-9B97-F675866B52CA}.Release|x64.Deploy.0 = Release|x64
		{E9E629BA-3B95-4703-9B97-F675866B52CA}.Release|x86.ActiveCfg = Release|x86
		{E9E629BA-3B95-4703-9B97-F675866B52CA}.Release|x86.Build.0 = Release|x86
		{E9E629BA-3B95-4703-9B97-F675866B52CA}.Release|x86.Deploy.0 = Release|x86
	EndGlobalSection
	GlobalSection(SolutionProperties) = preSolution
		HideSolutionNode = FALSE
	EndGlobalSection
	GlobalSection(NestedProjects) = preSolution
		{D8789EBA-DFFA-4D13-AE8B-1E8C03091763} = {5F1798A5-582A-49C7-A202-7F0C4A1F0A0B}
		{F1B34403-AA50-41AB-AC28-B5307FAB104F} = {5F1798A5-582A-49C7-A202-7F0C4A1F0A0B}
		{E9E629BA-3B95-4703-9B97-F675866B52CA} = {5F1798A5-582A-49C7-A202-7F0C4A1F0A0B}
	EndGlobalSection
	GlobalSection(MonoDevelopProperties) = preSolution
		StartupItem = iOS\RestaurantGuide.iOS.csproj
	EndGlobalSection
EndGlobal
