
Microsoft Visual Studio Solution File, Format Version 12.00
# Visual Studio 2012
VisualStudioVersion = 12.0.30501.0
MinimumVisualStudioVersion = 10.0.40219.1
Project("{2150E333-8FDC-42A3-9474-1A3956D46DE8}") = "Targets", "Targets", "{205F34F1-DBEC-46B8-A6E5-7C2BAB70DD0C}"
EndProject
Project("{FAE04EC0-301F-11D3-BF4B-00C04F79EFBC}") = "Todo.iOS", "Todo.iOS\Todo.iOS.csproj", "{1902913C-BB6F-4CCB-9B90-1D0CAEECAF12}"
EndProject
Project("{FAE04EC0-301F-11D3-BF4B-00C04F79EFBC}") = "Todo.Android", "Todo.Android\Todo.Android.csproj", "{B746C87C-7335-4830-AAE2-ACACE4D69DB5}"
EndProject
Project("{FAE04EC0-301F-11D3-BF4B-00C04F79EFBC}") = "Todo.WinPhone", "Todo.WinPhone\Todo.WinPhone.csproj", "{AAD6A9A1-7D9B-4526-A743-369E92BC0A29}"
EndProject
Project("{D954291E-2A0B-460D-934E-DC6B0785DB48}") = "TodoL10nResxShared", "TodoL10nResxShared\TodoL10nResxShared.shproj", "{3E0757A9-D534-4E7F-966F-CBB18F511EF7}"
EndProject
Global
	GlobalSection(SolutionConfigurationPlatforms) = preSolution
		Ad-Hoc|Any CPU = Ad-Hoc|Any CPU
		Ad-Hoc|ARM = Ad-Hoc|ARM
		Ad-Hoc|iPhone = Ad-Hoc|iPhone
		Ad-Hoc|iPhoneSimulator = Ad-Hoc|iPhoneSimulator
		Ad-Hoc|Mixed Platforms = Ad-Hoc|Mixed Platforms
		Ad-Hoc|x86 = Ad-Hoc|x86
		AppStore|Any CPU = AppStore|Any CPU
		AppStore|ARM = AppStore|ARM
		AppStore|iPhone = AppStore|iPhone
		AppStore|iPhoneSimulator = AppStore|iPhoneSimulator
		AppStore|Mixed Platforms = AppStore|Mixed Platforms
		AppStore|x86 = AppStore|x86
		Debug|Any CPU = Debug|Any CPU
		Debug|ARM = Debug|ARM
		Debug|iPhone = Debug|iPhone
		Debug|iPhoneSimulator = Debug|iPhoneSimulator
		Debug|Mixed Platforms = Debug|Mixed Platforms
		Debug|x86 = Debug|x86
		Release|Any CPU = Release|Any CPU
		Release|ARM = Release|ARM
		Release|iPhone = Release|iPhone
		Release|iPhoneSimulator = Release|iPhoneSimulator
		Release|Mixed Platforms = Release|Mixed Platforms
		Release|x86 = Release|x86
	EndGlobalSection
	GlobalSection(ProjectConfigurationPlatforms) = postSolution
		{1902913C-BB6F-4CCB-9B90-1D0CAEECAF12}.Ad-Hoc|Any CPU.ActiveCfg = Ad-Hoc|iPhone
		{1902913C-BB6F-4CCB-9B90-1D0CAEECAF12}.Ad-Hoc|ARM.ActiveCfg = Ad-Hoc|iPhoneSimulator
		{1902913C-BB6F-4CCB-9B90-1D0CAEECAF12}.Ad-Hoc|iPhone.ActiveCfg = Ad-Hoc|iPhone
		{1902913C-BB6F-4CCB-9B90-1D0CAEECAF12}.Ad-Hoc|iPhone.Build.0 = Ad-Hoc|iPhone
		{1902913C-BB6F-4CCB-9B90-1D0CAEECAF12}.Ad-Hoc|iPhoneSimulator.ActiveCfg = Ad-Hoc|iPhone
		{1902913C-BB6F-4CCB-9B90-1D0CAEECAF12}.Ad-Hoc|Mixed Platforms.ActiveCfg = Ad-Hoc|iPhoneSimulator
		{1902913C-BB6F-4CCB-9B90-1D0CAEECAF12}.Ad-Hoc|Mixed Platforms.Build.0 = Ad-Hoc|iPhoneSimulator
		{1902913C-BB6F-4CCB-9B90-1D0CAEECAF12}.Ad-Hoc|Mixed Platforms.Deploy.0 = Ad-Hoc|iPhoneSimulator
		{1902913C-BB6F-4CCB-9B90-1D0CAEECAF12}.Ad-Hoc|x86.ActiveCfg = Ad-Hoc|iPhoneSimulator
		{1902913C-BB6F-4CCB-9B90-1D0CAEECAF12}.AppStore|Any CPU.ActiveCfg = AppStore|iPhone
		{1902913C-BB6F-4CCB-9B90-1D0CAEECAF12}.AppStore|ARM.ActiveCfg = AppStore|iPhoneSimulator
		{1902913C-BB6F-4CCB-9B90-1D0CAEECAF12}.AppStore|iPhone.ActiveCfg = AppStore|iPhone
		{1902913C-BB6F-4CCB-9B90-1D0CAEECAF12}.AppStore|iPhone.Build.0 = AppStore|iPhone
		{1902913C-BB6F-4CCB-9B90-1D0CAEECAF12}.AppStore|iPhoneSimulator.ActiveCfg = AppStore|iPhone
		{1902913C-BB6F-4CCB-9B90-1D0CAEECAF12}.AppStore|Mixed Platforms.ActiveCfg = AppStore|iPhoneSimulator
		{1902913C-BB6F-4CCB-9B90-1D0CAEECAF12}.AppStore|Mixed Platforms.Build.0 = AppStore|iPhoneSimulator
		{1902913C-BB6F-4CCB-9B90-1D0CAEECAF12}.AppStore|Mixed Platforms.Deploy.0 = AppStore|iPhoneSimulator
		{1902913C-BB6F-4CCB-9B90-1D0CAEECAF12}.AppStore|x86.ActiveCfg = AppStore|iPhoneSimulator
		{1902913C-BB6F-4CCB-9B90-1D0CAEECAF12}.Debug|Any CPU.ActiveCfg = Debug|iPhoneSimulator
		{1902913C-BB6F-4CCB-9B90-1D0CAEECAF12}.Debug|Any CPU.Build.0 = Debug|iPhoneSimulator
		{1902913C-BB6F-4CCB-9B90-1D0CAEECAF12}.Debug|ARM.ActiveCfg = Debug|iPhone
		{1902913C-BB6F-4CCB-9B90-1D0CAEECAF12}.Debug|iPhone.ActiveCfg = Debug|iPhone
		{1902913C-BB6F-4CCB-9B90-1D0CAEECAF12}.Debug|iPhone.Build.0 = Debug|iPhone
		{1902913C-BB6F-4CCB-9B90-1D0CAEECAF12}.Debug|iPhoneSimulator.ActiveCfg = Debug|iPhoneSimulator
		{1902913C-BB6F-4CCB-9B90-1D0CAEECAF12}.Debug|iPhoneSimulator.Build.0 = Debug|iPhoneSimulator
		{1902913C-BB6F-4CCB-9B90-1D0CAEECAF12}.Debug|Mixed Platforms.ActiveCfg = Debug|iPhone
		{1902913C-BB6F-4CCB-9B90-1D0CAEECAF12}.Debug|Mixed Platforms.Build.0 = Debug|iPhone
		{1902913C-BB6F-4CCB-9B90-1D0CAEECAF12}.Debug|Mixed Platforms.Deploy.0 = Debug|iPhone
		{1902913C-BB6F-4CCB-9B90-1D0CAEECAF12}.Debug|x86.ActiveCfg = Debug|iPhone
		{1902913C-BB6F-4CCB-9B90-1D0CAEECAF12}.Release|Any CPU.ActiveCfg = Release|iPhoneSimulator
		{1902913C-BB6F-4CCB-9B90-1D0CAEECAF12}.Release|Any CPU.Build.0 = Release|iPhoneSimulator
		{1902913C-BB6F-4CCB-9B90-1D0CAEECAF12}.Release|ARM.ActiveCfg = Release|iPhone
		{1902913C-BB6F-4CCB-9B90-1D0CAEECAF12}.Release|iPhone.ActiveCfg = Release|iPhone
		{1902913C-BB6F-4CCB-9B90-1D0CAEECAF12}.Release|iPhone.Build.0 = Release|iPhone
		{1902913C-BB6F-4CCB-9B90-1D0CAEECAF12}.Release|iPhoneSimulator.ActiveCfg = Release|iPhoneSimulator
		{1902913C-BB6F-4CCB-9B90-1D0CAEECAF12}.Release|iPhoneSimulator.Build.0 = Release|iPhoneSimulator
		{1902913C-BB6F-4CCB-9B90-1D0CAEECAF12}.Release|Mixed Platforms.ActiveCfg = Release|iPhone
		{1902913C-BB6F-4CCB-9B90-1D0CAEECAF12}.Release|Mixed Platforms.Build.0 = Release|iPhone
		{1902913C-BB6F-4CCB-9B90-1D0CAEECAF12}.Release|Mixed Platforms.Deploy.0 = Release|iPhone
		{1902913C-BB6F-4CCB-9B90-1D0CAEECAF12}.Release|x86.ActiveCfg = Release|iPhone
		{AAD6A9A1-7D9B-4526-A743-369E92BC0A29}.Ad-Hoc|Any CPU.ActiveCfg = Release|Any CPU
		{AAD6A9A1-7D9B-4526-A743-369E92BC0A29}.Ad-Hoc|Any CPU.Build.0 = Release|Any CPU
		{AAD6A9A1-7D9B-4526-A743-369E92BC0A29}.Ad-Hoc|Any CPU.Deploy.0 = Release|Any CPU
		{AAD6A9A1-7D9B-4526-A743-369E92BC0A29}.Ad-Hoc|ARM.ActiveCfg = Release|ARM
		{AAD6A9A1-7D9B-4526-A743-369E92BC0A29}.Ad-Hoc|ARM.Build.0 = Release|ARM
		{AAD6A9A1-7D9B-4526-A743-369E92BC0A29}.Ad-Hoc|ARM.Deploy.0 = Release|ARM
		{AAD6A9A1-7D9B-4526-A743-369E92BC0A29}.Ad-Hoc|iPhone.ActiveCfg = Release|Any CPU
		{AAD6A9A1-7D9B-4526-A743-369E92BC0A29}.Ad-Hoc|iPhoneSimulator.ActiveCfg = Release|Any CPU
		{AAD6A9A1-7D9B-4526-A743-369E92BC0A29}.Ad-Hoc|Mixed Platforms.ActiveCfg = Release|x86
		{AAD6A9A1-7D9B-4526-A743-369E92BC0A29}.Ad-Hoc|Mixed Platforms.Build.0 = Release|x86
		{AAD6A9A1-7D9B-4526-A743-369E92BC0A29}.Ad-Hoc|Mixed Platforms.Deploy.0 = Release|x86
		{AAD6A9A1-7D9B-4526-A743-369E92BC0A29}.Ad-Hoc|x86.ActiveCfg = Release|x86
		{AAD6A9A1-7D9B-4526-A743-369E92BC0A29}.Ad-Hoc|x86.Build.0 = Release|x86
		{AAD6A9A1-7D9B-4526-A743-369E92BC0A29}.Ad-Hoc|x86.Deploy.0 = Release|x86
		{AAD6A9A1-7D9B-4526-A743-369E92BC0A29}.AppStore|Any CPU.ActiveCfg = Release|Any CPU
		{AAD6A9A1-7D9B-4526-A743-369E92BC0A29}.AppStore|Any CPU.Build.0 = Release|Any CPU
		{AAD6A9A1-7D9B-4526-A743-369E92BC0A29}.AppStore|Any CPU.Deploy.0 = Release|Any CPU
		{AAD6A9A1-7D9B-4526-A743-369E92BC0A29}.AppStore|ARM.ActiveCfg = Release|ARM
		{AAD6A9A1-7D9B-4526-A743-369E92BC0A29}.AppStore|ARM.Build.0 = Release|ARM
		{AAD6A9A1-7D9B-4526-A743-369E92BC0A29}.AppStore|ARM.Deploy.0 = Release|ARM
		{AAD6A9A1-7D9B-4526-A743-369E92BC0A29}.AppStore|iPhone.ActiveCfg = Release|Any CPU
		{AAD6A9A1-7D9B-4526-A743-369E92BC0A29}.AppStore|iPhoneSimulator.ActiveCfg = Release|Any CPU
		{AAD6A9A1-7D9B-4526-A743-369E92BC0A29}.AppStore|Mixed Platforms.ActiveCfg = Release|x86
		{AAD6A9A1-7D9B-4526-A743-369E92BC0A29}.AppStore|Mixed Platforms.Build.0 = Release|x86
		{AAD6A9A1-7D9B-4526-A743-369E92BC0A29}.AppStore|Mixed Platforms.Deploy.0 = Release|x86
		{AAD6A9A1-7D9B-4526-A743-369E92BC0A29}.AppStore|x86.ActiveCfg = Release|x86
		{AAD6A9A1-7D9B-4526-A743-369E92BC0A29}.AppStore|x86.Build.0 = Release|x86
		{AAD6A9A1-7D9B-4526-A743-369E92BC0A29}.AppStore|x86.Deploy.0 = Release|x86
		{AAD6A9A1-7D9B-4526-A743-369E92BC0A29}.Debug|Any CPU.ActiveCfg = Debug|Any CPU
		{AAD6A9A1-7D9B-4526-A743-369E92BC0A29}.Debug|Any CPU.Build.0 = Debug|Any CPU
		{AAD6A9A1-7D9B-4526-A743-369E92BC0A29}.Debug|Any CPU.Deploy.0 = Debug|Any CPU
		{AAD6A9A1-7D9B-4526-A743-369E92BC0A29}.Debug|ARM.ActiveCfg = Debug|ARM
		{AAD6A9A1-7D9B-4526-A743-369E92BC0A29}.Debug|ARM.Build.0 = Debug|ARM
		{AAD6A9A1-7D9B-4526-A743-369E92BC0A29}.Debug|ARM.Deploy.0 = Debug|ARM
		{AAD6A9A1-7D9B-4526-A743-369E92BC0A29}.Debug|iPhone.ActiveCfg = Debug|Any CPU
		{AAD6A9A1-7D9B-4526-A743-369E92BC0A29}.Debug|iPhoneSimulator.ActiveCfg = Debug|Any CPU
		{AAD6A9A1-7D9B-4526-A743-369E92BC0A29}.Debug|Mixed Platforms.ActiveCfg = Debug|x86
		{AAD6A9A1-7D9B-4526-A743-369E92BC0A29}.Debug|Mixed Platforms.Build.0 = Debug|x86
		{AAD6A9A1-7D9B-4526-A743-369E92BC0A29}.Debug|Mixed Platforms.Deploy.0 = Debug|x86
		{AAD6A9A1-7D9B-4526-A743-369E92BC0A29}.Debug|x86.ActiveCfg = Debug|x86
		{AAD6A9A1-7D9B-4526-A743-369E92BC0A29}.Debug|x86.Build.0 = Debug|x86
		{AAD6A9A1-7D9B-4526-A743-369E92BC0A29}.Debug|x86.Deploy.0 = Debug|x86
		{AAD6A9A1-7D9B-4526-A743-369E92BC0A29}.Release|Any CPU.ActiveCfg = Release|Any CPU
		{AAD6A9A1-7D9B-4526-A743-369E92BC0A29}.Release|Any CPU.Build.0 = Release|Any CPU
		{AAD6A9A1-7D9B-4526-A743-369E92BC0A29}.Release|Any CPU.Deploy.0 = Release|Any CPU
		{AAD6A9A1-7D9B-4526-A743-369E92BC0A29}.Release|ARM.ActiveCfg = Release|ARM
		{AAD6A9A1-7D9B-4526-A743-369E92BC0A29}.Release|ARM.Build.0 = Release|ARM
		{AAD6A9A1-7D9B-4526-A743-369E92BC0A29}.Release|ARM.Deploy.0 = Release|ARM
		{AAD6A9A1-7D9B-4526-A743-369E92BC0A29}.Release|iPhone.ActiveCfg = Release|Any CPU
		{AAD6A9A1-7D9B-4526-A743-369E92BC0A29}.Release|iPhoneSimulator.ActiveCfg = Release|Any CPU
		{AAD6A9A1-7D9B-4526-A743-369E92BC0A29}.Release|Mixed Platforms.ActiveCfg = Release|x86
		{AAD6A9A1-7D9B-4526-A743-369E92BC0A29}.Release|Mixed Platforms.Build.0 = Release|x86
		{AAD6A9A1-7D9B-4526-A743-369E92BC0A29}.Release|Mixed Platforms.Deploy.0 = Release|x86
		{AAD6A9A1-7D9B-4526-A743-369E92BC0A29}.Release|x86.ActiveCfg = Release|x86
		{AAD6A9A1-7D9B-4526-A743-369E92BC0A29}.Release|x86.Build.0 = Release|x86
		{AAD6A9A1-7D9B-4526-A743-369E92BC0A29}.Release|x86.Deploy.0 = Release|x86
		{B746C87C-7335-4830-AAE2-ACACE4D69DB5}.Ad-Hoc|Any CPU.ActiveCfg = Debug|Any CPU
		{B746C87C-7335-4830-AAE2-ACACE4D69DB5}.Ad-Hoc|ARM.ActiveCfg = Release|Any CPU
		{B746C87C-7335-4830-AAE2-ACACE4D69DB5}.Ad-Hoc|iPhone.ActiveCfg = Release|Any CPU
		{B746C87C-7335-4830-AAE2-ACACE4D69DB5}.Ad-Hoc|iPhone.Build.0 = Release|Any CPU
		{B746C87C-7335-4830-AAE2-ACACE4D69DB5}.Ad-Hoc|iPhoneSimulator.ActiveCfg = Debug|Any CPU
		{B746C87C-7335-4830-AAE2-ACACE4D69DB5}.Ad-Hoc|Mixed Platforms.ActiveCfg = Release|Any CPU
		{B746C87C-7335-4830-AAE2-ACACE4D69DB5}.Ad-Hoc|Mixed Platforms.Build.0 = Release|Any CPU
		{B746C87C-7335-4830-AAE2-ACACE4D69DB5}.Ad-Hoc|Mixed Platforms.Deploy.0 = Release|Any CPU
		{B746C87C-7335-4830-AAE2-ACACE4D69DB5}.Ad-Hoc|x86.ActiveCfg = Release|Any CPU
		{B746C87C-7335-4830-AAE2-ACACE4D69DB5}.AppStore|Any CPU.ActiveCfg = Debug|Any CPU
		{B746C87C-7335-4830-AAE2-ACACE4D69DB5}.AppStore|ARM.ActiveCfg = Release|Any CPU
		{B746C87C-7335-4830-AAE2-ACACE4D69DB5}.AppStore|iPhone.ActiveCfg = Release|Any CPU
		{B746C87C-7335-4830-AAE2-ACACE4D69DB5}.AppStore|iPhone.Build.0 = Release|Any CPU
		{B746C87C-7335-4830-AAE2-ACACE4D69DB5}.AppStore|iPhoneSimulator.ActiveCfg = Debug|Any CPU
		{B746C87C-7335-4830-AAE2-ACACE4D69DB5}.AppStore|Mixed Platforms.ActiveCfg = Release|Any CPU
		{B746C87C-7335-4830-AAE2-ACACE4D69DB5}.AppStore|Mixed Platforms.Build.0 = Release|Any CPU
		{B746C87C-7335-4830-AAE2-ACACE4D69DB5}.AppStore|Mixed Platforms.Deploy.0 = Release|Any CPU
		{B746C87C-7335-4830-AAE2-ACACE4D69DB5}.AppStore|x86.ActiveCfg = Release|Any CPU
		{B746C87C-7335-4830-AAE2-ACACE4D69DB5}.Debug|Any CPU.ActiveCfg = Debug|Any CPU
		{B746C87C-7335-4830-AAE2-ACACE4D69DB5}.Debug|Any CPU.Build.0 = Debug|Any CPU
		{B746C87C-7335-4830-AAE2-ACACE4D69DB5}.Debug|ARM.ActiveCfg = Debug|Any CPU
		{B746C87C-7335-4830-AAE2-ACACE4D69DB5}.Debug|iPhone.ActiveCfg = Debug|Any CPU
		{B746C87C-7335-4830-AAE2-ACACE4D69DB5}.Debug|iPhone.Build.0 = Debug|Any CPU
		{B746C87C-7335-4830-AAE2-ACACE4D69DB5}.Debug|iPhoneSimulator.ActiveCfg = Debug|Any CPU
		{B746C87C-7335-4830-AAE2-ACACE4D69DB5}.Debug|iPhoneSimulator.Build.0 = Debug|Any CPU
		{B746C87C-7335-4830-AAE2-ACACE4D69DB5}.Debug|Mixed Platforms.ActiveCfg = Debug|Any CPU
		{B746C87C-7335-4830-AAE2-ACACE4D69DB5}.Debug|Mixed Platforms.Build.0 = Debug|Any CPU
		{B746C87C-7335-4830-AAE2-ACACE4D69DB5}.Debug|Mixed Platforms.Deploy.0 = Debug|Any CPU
		{B746C87C-7335-4830-AAE2-ACACE4D69DB5}.Debug|x86.ActiveCfg = Debug|Any CPU
		{B746C87C-7335-4830-AAE2-ACACE4D69DB5}.Release|Any CPU.ActiveCfg = Release|Any CPU
		{B746C87C-7335-4830-AAE2-ACACE4D69DB5}.Release|Any CPU.Build.0 = Release|Any CPU
		{B746C87C-7335-4830-AAE2-ACACE4D69DB5}.Release|ARM.ActiveCfg = Release|Any CPU
		{B746C87C-7335-4830-AAE2-ACACE4D69DB5}.Release|iPhone.ActiveCfg = Release|Any CPU
		{B746C87C-7335-4830-AAE2-ACACE4D69DB5}.Release|iPhone.Build.0 = Release|Any CPU
		{B746C87C-7335-4830-AAE2-ACACE4D69DB5}.Release|iPhoneSimulator.ActiveCfg = Release|Any CPU
		{B746C87C-7335-4830-AAE2-ACACE4D69DB5}.Release|iPhoneSimulator.Build.0 = Release|Any CPU
		{B746C87C-7335-4830-AAE2-ACACE4D69DB5}.Release|Mixed Platforms.ActiveCfg = Release|Any CPU
		{B746C87C-7335-4830-AAE2-ACACE4D69DB5}.Release|Mixed Platforms.Build.0 = Release|Any CPU
		{B746C87C-7335-4830-AAE2-ACACE4D69DB5}.Release|Mixed Platforms.Deploy.0 = Release|Any CPU
		{B746C87C-7335-4830-AAE2-ACACE4D69DB5}.Release|x86.ActiveCfg = Release|Any CPU
	EndGlobalSection
	GlobalSection(NestedProjects) = preSolution
		{1902913C-BB6F-4CCB-9B90-1D0CAEECAF12} = {205F34F1-DBEC-46B8-A6E5-7C2BAB70DD0C}
		{B746C87C-7335-4830-AAE2-ACACE4D69DB5} = {205F34F1-DBEC-46B8-A6E5-7C2BAB70DD0C}
		{AAD6A9A1-7D9B-4526-A743-369E92BC0A29} = {205F34F1-DBEC-46B8-A6E5-7C2BAB70DD0C}
	EndGlobalSection
	GlobalSection(MonoDevelopProperties) = preSolution
		Policies = $0
		$0.DotNetNamingPolicy = $1
		$1.DirectoryNamespaceAssociation = None
		$1.ResourceNamePolicy = FileFormatDefault
		$0.StandardHeader = $2
		$2.Text = 
		$2.IncludeInNewFiles = True
		$0.NameConventionPolicy = $3
		$3.Rules = $4
		$4.NamingRule = $5
		$5.Name = Namespaces
		$5.AffectedEntity = Namespace
		$5.VisibilityMask = VisibilityMask
		$5.NamingStyle = PascalCase
		$5.IncludeInstanceMembers = True
		$5.IncludeStaticEntities = True
		$4.NamingRule = $6
		$6.Name = Types
		$6.AffectedEntity = Class, Struct, Enum, Delegate
		$6.VisibilityMask = Public
		$6.NamingStyle = PascalCase
		$6.IncludeInstanceMembers = True
		$6.IncludeStaticEntities = True
		$4.NamingRule = $7
		$7.Name = Interfaces
		$7.RequiredPrefixes = $8
		$8.String = I
		$7.AffectedEntity = Interface
		$7.VisibilityMask = Public
		$7.NamingStyle = PascalCase
		$7.IncludeInstanceMembers = True
		$7.IncludeStaticEntities = True
		$4.NamingRule = $9
		$9.Name = Attributes
		$9.RequiredSuffixes = $10
		$10.String = Attribute
		$9.AffectedEntity = CustomAttributes
		$9.VisibilityMask = Public
		$9.NamingStyle = PascalCase
		$9.IncludeInstanceMembers = True
		$9.IncludeStaticEntities = True
		$4.NamingRule = $11
		$11.Name = Event Arguments
		$11.RequiredSuffixes = $12
		$12.String = EventArgs
		$11.AffectedEntity = CustomEventArgs
		$11.VisibilityMask = Public
		$11.NamingStyle = PascalCase
		$11.IncludeInstanceMembers = True
		$11.IncludeStaticEntities = True
		$4.NamingRule = $13
		$13.Name = Exceptions
		$13.RequiredSuffixes = $14
		$14.String = Exception
		$13.AffectedEntity = CustomExceptions
		$13.VisibilityMask = VisibilityMask
		$13.NamingStyle = PascalCase
		$13.IncludeInstanceMembers = True
		$13.IncludeStaticEntities = True
		$4.NamingRule = $15
		$15.Name = Methods
		$15.AffectedEntity = Methods
		$15.VisibilityMask = Protected, Public
		$15.NamingStyle = PascalCase
		$15.IncludeInstanceMembers = True
		$15.IncludeStaticEntities = True
		$4.NamingRule = $16
		$16.Name = Static Readonly Fields
		$16.AffectedEntity = ReadonlyField
		$16.VisibilityMask = Protected, Public
		$16.NamingStyle = PascalCase
		$16.IncludeInstanceMembers = False
		$16.IncludeStaticEntities = True
		$4.NamingRule = $17
		$17.Name = Fields
		$17.AffectedEntity = Field
		$17.VisibilityMask = Protected, Public
		$17.NamingStyle = PascalCase
		$17.IncludeInstanceMembers = True
		$17.IncludeStaticEntities = True
		$4.NamingRule = $18
		$18.Name = ReadOnly Fields
		$18.AffectedEntity = ReadonlyField
		$18.VisibilityMask = Protected, Public
		$18.NamingStyle = PascalCase
		$18.IncludeInstanceMembers = True
		$18.IncludeStaticEntities = False
		$4.NamingRule = $19
		$19.Name = Constant Fields
		$19.AffectedEntity = ConstantField
		$19.VisibilityMask = Protected, Public
		$19.NamingStyle = PascalCase
		$19.IncludeInstanceMembers = True
		$19.IncludeStaticEntities = True
		$4.NamingRule = $20
		$20.Name = Properties
		$20.AffectedEntity = Property
		$20.VisibilityMask = Protected, Public
		$20.NamingStyle = PascalCase
		$20.IncludeInstanceMembers = True
		$20.IncludeStaticEntities = True
		$4.NamingRule = $21
		$21.Name = Events
		$21.AffectedEntity = Event
		$21.VisibilityMask = Protected, Public
		$21.NamingStyle = PascalCase
		$21.IncludeInstanceMembers = True
		$21.IncludeStaticEntities = True
		$4.NamingRule = $22
		$22.Name = Enum Members
		$22.AffectedEntity = EnumMember
		$22.VisibilityMask = VisibilityMask
		$22.NamingStyle = PascalCase
		$22.IncludeInstanceMembers = True
		$22.IncludeStaticEntities = True
		$4.NamingRule = $23
		$23.Name = Parameters
		$23.AffectedEntity = Parameter
		$23.VisibilityMask = VisibilityMask
		$23.NamingStyle = CamelCase
		$23.IncludeInstanceMembers = True
		$23.IncludeStaticEntities = True
		$4.NamingRule = $24
		$24.Name = Type Parameters
		$24.RequiredPrefixes = $25
		$25.String = T
		$24.AffectedEntity = TypeParameter
		$24.VisibilityMask = VisibilityMask
		$24.NamingStyle = PascalCase
		$24.IncludeInstanceMembers = True
		$24.IncludeStaticEntities = True
	EndGlobalSection
	GlobalSection(SolutionProperties) = preSolution
		HideSolutionNode = FALSE
	EndGlobalSection
EndGlobal
