
Microsoft Visual Studio Solution File, Format Version 12.00
# Visual Studio 15
VisualStudioVersion = 15.0.27004.2005
MinimumVisualStudioVersion = 10.0.40219.1
Project("{FAE04EC0-301F-11D3-BF4B-00C04F79EFBC}") = "XamarinFormscContacts.Android", "XamarinFormscContacts\XamarinFormscContacts.Android\XamarinFormscContacts.Android.csproj", "{1AF80896-865F-4584-B138-E596A35B7A48}"
EndProject
Project("{FAE04EC0-301F-11D3-BF4B-00C04F79EFBC}") = "XamarinFormscContacts", "XamarinFormscContacts\XamarinFormscContacts\XamarinFormscContacts.csproj", "{C7143417-9FC3-4881-A56A-9E6891CFB2FE}"
EndProject
Project("{FAE04EC0-301F-11D3-BF4B-00C04F79EFBC}") = "XamarinFormscContacts.UWP", "XamarinFormscContacts\XamarinFormscContacts.UWP\XamarinFormscContacts.UWP.csproj", "{66F81ABB-CE90-44D2-BBB2-1700D740967F}"
EndProject
Project("{FAE04EC0-301F-11D3-BF4B-00C04F79EFBC}") = "XamarinFormscContacts.iOS", "XamarinFormscContacts\XamarinFormscContacts.iOS\XamarinFormscContacts.iOS.csproj", "{238D1DD6-9F08-4DEE-B228-2C2FC101B1BC}"
EndProject
Global
	GlobalSection(SolutionConfigurationPlatforms) = preSolution
		Ad-Hoc|Any CPU = Ad-Hoc|Any CPU
		Ad-Hoc|ARM = Ad-Hoc|ARM
		Ad-Hoc|iPhone = Ad-Hoc|iPhone
		Ad-Hoc|iPhoneSimulator = Ad-Hoc|iPhoneSimulator
		Ad-Hoc|x64 = Ad-Hoc|x64
		Ad-Hoc|x86 = Ad-Hoc|x86
		AppStore|Any CPU = AppStore|Any CPU
		AppStore|ARM = AppStore|ARM
		AppStore|iPhone = AppStore|iPhone
		AppStore|iPhoneSimulator = AppStore|iPhoneSimulator
		AppStore|x64 = AppStore|x64
		AppStore|x86 = AppStore|x86
		Debug|Any CPU = Debug|Any CPU
		Debug|ARM = Debug|ARM
		Debug|iPhone = Debug|iPhone
		Debug|iPhoneSimulator = Debug|iPhoneSimulator
		Debug|x64 = Debug|x64
		Debug|x86 = Debug|x86
		Release|Any CPU = Release|Any CPU
		Release|ARM = Release|ARM
		Release|iPhone = Release|iPhone
		Release|iPhoneSimulator = Release|iPhoneSimulator
		Release|x64 = Release|x64
		Release|x86 = Release|x86
	EndGlobalSection
	GlobalSection(ProjectConfigurationPlatforms) = postSolution
		{1AF80896-865F-4584-B138-E596A35B7A48}.Ad-Hoc|Any CPU.ActiveCfg = Release|Any CPU
		{1AF80896-865F-4584-B138-E596A35B7A48}.Ad-Hoc|Any CPU.Build.0 = Release|Any CPU
		{1AF80896-865F-4584-B138-E596A35B7A48}.Ad-Hoc|Any CPU.Deploy.0 = Release|Any CPU
		{1AF80896-865F-4584-B138-E596A35B7A48}.Ad-Hoc|ARM.ActiveCfg = Release|Any CPU
		{1AF80896-865F-4584-B138-E596A35B7A48}.Ad-Hoc|ARM.Build.0 = Release|Any CPU
		{1AF80896-865F-4584-B138-E596A35B7A48}.Ad-Hoc|ARM.Deploy.0 = Release|Any CPU
		{1AF80896-865F-4584-B138-E596A35B7A48}.Ad-Hoc|iPhone.ActiveCfg = Release|Any CPU
		{1AF80896-865F-4584-B138-E596A35B7A48}.Ad-Hoc|iPhone.Build.0 = Release|Any CPU
		{1AF80896-865F-4584-B138-E596A35B7A48}.Ad-Hoc|iPhone.Deploy.0 = Release|Any CPU
		{1AF80896-865F-4584-B138-E596A35B7A48}.Ad-Hoc|iPhoneSimulator.ActiveCfg = Release|Any CPU
		{1AF80896-865F-4584-B138-E596A35B7A48}.Ad-Hoc|iPhoneSimulator.Build.0 = Release|Any CPU
		{1AF80896-865F-4584-B138-E596A35B7A48}.Ad-Hoc|iPhoneSimulator.Deploy.0 = Release|Any CPU
		{1AF80896-865F-4584-B138-E596A35B7A48}.Ad-Hoc|x64.ActiveCfg = Release|Any CPU
		{1AF80896-865F-4584-B138-E596A35B7A48}.Ad-Hoc|x64.Build.0 = Release|Any CPU
		{1AF80896-865F-4584-B138-E596A35B7A48}.Ad-Hoc|x64.Deploy.0 = Release|Any CPU
		{1AF80896-865F-4584-B138-E596A35B7A48}.Ad-Hoc|x86.ActiveCfg = Release|Any CPU
		{1AF80896-865F-4584-B138-E596A35B7A48}.Ad-Hoc|x86.Build.0 = Release|Any CPU
		{1AF80896-865F-4584-B138-E596A35B7A48}.Ad-Hoc|x86.Deploy.0 = Release|Any CPU
		{1AF80896-865F-4584-B138-E596A35B7A48}.AppStore|Any CPU.ActiveCfg = Release|Any CPU
		{1AF80896-865F-4584-B138-E596A35B7A48}.AppStore|Any CPU.Build.0 = Release|Any CPU
		{1AF80896-865F-4584-B138-E596A35B7A48}.AppStore|Any CPU.Deploy.0 = Release|Any CPU
		{1AF80896-865F-4584-B138-E596A35B7A48}.AppStore|ARM.ActiveCfg = Release|Any CPU
		{1AF80896-865F-4584-B138-E596A35B7A48}.AppStore|ARM.Build.0 = Release|Any CPU
		{1AF80896-865F-4584-B138-E596A35B7A48}.AppStore|ARM.Deploy.0 = Release|Any CPU
		{1AF80896-865F-4584-B138-E596A35B7A48}.AppStore|iPhone.ActiveCfg = Release|Any CPU
		{1AF80896-865F-4584-B138-E596A35B7A48}.AppStore|iPhone.Build.0 = Release|Any CPU
		{1AF80896-865F-4584-B138-E596A35B7A48}.AppStore|iPhone.Deploy.0 = Release|Any CPU
		{1AF80896-865F-4584-B138-E596A35B7A48}.AppStore|iPhoneSimulator.ActiveCfg = Release|Any CPU
		{1AF80896-865F-4584-B138-E596A35B7A48}.AppStore|iPhoneSimulator.Build.0 = Release|Any CPU
		{1AF80896-865F-4584-B138-E596A35B7A48}.AppStore|iPhoneSimulator.Deploy.0 = Release|Any CPU
		{1AF80896-865F-4584-B138-E596A35B7A48}.AppStore|x64.ActiveCfg = Release|Any CPU
		{1AF80896-865F-4584-B138-E596A35B7A48}.AppStore|x64.Build.0 = Release|Any CPU
		{1AF80896-865F-4584-B138-E596A35B7A48}.AppStore|x64.Deploy.0 = Release|Any CPU
		{1AF80896-865F-4584-B138-E596A35B7A48}.AppStore|x86.ActiveCfg = Release|Any CPU
		{1AF80896-865F-4584-B138-E596A35B7A48}.AppStore|x86.Build.0 = Release|Any CPU
		{1AF80896-865F-4584-B138-E596A35B7A48}.AppStore|x86.Deploy.0 = Release|Any CPU
		{1AF80896-865F-4584-B138-E596A35B7A48}.Debug|Any CPU.ActiveCfg = Debug|Any CPU
		{1AF80896-865F-4584-B138-E596A35B7A48}.Debug|Any CPU.Build.0 = Debug|Any CPU
		{1AF80896-865F-4584-B138-E596A35B7A48}.Debug|Any CPU.Deploy.0 = Debug|Any CPU
		{1AF80896-865F-4584-B138-E596A35B7A48}.Debug|ARM.ActiveCfg = Debug|Any CPU
		{1AF80896-865F-4584-B138-E596A35B7A48}.Debug|ARM.Build.0 = Debug|Any CPU
		{1AF80896-865F-4584-B138-E596A35B7A48}.Debug|ARM.Deploy.0 = Debug|Any CPU
		{1AF80896-865F-4584-B138-E596A35B7A48}.Debug|iPhone.ActiveCfg = Debug|Any CPU
		{1AF80896-865F-4584-B138-E596A35B7A48}.Debug|iPhone.Build.0 = Debug|Any CPU
		{1AF80896-865F-4584-B138-E596A35B7A48}.Debug|iPhone.Deploy.0 = Debug|Any CPU
		{1AF80896-865F-4584-B138-E596A35B7A48}.Debug|iPhoneSimulator.ActiveCfg = Debug|Any CPU
		{1AF80896-865F-4584-B138-E596A35B7A48}.Debug|iPhoneSimulator.Build.0 = Debug|Any CPU
		{1AF80896-865F-4584-B138-E596A35B7A48}.Debug|iPhoneSimulator.Deploy.0 = Debug|Any CPU
		{1AF80896-865F-4584-B138-E596A35B7A48}.Debug|x64.ActiveCfg = Debug|Any CPU
		{1AF80896-865F-4584-B138-E596A35B7A48}.Debug|x64.Build.0 = Debug|Any CPU
		{1AF80896-865F-4584-B138-E596A35B7A48}.Debug|x64.Deploy.0 = Debug|Any CPU
		{1AF80896-865F-4584-B138-E596A35B7A48}.Debug|x86.ActiveCfg = Debug|Any CPU
		{1AF80896-865F-4584-B138-E596A35B7A48}.Debug|x86.Build.0 = Debug|Any CPU
		{1AF80896-865F-4584-B138-E596A35B7A48}.Debug|x86.Deploy.0 = Debug|Any CPU
		{1AF80896-865F-4584-B138-E596A35B7A48}.Release|Any CPU.ActiveCfg = Release|Any CPU
		{1AF80896-865F-4584-B138-E596A35B7A48}.Release|Any CPU.Build.0 = Release|Any CPU
		{1AF80896-865F-4584-B138-E596A35B7A48}.Release|Any CPU.Deploy.0 = Release|Any CPU
		{1AF80896-865F-4584-B138-E596A35B7A48}.Release|ARM.ActiveCfg = Release|Any CPU
		{1AF80896-865F-4584-B138-E596A35B7A48}.Release|ARM.Build.0 = Release|Any CPU
		{1AF80896-865F-4584-B138-E596A35B7A48}.Release|ARM.Deploy.0 = Release|Any CPU
		{1AF80896-865F-4584-B138-E596A35B7A48}.Release|iPhone.ActiveCfg = Release|Any CPU
		{1AF80896-865F-4584-B138-E596A35B7A48}.Release|iPhone.Build.0 = Release|Any CPU
		{1AF80896-865F-4584-B138-E596A35B7A48}.Release|iPhone.Deploy.0 = Release|Any CPU
		{1AF80896-865F-4584-B138-E596A35B7A48}.Release|iPhoneSimulator.ActiveCfg = Release|Any CPU
		{1AF80896-865F-4584-B138-E596A35B7A48}.Release|iPhoneSimulator.Build.0 = Release|Any CPU
		{1AF80896-865F-4584-B138-E596A35B7A48}.Release|iPhoneSimulator.Deploy.0 = Release|Any CPU
		{1AF80896-865F-4584-B138-E596A35B7A48}.Release|x64.ActiveCfg = Release|Any CPU
		{1AF80896-865F-4584-B138-E596A35B7A48}.Release|x64.Build.0 = Release|Any CPU
		{1AF80896-865F-4584-B138-E596A35B7A48}.Release|x64.Deploy.0 = Release|Any CPU
		{1AF80896-865F-4584-B138-E596A35B7A48}.Release|x86.ActiveCfg = Release|Any CPU
		{1AF80896-865F-4584-B138-E596A35B7A48}.Release|x86.Build.0 = Release|Any CPU
		{1AF80896-865F-4584-B138-E596A35B7A48}.Release|x86.Deploy.0 = Release|Any CPU
		{C7143417-9FC3-4881-A56A-9E6891CFB2FE}.Ad-Hoc|Any CPU.ActiveCfg = Release|Any CPU
		{C7143417-9FC3-4881-A56A-9E6891CFB2FE}.Ad-Hoc|Any CPU.Build.0 = Release|Any CPU
		{C7143417-9FC3-4881-A56A-9E6891CFB2FE}.Ad-Hoc|ARM.ActiveCfg = Release|Any CPU
		{C7143417-9FC3-4881-A56A-9E6891CFB2FE}.Ad-Hoc|ARM.Build.0 = Release|Any CPU
		{C7143417-9FC3-4881-A56A-9E6891CFB2FE}.Ad-Hoc|iPhone.ActiveCfg = Release|Any CPU
		{C7143417-9FC3-4881-A56A-9E6891CFB2FE}.Ad-Hoc|iPhone.Build.0 = Release|Any CPU
		{C7143417-9FC3-4881-A56A-9E6891CFB2FE}.Ad-Hoc|iPhoneSimulator.ActiveCfg = Release|Any CPU
		{C7143417-9FC3-4881-A56A-9E6891CFB2FE}.Ad-Hoc|iPhoneSimulator.Build.0 = Release|Any CPU
		{C7143417-9FC3-4881-A56A-9E6891CFB2FE}.Ad-Hoc|x64.ActiveCfg = Release|Any CPU
		{C7143417-9FC3-4881-A56A-9E6891CFB2FE}.Ad-Hoc|x64.Build.0 = Release|Any CPU
		{C7143417-9FC3-4881-A56A-9E6891CFB2FE}.Ad-Hoc|x86.ActiveCfg = Release|Any CPU
		{C7143417-9FC3-4881-A56A-9E6891CFB2FE}.Ad-Hoc|x86.Build.0 = Release|Any CPU
		{C7143417-9FC3-4881-A56A-9E6891CFB2FE}.AppStore|Any CPU.ActiveCfg = Release|Any CPU
		{C7143417-9FC3-4881-A56A-9E6891CFB2FE}.AppStore|Any CPU.Build.0 = Release|Any CPU
		{C7143417-9FC3-4881-A56A-9E6891CFB2FE}.AppStore|ARM.ActiveCfg = Release|Any CPU
		{C7143417-9FC3-4881-A56A-9E6891CFB2FE}.AppStore|ARM.Build.0 = Release|Any CPU
		{C7143417-9FC3-4881-A56A-9E6891CFB2FE}.AppStore|iPhone.ActiveCfg = Release|Any CPU
		{C7143417-9FC3-4881-A56A-9E6891CFB2FE}.AppStore|iPhone.Build.0 = Release|Any CPU
		{C7143417-9FC3-4881-A56A-9E6891CFB2FE}.AppStore|iPhoneSimulator.ActiveCfg = Release|Any CPU
		{C7143417-9FC3-4881-A56A-9E6891CFB2FE}.AppStore|iPhoneSimulator.Build.0 = Release|Any CPU
		{C7143417-9FC3-4881-A56A-9E6891CFB2FE}.AppStore|x64.ActiveCfg = Release|Any CPU
		{C7143417-9FC3-4881-A56A-9E6891CFB2FE}.AppStore|x64.Build.0 = Release|Any CPU
		{C7143417-9FC3-4881-A56A-9E6891CFB2FE}.AppStore|x86.ActiveCfg = Release|Any CPU
		{C7143417-9FC3-4881-A56A-9E6891CFB2FE}.AppStore|x86.Build.0 = Release|Any CPU
		{C7143417-9FC3-4881-A56A-9E6891CFB2FE}.Debug|Any CPU.ActiveCfg = Debug|Any CPU
		{C7143417-9FC3-4881-A56A-9E6891CFB2FE}.Debug|Any CPU.Build.0 = Debug|Any CPU
		{C7143417-9FC3-4881-A56A-9E6891CFB2FE}.Debug|ARM.ActiveCfg = Debug|Any CPU
		{C7143417-9FC3-4881-A56A-9E6891CFB2FE}.Debug|ARM.Build.0 = Debug|Any CPU
		{C7143417-9FC3-4881-A56A-9E6891CFB2FE}.Debug|iPhone.ActiveCfg = Debug|Any CPU
		{C7143417-9FC3-4881-A56A-9E6891CFB2FE}.Debug|iPhone.Build.0 = Debug|Any CPU
		{C7143417-9FC3-4881-A56A-9E6891CFB2FE}.Debug|iPhoneSimulator.ActiveCfg = Debug|Any CPU
		{C7143417-9FC3-4881-A56A-9E6891CFB2FE}.Debug|iPhoneSimulator.Build.0 = Debug|Any CPU
		{C7143417-9FC3-4881-A56A-9E6891CFB2FE}.Debug|x64.ActiveCfg = Debug|Any CPU
		{C7143417-9FC3-4881-A56A-9E6891CFB2FE}.Debug|x64.Build.0 = Debug|Any CPU
		{C7143417-9FC3-4881-A56A-9E6891CFB2FE}.Debug|x86.ActiveCfg = Debug|Any CPU
		{C7143417-9FC3-4881-A56A-9E6891CFB2FE}.Debug|x86.Build.0 = Debug|Any CPU
		{C7143417-9FC3-4881-A56A-9E6891CFB2FE}.Release|Any CPU.ActiveCfg = Release|Any CPU
		{C7143417-9FC3-4881-A56A-9E6891CFB2FE}.Release|Any CPU.Build.0 = Release|Any CPU
		{C7143417-9FC3-4881-A56A-9E6891CFB2FE}.Release|ARM.ActiveCfg = Release|Any CPU
		{C7143417-9FC3-4881-A56A-9E6891CFB2FE}.Release|ARM.Build.0 = Release|Any CPU
		{C7143417-9FC3-4881-A56A-9E6891CFB2FE}.Release|iPhone.ActiveCfg = Release|Any CPU
		{C7143417-9FC3-4881-A56A-9E6891CFB2FE}.Release|iPhone.Build.0 = Release|Any CPU
		{C7143417-9FC3-4881-A56A-9E6891CFB2FE}.Release|iPhoneSimulator.ActiveCfg = Release|Any CPU
		{C7143417-9FC3-4881-A56A-9E6891CFB2FE}.Release|iPhoneSimulator.Build.0 = Release|Any CPU
		{C7143417-9FC3-4881-A56A-9E6891CFB2FE}.Release|x64.ActiveCfg = Release|Any CPU
		{C7143417-9FC3-4881-A56A-9E6891CFB2FE}.Release|x64.Build.0 = Release|Any CPU
		{C7143417-9FC3-4881-A56A-9E6891CFB2FE}.Release|x86.ActiveCfg = Release|Any CPU
		{C7143417-9FC3-4881-A56A-9E6891CFB2FE}.Release|x86.Build.0 = Release|Any CPU
		{66F81ABB-CE90-44D2-BBB2-1700D740967F}.Ad-Hoc|Any CPU.ActiveCfg = Release|x86
		{66F81ABB-CE90-44D2-BBB2-1700D740967F}.Ad-Hoc|Any CPU.Build.0 = Release|x86
		{66F81ABB-CE90-44D2-BBB2-1700D740967F}.Ad-Hoc|Any CPU.Deploy.0 = Release|x86
		{66F81ABB-CE90-44D2-BBB2-1700D740967F}.Ad-Hoc|ARM.ActiveCfg = Release|ARM
		{66F81ABB-CE90-44D2-BBB2-1700D740967F}.Ad-Hoc|ARM.Build.0 = Release|ARM
		{66F81ABB-CE90-44D2-BBB2-1700D740967F}.Ad-Hoc|ARM.Deploy.0 = Release|ARM
		{66F81ABB-CE90-44D2-BBB2-1700D740967F}.Ad-Hoc|iPhone.ActiveCfg = Release|x86
		{66F81ABB-CE90-44D2-BBB2-1700D740967F}.Ad-Hoc|iPhone.Build.0 = Release|x86
		{66F81ABB-CE90-44D2-BBB2-1700D740967F}.Ad-Hoc|iPhone.Deploy.0 = Release|x86
		{66F81ABB-CE90-44D2-BBB2-1700D740967F}.Ad-Hoc|iPhoneSimulator.ActiveCfg = Release|x86
		{66F81ABB-CE90-44D2-BBB2-1700D740967F}.Ad-Hoc|iPhoneSimulator.Build.0 = Release|x86
		{66F81ABB-CE90-44D2-BBB2-1700D740967F}.Ad-Hoc|iPhoneSimulator.Deploy.0 = Release|x86
		{66F81ABB-CE90-44D2-BBB2-1700D740967F}.Ad-Hoc|x64.ActiveCfg = Release|x64
		{66F81ABB-CE90-44D2-BBB2-1700D740967F}.Ad-Hoc|x64.Build.0 = Release|x64
		{66F81ABB-CE90-44D2-BBB2-1700D740967F}.Ad-Hoc|x64.Deploy.0 = Release|x64
		{66F81ABB-CE90-44D2-BBB2-1700D740967F}.Ad-Hoc|x86.ActiveCfg = Release|x86
		{66F81ABB-CE90-44D2-BBB2-1700D740967F}.Ad-Hoc|x86.Build.0 = Release|x86
		{66F81ABB-CE90-44D2-BBB2-1700D740967F}.Ad-Hoc|x86.Deploy.0 = Release|x86
		{66F81ABB-CE90-44D2-BBB2-1700D740967F}.AppStore|Any CPU.ActiveCfg = Release|x86
		{66F81ABB-CE90-44D2-BBB2-1700D740967F}.AppStore|Any CPU.Build.0 = Release|x86
		{66F81ABB-CE90-44D2-BBB2-1700D740967F}.AppStore|Any CPU.Deploy.0 = Release|x86
		{66F81ABB-CE90-44D2-BBB2-1700D740967F}.AppStore|ARM.ActiveCfg = Release|ARM
		{66F81ABB-CE90-44D2-BBB2-1700D740967F}.AppStore|ARM.Build.0 = Release|ARM
		{66F81ABB-CE90-44D2-BBB2-1700D740967F}.AppStore|ARM.Deploy.0 = Release|ARM
		{66F81ABB-CE90-44D2-BBB2-1700D740967F}.AppStore|iPhone.ActiveCfg = Release|x86
		{66F81ABB-CE90-44D2-BBB2-1700D740967F}.AppStore|iPhone.Build.0 = Release|x86
		{66F81ABB-CE90-44D2-BBB2-1700D740967F}.AppStore|iPhone.Deploy.0 = Release|x86
		{66F81ABB-CE90-44D2-BBB2-1700D740967F}.AppStore|iPhoneSimulator.ActiveCfg = Release|x86
		{66F81ABB-CE90-44D2-BBB2-1700D740967F}.AppStore|iPhoneSimulator.Build.0 = Release|x86
		{66F81ABB-CE90-44D2-BBB2-1700D740967F}.AppStore|iPhoneSimulator.Deploy.0 = Release|x86
		{66F81ABB-CE90-44D2-BBB2-1700D740967F}.AppStore|x64.ActiveCfg = Release|x64
		{66F81ABB-CE90-44D2-BBB2-1700D740967F}.AppStore|x64.Build.0 = Release|x64
		{66F81ABB-CE90-44D2-BBB2-1700D740967F}.AppStore|x64.Deploy.0 = Release|x64
		{66F81ABB-CE90-44D2-BBB2-1700D740967F}.AppStore|x86.ActiveCfg = Release|x86
		{66F81ABB-CE90-44D2-BBB2-1700D740967F}.AppStore|x86.Build.0 = Release|x86
		{66F81ABB-CE90-44D2-BBB2-1700D740967F}.AppStore|x86.Deploy.0 = Release|x86
		{66F81ABB-CE90-44D2-BBB2-1700D740967F}.Debug|Any CPU.ActiveCfg = Debug|x86
		{66F81ABB-CE90-44D2-BBB2-1700D740967F}.Debug|ARM.ActiveCfg = Debug|ARM
		{66F81ABB-CE90-44D2-BBB2-1700D740967F}.Debug|ARM.Build.0 = Debug|ARM
		{66F81ABB-CE90-44D2-BBB2-1700D740967F}.Debug|ARM.Deploy.0 = Debug|ARM
		{66F81ABB-CE90-44D2-BBB2-1700D740967F}.Debug|iPhone.ActiveCfg = Debug|x86
		{66F81ABB-CE90-44D2-BBB2-1700D740967F}.Debug|iPhoneSimulator.ActiveCfg = Debug|x86
		{66F81ABB-CE90-44D2-BBB2-1700D740967F}.Debug|x64.ActiveCfg = Debug|x64
		{66F81ABB-CE90-44D2-BBB2-1700D740967F}.Debug|x64.Build.0 = Debug|x64
		{66F81ABB-CE90-44D2-BBB2-1700D740967F}.Debug|x64.Deploy.0 = Debug|x64
		{66F81ABB-CE90-44D2-BBB2-1700D740967F}.Debug|x86.ActiveCfg = Debug|x86
		{66F81ABB-CE90-44D2-BBB2-1700D740967F}.Debug|x86.Build.0 = Debug|x86
		{66F81ABB-CE90-44D2-BBB2-1700D740967F}.Debug|x86.Deploy.0 = Debug|x86
		{66F81ABB-CE90-44D2-BBB2-1700D740967F}.Release|Any CPU.ActiveCfg = Release|x86
		{66F81ABB-CE90-44D2-BBB2-1700D740967F}.Release|ARM.ActiveCfg = Release|ARM
		{66F81ABB-CE90-44D2-BBB2-1700D740967F}.Release|ARM.Build.0 = Release|ARM
		{66F81ABB-CE90-44D2-BBB2-1700D740967F}.Release|ARM.Deploy.0 = Release|ARM
		{66F81ABB-CE90-44D2-BBB2-1700D740967F}.Release|iPhone.ActiveCfg = Release|x86
		{66F81ABB-CE90-44D2-BBB2-1700D740967F}.Release|iPhoneSimulator.ActiveCfg = Release|x86
		{66F81ABB-CE90-44D2-BBB2-1700D740967F}.Release|x64.ActiveCfg = Release|x64
		{66F81ABB-CE90-44D2-BBB2-1700D740967F}.Release|x64.Build.0 = Release|x64
		{66F81ABB-CE90-44D2-BBB2-1700D740967F}.Release|x64.Deploy.0 = Release|x64
		{66F81ABB-CE90-44D2-BBB2-1700D740967F}.Release|x86.ActiveCfg = Release|x86
		{66F81ABB-CE90-44D2-BBB2-1700D740967F}.Release|x86.Build.0 = Release|x86
		{66F81ABB-CE90-44D2-BBB2-1700D740967F}.Release|x86.Deploy.0 = Release|x86
		{238D1DD6-9F08-4DEE-B228-2C2FC101B1BC}.Ad-Hoc|Any CPU.ActiveCfg = Ad-Hoc|iPhoneSimulator
		{238D1DD6-9F08-4DEE-B228-2C2FC101B1BC}.Ad-Hoc|ARM.ActiveCfg = Ad-Hoc|iPhone
		{238D1DD6-9F08-4DEE-B228-2C2FC101B1BC}.Ad-Hoc|iPhone.ActiveCfg = Ad-Hoc|iPhone
		{238D1DD6-9F08-4DEE-B228-2C2FC101B1BC}.Ad-Hoc|iPhone.Build.0 = Ad-Hoc|iPhone
		{238D1DD6-9F08-4DEE-B228-2C2FC101B1BC}.Ad-Hoc|iPhoneSimulator.ActiveCfg = Ad-Hoc|iPhoneSimulator
		{238D1DD6-9F08-4DEE-B228-2C2FC101B1BC}.Ad-Hoc|iPhoneSimulator.Build.0 = Ad-Hoc|iPhoneSimulator
		{238D1DD6-9F08-4DEE-B228-2C2FC101B1BC}.Ad-Hoc|x64.ActiveCfg = Ad-Hoc|iPhone
		{238D1DD6-9F08-4DEE-B228-2C2FC101B1BC}.Ad-Hoc|x86.ActiveCfg = Ad-Hoc|iPhone
		{238D1DD6-9F08-4DEE-B228-2C2FC101B1BC}.AppStore|Any CPU.ActiveCfg = AppStore|iPhoneSimulator
		{238D1DD6-9F08-4DEE-B228-2C2FC101B1BC}.AppStore|ARM.ActiveCfg = AppStore|iPhone
		{238D1DD6-9F08-4DEE-B228-2C2FC101B1BC}.AppStore|iPhone.ActiveCfg = AppStore|iPhone
		{238D1DD6-9F08-4DEE-B228-2C2FC101B1BC}.AppStore|iPhone.Build.0 = AppStore|iPhone
		{238D1DD6-9F08-4DEE-B228-2C2FC101B1BC}.AppStore|iPhoneSimulator.ActiveCfg = AppStore|iPhoneSimulator
		{238D1DD6-9F08-4DEE-B228-2C2FC101B1BC}.AppStore|iPhoneSimulator.Build.0 = AppStore|iPhoneSimulator
		{238D1DD6-9F08-4DEE-B228-2C2FC101B1BC}.AppStore|x64.ActiveCfg = AppStore|iPhone
		{238D1DD6-9F08-4DEE-B228-2C2FC101B1BC}.AppStore|x86.ActiveCfg = AppStore|iPhone
		{238D1DD6-9F08-4DEE-B228-2C2FC101B1BC}.Debug|Any CPU.ActiveCfg = Debug|iPhoneSimulator
		{238D1DD6-9F08-4DEE-B228-2C2FC101B1BC}.Debug|ARM.ActiveCfg = Debug|iPhone
		{238D1DD6-9F08-4DEE-B228-2C2FC101B1BC}.Debug|iPhone.ActiveCfg = Debug|iPhone
		{238D1DD6-9F08-4DEE-B228-2C2FC101B1BC}.Debug|iPhone.Build.0 = Debug|iPhone
		{238D1DD6-9F08-4DEE-B228-2C2FC101B1BC}.Debug|iPhoneSimulator.ActiveCfg = Debug|iPhoneSimulator
		{238D1DD6-9F08-4DEE-B228-2C2FC101B1BC}.Debug|iPhoneSimulator.Build.0 = Debug|iPhoneSimulator
		{238D1DD6-9F08-4DEE-B228-2C2FC101B1BC}.Debug|x64.ActiveCfg = Debug|iPhone
		{238D1DD6-9F08-4DEE-B228-2C2FC101B1BC}.Debug|x86.ActiveCfg = Debug|iPhone
		{238D1DD6-9F08-4DEE-B228-2C2FC101B1BC}.Release|Any CPU.ActiveCfg = Release|iPhoneSimulator
		{238D1DD6-9F08-4DEE-B228-2C2FC101B1BC}.Release|ARM.ActiveCfg = Release|iPhone
		{238D1DD6-9F08-4DEE-B228-2C2FC101B1BC}.Release|iPhone.ActiveCfg = Release|iPhone
		{238D1DD6-9F08-4DEE-B228-2C2FC101B1BC}.Release|iPhone.Build.0 = Release|iPhone
		{238D1DD6-9F08-4DEE-B228-2C2FC101B1BC}.Release|iPhoneSimulator.ActiveCfg = Release|iPhoneSimulator
		{238D1DD6-9F08-4DEE-B228-2C2FC101B1BC}.Release|iPhoneSimulator.Build.0 = Release|iPhoneSimulator
		{238D1DD6-9F08-4DEE-B228-2C2FC101B1BC}.Release|x64.ActiveCfg = Release|iPhone
		{238D1DD6-9F08-4DEE-B228-2C2FC101B1BC}.Release|x86.ActiveCfg = Release|iPhone
	EndGlobalSection
	GlobalSection(SolutionProperties) = preSolution
		HideSolutionNode = FALSE
	EndGlobalSection
	GlobalSection(ExtensibilityGlobals) = postSolution
		SolutionGuid = {45AD2090-C52D-40F0-8FBA-1095B0FE3D0C}
	EndGlobalSection
EndGlobal
