
Microsoft Visual Studio Solution File, Format Version 12.00
# Visual Studio Version 16
VisualStudioVersion = 16.0.31702.278
MinimumVisualStudioVersion = 10.0.40219.1
Project("{FAE04EC0-301F-11D3-BF4B-00C04F79EFBC}") = "Xamarin.Forms.FoldableTest.UWP", "Xamarin.Forms.FoldableTest.UWP\Xamarin.Forms.FoldableTest.UWP.csproj", "{C830FF75-F136-4579-89F5-57D5A9D74089}"
EndProject
Project("{FAE04EC0-301F-11D3-BF4B-00C04F79EFBC}") = "Xamarin.Forms.FoldableTest.Android", "Xamarin.Forms.FoldableTest.Android\Xamarin.Forms.FoldableTest.Android.csproj", "{3AAE9029-B568-4C90-8968-1C376526977D}"
EndProject
Project("{FAE04EC0-301F-11D3-BF4B-00C04F79EFBC}") = "Xamarin.Forms.FoldableTest.iOS", "Xamarin.Forms.FoldableTest.iOS\Xamarin.Forms.FoldableTest.iOS.csproj", "{E2FD8EE4-E517-4E43-9AE5-547A18E2A5A9}"
EndProject
Project("{FAE04EC0-301F-11D3-BF4B-00C04F79EFBC}") = "Xamarin.Forms.FoldableTest", "Xamarin.Forms.FoldableTest\Xamarin.Forms.FoldableTest.csproj", "{3DC06E23-3F29-4D2F-A426-2B4888621EAF}"
EndProject
Project("{FAE04EC0-301F-11D3-BF4B-00C04F79EFBC}") = "Xamarin.Forms.Foldable", "..\Xamarin.Forms.Foldable\Xamarin.Forms.Foldable.csproj", "{78CDC5B7-80E2-4298-B3EA-8742016CCFB2}"
EndProject
Global
	GlobalSection(SolutionConfigurationPlatforms) = preSolution
		Debug|Any CPU = Debug|Any CPU
		Debug|ARM = Debug|ARM
		Debug|iPhone = Debug|iPhone
		Debug|iPhoneSimulator = Debug|iPhoneSimulator
		Debug|x64 = Debug|x64
		Debug|x86 = Debug|x86
		Release|Any CPU = Release|Any CPU
		Release|ARM = Release|ARM
		Release|iPhone = Release|iPhone
		Release|iPhoneSimulator = Release|iPhoneSimulator
		Release|x64 = Release|x64
		Release|x86 = Release|x86
	EndGlobalSection
	GlobalSection(ProjectConfigurationPlatforms) = postSolution
		{C830FF75-F136-4579-89F5-57D5A9D74089}.Debug|Any CPU.ActiveCfg = Debug|x86
		{C830FF75-F136-4579-89F5-57D5A9D74089}.Debug|Any CPU.Build.0 = Debug|x86
		{C830FF75-F136-4579-89F5-57D5A9D74089}.Debug|Any CPU.Deploy.0 = Debug|x86
		{C830FF75-F136-4579-89F5-57D5A9D74089}.Debug|ARM.ActiveCfg = Debug|ARM
		{C830FF75-F136-4579-89F5-57D5A9D74089}.Debug|ARM.Build.0 = Debug|ARM
		{C830FF75-F136-4579-89F5-57D5A9D74089}.Debug|ARM.Deploy.0 = Debug|ARM
		{C830FF75-F136-4579-89F5-57D5A9D74089}.Debug|iPhone.ActiveCfg = Debug|x86
		{C830FF75-F136-4579-89F5-57D5A9D74089}.Debug|iPhone.Build.0 = Debug|x86
		{C830FF75-F136-4579-89F5-57D5A9D74089}.Debug|iPhone.Deploy.0 = Debug|x86
		{C830FF75-F136-4579-89F5-57D5A9D74089}.Debug|iPhoneSimulator.ActiveCfg = Debug|x86
		{C830FF75-F136-4579-89F5-57D5A9D74089}.Debug|iPhoneSimulator.Build.0 = Debug|x86
		{C830FF75-F136-4579-89F5-57D5A9D74089}.Debug|iPhoneSimulator.Deploy.0 = Debug|x86
		{C830FF75-F136-4579-89F5-57D5A9D74089}.Debug|x64.ActiveCfg = Debug|x64
		{C830FF75-F136-4579-89F5-57D5A9D74089}.Debug|x64.Build.0 = Debug|x64
		{C830FF75-F136-4579-89F5-57D5A9D74089}.Debug|x64.Deploy.0 = Debug|x64
		{C830FF75-F136-4579-89F5-57D5A9D74089}.Debug|x86.ActiveCfg = Debug|x86
		{C830FF75-F136-4579-89F5-57D5A9D74089}.Debug|x86.Build.0 = Debug|x86
		{C830FF75-F136-4579-89F5-57D5A9D74089}.Debug|x86.Deploy.0 = Debug|x86
		{C830FF75-F136-4579-89F5-57D5A9D74089}.Release|Any CPU.ActiveCfg = Release|x86
		{C830FF75-F136-4579-89F5-57D5A9D74089}.Release|Any CPU.Build.0 = Release|x86
		{C830FF75-F136-4579-89F5-57D5A9D74089}.Release|Any CPU.Deploy.0 = Release|x86
		{C830FF75-F136-4579-89F5-57D5A9D74089}.Release|ARM.ActiveCfg = Release|ARM
		{C830FF75-F136-4579-89F5-57D5A9D74089}.Release|ARM.Build.0 = Release|ARM
		{C830FF75-F136-4579-89F5-57D5A9D74089}.Release|ARM.Deploy.0 = Release|ARM
		{C830FF75-F136-4579-89F5-57D5A9D74089}.Release|iPhone.ActiveCfg = Release|x86
		{C830FF75-F136-4579-89F5-57D5A9D74089}.Release|iPhone.Build.0 = Release|x86
		{C830FF75-F136-4579-89F5-57D5A9D74089}.Release|iPhone.Deploy.0 = Release|x86
		{C830FF75-F136-4579-89F5-57D5A9D74089}.Release|iPhoneSimulator.ActiveCfg = Release|x86
		{C830FF75-F136-4579-89F5-57D5A9D74089}.Release|iPhoneSimulator.Build.0 = Release|x86
		{C830FF75-F136-4579-89F5-57D5A9D74089}.Release|iPhoneSimulator.Deploy.0 = Release|x86
		{C830FF75-F136-4579-89F5-57D5A9D74089}.Release|x64.ActiveCfg = Release|x64
		{C830FF75-F136-4579-89F5-57D5A9D74089}.Release|x64.Build.0 = Release|x64
		{C830FF75-F136-4579-89F5-57D5A9D74089}.Release|x64.Deploy.0 = Release|x64
		{C830FF75-F136-4579-89F5-57D5A9D74089}.Release|x86.ActiveCfg = Release|x86
		{C830FF75-F136-4579-89F5-57D5A9D74089}.Release|x86.Build.0 = Release|x86
		{C830FF75-F136-4579-89F5-57D5A9D74089}.Release|x86.Deploy.0 = Release|x86
		{3AAE9029-B568-4C90-8968-1C376526977D}.Debug|Any CPU.ActiveCfg = Debug|Any CPU
		{3AAE9029-B568-4C90-8968-1C376526977D}.Debug|Any CPU.Build.0 = Debug|Any CPU
		{3AAE9029-B568-4C90-8968-1C376526977D}.Debug|Any CPU.Deploy.0 = Debug|Any CPU
		{3AAE9029-B568-4C90-8968-1C376526977D}.Debug|ARM.ActiveCfg = Debug|Any CPU
		{3AAE9029-B568-4C90-8968-1C376526977D}.Debug|ARM.Build.0 = Debug|Any CPU
		{3AAE9029-B568-4C90-8968-1C376526977D}.Debug|ARM.Deploy.0 = Debug|Any CPU
		{3AAE9029-B568-4C90-8968-1C376526977D}.Debug|iPhone.ActiveCfg = Debug|Any CPU
		{3AAE9029-B568-4C90-8968-1C376526977D}.Debug|iPhone.Build.0 = Debug|Any CPU
		{3AAE9029-B568-4C90-8968-1C376526977D}.Debug|iPhone.Deploy.0 = Debug|Any CPU
		{3AAE9029-B568-4C90-8968-1C376526977D}.Debug|iPhoneSimulator.ActiveCfg = Debug|Any CPU
		{3AAE9029-B568-4C90-8968-1C376526977D}.Debug|iPhoneSimulator.Build.0 = Debug|Any CPU
		{3AAE9029-B568-4C90-8968-1C376526977D}.Debug|iPhoneSimulator.Deploy.0 = Debug|Any CPU
		{3AAE9029-B568-4C90-8968-1C376526977D}.Debug|x64.ActiveCfg = Debug|Any CPU
		{3AAE9029-B568-4C90-8968-1C376526977D}.Debug|x64.Build.0 = Debug|Any CPU
		{3AAE9029-B568-4C90-8968-1C376526977D}.Debug|x64.Deploy.0 = Debug|Any CPU
		{3AAE9029-B568-4C90-8968-1C376526977D}.Debug|x86.ActiveCfg = Debug|Any CPU
		{3AAE9029-B568-4C90-8968-1C376526977D}.Debug|x86.Build.0 = Debug|Any CPU
		{3AAE9029-B568-4C90-8968-1C376526977D}.Debug|x86.Deploy.0 = Debug|Any CPU
		{3AAE9029-B568-4C90-8968-1C376526977D}.Release|Any CPU.ActiveCfg = Release|Any CPU
		{3AAE9029-B568-4C90-8968-1C376526977D}.Release|Any CPU.Build.0 = Release|Any CPU
		{3AAE9029-B568-4C90-8968-1C376526977D}.Release|Any CPU.Deploy.0 = Release|Any CPU
		{3AAE9029-B568-4C90-8968-1C376526977D}.Release|ARM.ActiveCfg = Release|Any CPU
		{3AAE9029-B568-4C90-8968-1C376526977D}.Release|ARM.Build.0 = Release|Any CPU
		{3AAE9029-B568-4C90-8968-1C376526977D}.Release|ARM.Deploy.0 = Release|Any CPU
		{3AAE9029-B568-4C90-8968-1C376526977D}.Release|iPhone.ActiveCfg = Release|Any CPU
		{3AAE9029-B568-4C90-8968-1C376526977D}.Release|iPhone.Build.0 = Release|Any CPU
		{3AAE9029-B568-4C90-8968-1C376526977D}.Release|iPhone.Deploy.0 = Release|Any CPU
		{3AAE9029-B568-4C90-8968-1C376526977D}.Release|iPhoneSimulator.ActiveCfg = Release|Any CPU
		{3AAE9029-B568-4C90-8968-1C376526977D}.Release|iPhoneSimulator.Build.0 = Release|Any CPU
		{3AAE9029-B568-4C90-8968-1C376526977D}.Release|iPhoneSimulator.Deploy.0 = Release|Any CPU
		{3AAE9029-B568-4C90-8968-1C376526977D}.Release|x64.ActiveCfg = Release|Any CPU
		{3AAE9029-B568-4C90-8968-1C376526977D}.Release|x64.Build.0 = Release|Any CPU
		{3AAE9029-B568-4C90-8968-1C376526977D}.Release|x64.Deploy.0 = Release|Any CPU
		{3AAE9029-B568-4C90-8968-1C376526977D}.Release|x86.ActiveCfg = Release|Any CPU
		{3AAE9029-B568-4C90-8968-1C376526977D}.Release|x86.Build.0 = Release|Any CPU
		{3AAE9029-B568-4C90-8968-1C376526977D}.Release|x86.Deploy.0 = Release|Any CPU
		{E2FD8EE4-E517-4E43-9AE5-547A18E2A5A9}.Debug|Any CPU.ActiveCfg = Debug|iPhoneSimulator
		{E2FD8EE4-E517-4E43-9AE5-547A18E2A5A9}.Debug|Any CPU.Build.0 = Debug|iPhoneSimulator
		{E2FD8EE4-E517-4E43-9AE5-547A18E2A5A9}.Debug|Any CPU.Deploy.0 = Debug|iPhoneSimulator
		{E2FD8EE4-E517-4E43-9AE5-547A18E2A5A9}.Debug|ARM.ActiveCfg = Debug|iPhone
		{E2FD8EE4-E517-4E43-9AE5-547A18E2A5A9}.Debug|ARM.Build.0 = Debug|iPhone
		{E2FD8EE4-E517-4E43-9AE5-547A18E2A5A9}.Debug|ARM.Deploy.0 = Debug|iPhone
		{E2FD8EE4-E517-4E43-9AE5-547A18E2A5A9}.Debug|iPhone.ActiveCfg = Debug|iPhone
		{E2FD8EE4-E517-4E43-9AE5-547A18E2A5A9}.Debug|iPhone.Build.0 = Debug|iPhone
		{E2FD8EE4-E517-4E43-9AE5-547A18E2A5A9}.Debug|iPhone.Deploy.0 = Debug|iPhone
		{E2FD8EE4-E517-4E43-9AE5-547A18E2A5A9}.Debug|iPhoneSimulator.ActiveCfg = Debug|iPhoneSimulator
		{E2FD8EE4-E517-4E43-9AE5-547A18E2A5A9}.Debug|iPhoneSimulator.Build.0 = Debug|iPhoneSimulator
		{E2FD8EE4-E517-4E43-9AE5-547A18E2A5A9}.Debug|iPhoneSimulator.Deploy.0 = Debug|iPhoneSimulator
		{E2FD8EE4-E517-4E43-9AE5-547A18E2A5A9}.Debug|x64.ActiveCfg = Debug|iPhoneSimulator
		{E2FD8EE4-E517-4E43-9AE5-547A18E2A5A9}.Debug|x64.Build.0 = Debug|iPhoneSimulator
		{E2FD8EE4-E517-4E43-9AE5-547A18E2A5A9}.Debug|x64.Deploy.0 = Debug|iPhoneSimulator
		{E2FD8EE4-E517-4E43-9AE5-547A18E2A5A9}.Debug|x86.ActiveCfg = Debug|iPhoneSimulator
		{E2FD8EE4-E517-4E43-9AE5-547A18E2A5A9}.Debug|x86.Build.0 = Debug|iPhoneSimulator
		{E2FD8EE4-E517-4E43-9AE5-547A18E2A5A9}.Debug|x86.Deploy.0 = Debug|iPhoneSimulator
		{E2FD8EE4-E517-4E43-9AE5-547A18E2A5A9}.Release|Any CPU.ActiveCfg = Release|iPhoneSimulator
		{E2FD8EE4-E517-4E43-9AE5-547A18E2A5A9}.Release|Any CPU.Build.0 = Release|iPhoneSimulator
		{E2FD8EE4-E517-4E43-9AE5-547A18E2A5A9}.Release|Any CPU.Deploy.0 = Release|iPhoneSimulator
		{E2FD8EE4-E517-4E43-9AE5-547A18E2A5A9}.Release|ARM.ActiveCfg = Release|iPhoneSimulator
		{E2FD8EE4-E517-4E43-9AE5-547A18E2A5A9}.Release|ARM.Build.0 = Release|iPhoneSimulator
		{E2FD8EE4-E517-4E43-9AE5-547A18E2A5A9}.Release|ARM.Deploy.0 = Release|iPhoneSimulator
		{E2FD8EE4-E517-4E43-9AE5-547A18E2A5A9}.Release|iPhone.ActiveCfg = Release|iPhone
		{E2FD8EE4-E517-4E43-9AE5-547A18E2A5A9}.Release|iPhone.Build.0 = Release|iPhone
		{E2FD8EE4-E517-4E43-9AE5-547A18E2A5A9}.Release|iPhone.Deploy.0 = Release|iPhone
		{E2FD8EE4-E517-4E43-9AE5-547A18E2A5A9}.Release|iPhoneSimulator.ActiveCfg = Release|iPhoneSimulator
		{E2FD8EE4-E517-4E43-9AE5-547A18E2A5A9}.Release|iPhoneSimulator.Build.0 = Release|iPhoneSimulator
		{E2FD8EE4-E517-4E43-9AE5-547A18E2A5A9}.Release|iPhoneSimulator.Deploy.0 = Release|iPhoneSimulator
		{E2FD8EE4-E517-4E43-9AE5-547A18E2A5A9}.Release|x64.ActiveCfg = Release|iPhoneSimulator
		{E2FD8EE4-E517-4E43-9AE5-547A18E2A5A9}.Release|x64.Build.0 = Release|iPhoneSimulator
		{E2FD8EE4-E517-4E43-9AE5-547A18E2A5A9}.Release|x64.Deploy.0 = Release|iPhoneSimulator
		{E2FD8EE4-E517-4E43-9AE5-547A18E2A5A9}.Release|x86.ActiveCfg = Release|iPhoneSimulator
		{E2FD8EE4-E517-4E43-9AE5-547A18E2A5A9}.Release|x86.Build.0 = Release|iPhoneSimulator
		{E2FD8EE4-E517-4E43-9AE5-547A18E2A5A9}.Release|x86.Deploy.0 = Release|iPhoneSimulator
		{3DC06E23-3F29-4D2F-A426-2B4888621EAF}.Debug|Any CPU.ActiveCfg = Debug|Any CPU
		{3DC06E23-3F29-4D2F-A426-2B4888621EAF}.Debug|Any CPU.Build.0 = Debug|Any CPU
		{3DC06E23-3F29-4D2F-A426-2B4888621EAF}.Debug|Any CPU.Deploy.0 = Debug|Any CPU
		{3DC06E23-3F29-4D2F-A426-2B4888621EAF}.Debug|ARM.ActiveCfg = Debug|Any CPU
		{3DC06E23-3F29-4D2F-A426-2B4888621EAF}.Debug|ARM.Build.0 = Debug|Any CPU
		{3DC06E23-3F29-4D2F-A426-2B4888621EAF}.Debug|ARM.Deploy.0 = Debug|Any CPU
		{3DC06E23-3F29-4D2F-A426-2B4888621EAF}.Debug|iPhone.ActiveCfg = Debug|Any CPU
		{3DC06E23-3F29-4D2F-A426-2B4888621EAF}.Debug|iPhone.Build.0 = Debug|Any CPU
		{3DC06E23-3F29-4D2F-A426-2B4888621EAF}.Debug|iPhone.Deploy.0 = Debug|Any CPU
		{3DC06E23-3F29-4D2F-A426-2B4888621EAF}.Debug|iPhoneSimulator.ActiveCfg = Debug|Any CPU
		{3DC06E23-3F29-4D2F-A426-2B4888621EAF}.Debug|iPhoneSimulator.Build.0 = Debug|Any CPU
		{3DC06E23-3F29-4D2F-A426-2B4888621EAF}.Debug|iPhoneSimulator.Deploy.0 = Debug|Any CPU
		{3DC06E23-3F29-4D2F-A426-2B4888621EAF}.Debug|x64.ActiveCfg = Debug|Any CPU
		{3DC06E23-3F29-4D2F-A426-2B4888621EAF}.Debug|x64.Build.0 = Debug|Any CPU
		{3DC06E23-3F29-4D2F-A426-2B4888621EAF}.Debug|x64.Deploy.0 = Debug|Any CPU
		{3DC06E23-3F29-4D2F-A426-2B4888621EAF}.Debug|x86.ActiveCfg = Debug|Any CPU
		{3DC06E23-3F29-4D2F-A426-2B4888621EAF}.Debug|x86.Build.0 = Debug|Any CPU
		{3DC06E23-3F29-4D2F-A426-2B4888621EAF}.Debug|x86.Deploy.0 = Debug|Any CPU
		{3DC06E23-3F29-4D2F-A426-2B4888621EAF}.Release|Any CPU.ActiveCfg = Release|Any CPU
		{3DC06E23-3F29-4D2F-A426-2B4888621EAF}.Release|Any CPU.Build.0 = Release|Any CPU
		{3DC06E23-3F29-4D2F-A426-2B4888621EAF}.Release|Any CPU.Deploy.0 = Release|Any CPU
		{3DC06E23-3F29-4D2F-A426-2B4888621EAF}.Release|ARM.ActiveCfg = Release|Any CPU
		{3DC06E23-3F29-4D2F-A426-2B4888621EAF}.Release|ARM.Build.0 = Release|Any CPU
		{3DC06E23-3F29-4D2F-A426-2B4888621EAF}.Release|ARM.Deploy.0 = Release|Any CPU
		{3DC06E23-3F29-4D2F-A426-2B4888621EAF}.Release|iPhone.ActiveCfg = Release|Any CPU
		{3DC06E23-3F29-4D2F-A426-2B4888621EAF}.Release|iPhone.Build.0 = Release|Any CPU
		{3DC06E23-3F29-4D2F-A426-2B4888621EAF}.Release|iPhone.Deploy.0 = Release|Any CPU
		{3DC06E23-3F29-4D2F-A426-2B4888621EAF}.Release|iPhoneSimulator.ActiveCfg = Release|Any CPU
		{3DC06E23-3F29-4D2F-A426-2B4888621EAF}.Release|iPhoneSimulator.Build.0 = Release|Any CPU
		{3DC06E23-3F29-4D2F-A426-2B4888621EAF}.Release|iPhoneSimulator.Deploy.0 = Release|Any CPU
		{3DC06E23-3F29-4D2F-A426-2B4888621EAF}.Release|x64.ActiveCfg = Release|Any CPU
		{3DC06E23-3F29-4D2F-A426-2B4888621EAF}.Release|x64.Build.0 = Release|Any CPU
		{3DC06E23-3F29-4D2F-A426-2B4888621EAF}.Release|x64.Deploy.0 = Release|Any CPU
		{3DC06E23-3F29-4D2F-A426-2B4888621EAF}.Release|x86.ActiveCfg = Release|Any CPU
		{3DC06E23-3F29-4D2F-A426-2B4888621EAF}.Release|x86.Build.0 = Release|Any CPU
		{3DC06E23-3F29-4D2F-A426-2B4888621EAF}.Release|x86.Deploy.0 = Release|Any CPU
		{78CDC5B7-80E2-4298-B3EA-8742016CCFB2}.Debug|Any CPU.ActiveCfg = Debug|Any CPU
		{78CDC5B7-80E2-4298-B3EA-8742016CCFB2}.Debug|Any CPU.Build.0 = Debug|Any CPU
		{78CDC5B7-80E2-4298-B3EA-8742016CCFB2}.Debug|ARM.ActiveCfg = Debug|Any CPU
		{78CDC5B7-80E2-4298-B3EA-8742016CCFB2}.Debug|ARM.Build.0 = Debug|Any CPU
		{78CDC5B7-80E2-4298-B3EA-8742016CCFB2}.Debug|iPhone.ActiveCfg = Debug|Any CPU
		{78CDC5B7-80E2-4298-B3EA-8742016CCFB2}.Debug|iPhone.Build.0 = Debug|Any CPU
		{78CDC5B7-80E2-4298-B3EA-8742016CCFB2}.Debug|iPhoneSimulator.ActiveCfg = Debug|Any CPU
		{78CDC5B7-80E2-4298-B3EA-8742016CCFB2}.Debug|iPhoneSimulator.Build.0 = Debug|Any CPU
		{78CDC5B7-80E2-4298-B3EA-8742016CCFB2}.Debug|x64.ActiveCfg = Debug|Any CPU
		{78CDC5B7-80E2-4298-B3EA-8742016CCFB2}.Debug|x64.Build.0 = Debug|Any CPU
		{78CDC5B7-80E2-4298-B3EA-8742016CCFB2}.Debug|x86.ActiveCfg = Debug|Any CPU
		{78CDC5B7-80E2-4298-B3EA-8742016CCFB2}.Debug|x86.Build.0 = Debug|Any CPU
		{78CDC5B7-80E2-4298-B3EA-8742016CCFB2}.Release|Any CPU.ActiveCfg = Release|Any CPU
		{78CDC5B7-80E2-4298-B3EA-8742016CCFB2}.Release|Any CPU.Build.0 = Release|Any CPU
		{78CDC5B7-80E2-4298-B3EA-8742016CCFB2}.Release|ARM.ActiveCfg = Release|Any CPU
		{78CDC5B7-80E2-4298-B3EA-8742016CCFB2}.Release|ARM.Build.0 = Release|Any CPU
		{78CDC5B7-80E2-4298-B3EA-8742016CCFB2}.Release|iPhone.ActiveCfg = Release|Any CPU
		{78CDC5B7-80E2-4298-B3EA-8742016CCFB2}.Release|iPhone.Build.0 = Release|Any CPU
		{78CDC5B7-80E2-4298-B3EA-8742016CCFB2}.Release|iPhoneSimulator.ActiveCfg = Release|Any CPU
		{78CDC5B7-80E2-4298-B3EA-8742016CCFB2}.Release|iPhoneSimulator.Build.0 = Release|Any CPU
		{78CDC5B7-80E2-4298-B3EA-8742016CCFB2}.Release|x64.ActiveCfg = Release|Any CPU
		{78CDC5B7-80E2-4298-B3EA-8742016CCFB2}.Release|x64.Build.0 = Release|Any CPU
		{78CDC5B7-80E2-4298-B3EA-8742016CCFB2}.Release|x86.ActiveCfg = Release|Any CPU
		{78CDC5B7-80E2-4298-B3EA-8742016CCFB2}.Release|x86.Build.0 = Release|Any CPU
	EndGlobalSection
	GlobalSection(SolutionProperties) = preSolution
		HideSolutionNode = FALSE
	EndGlobalSection
	GlobalSection(ExtensibilityGlobals) = postSolution
		SolutionGuid = {655919B8-A9C3-4F75-A4BF-B25A061622D3}
	EndGlobalSection
EndGlobal
