
Microsoft Visual Studio Solution File, Format Version 12.00
# Visual Studio 2012
VisualStudioVersion = 12.0.30324.0
MinimumVisualStudioVersion = 10.0.40219.1
Project("{FAE04EC0-301F-11D3-BF4B-00C04F79EFBC}") = "TicTacForms", "TicTacForms\TicTacForms.csproj", "{67F9D3A8-F71E-4428-913F-C37AE82CDB24}"
EndProject
Project("{2150E333-8FDC-42A3-9474-1A3956D46DE8}") = "Plats", "Plats", "{7EC63F8A-51C4-46E5-9DFB-7F1C17961AEA}"
EndProject
Project("{FAE04EC0-301F-11D3-BF4B-00C04F79EFBC}") = "TicTacForms.iOS", "TicTacForms.iOS\TicTacForms.iOS.csproj", "{E03889A7-BB76-4735-B65C-1847B14B3678}"
EndProject
Project("{FAE04EC0-301F-11D3-BF4B-00C04F79EFBC}") = "TicTacForms.Android", "TicTacForms.Android\TicTacForms.Android.csproj", "{FC795907-A9A3-4528-8FD6-B215E276CB96}"
EndProject
Project("{FAE04EC0-301F-11D3-BF4B-00C04F79EFBC}") = "TicTacForms.WinPhone", "TicTacForms.WinPhone\TicTacForms.WinPhone.csproj", "{5D1404EC-45B7-4BFB-94B0-D2F09B4DBC0C}"
EndProject
Global
	GlobalSection(SolutionConfigurationPlatforms) = preSolution
		Ad-Hoc|Any CPU = Ad-Hoc|Any CPU
		Ad-Hoc|ARM = Ad-Hoc|ARM
		Ad-Hoc|iPhone = Ad-Hoc|iPhone
		Ad-Hoc|iPhoneSimulator = Ad-Hoc|iPhoneSimulator
		Ad-Hoc|Mixed Platforms = Ad-Hoc|Mixed Platforms
		Ad-Hoc|x86 = Ad-Hoc|x86
		AppStore|Any CPU = AppStore|Any CPU
		AppStore|ARM = AppStore|ARM
		AppStore|iPhone = AppStore|iPhone
		AppStore|iPhoneSimulator = AppStore|iPhoneSimulator
		AppStore|Mixed Platforms = AppStore|Mixed Platforms
		AppStore|x86 = AppStore|x86
		Debug|Any CPU = Debug|Any CPU
		Debug|ARM = Debug|ARM
		Debug|iPhone = Debug|iPhone
		Debug|iPhoneSimulator = Debug|iPhoneSimulator
		Debug|Mixed Platforms = Debug|Mixed Platforms
		Debug|x86 = Debug|x86
		Release|Any CPU = Release|Any CPU
		Release|ARM = Release|ARM
		Release|iPhone = Release|iPhone
		Release|iPhoneSimulator = Release|iPhoneSimulator
		Release|Mixed Platforms = Release|Mixed Platforms
		Release|x86 = Release|x86
	EndGlobalSection
	GlobalSection(ProjectConfigurationPlatforms) = postSolution
		{5D1404EC-45B7-4BFB-94B0-D2F09B4DBC0C}.Ad-Hoc|Any CPU.ActiveCfg = Release|Any CPU
		{5D1404EC-45B7-4BFB-94B0-D2F09B4DBC0C}.Ad-Hoc|Any CPU.Build.0 = Release|Any CPU
		{5D1404EC-45B7-4BFB-94B0-D2F09B4DBC0C}.Ad-Hoc|Any CPU.Deploy.0 = Release|Any CPU
		{5D1404EC-45B7-4BFB-94B0-D2F09B4DBC0C}.Ad-Hoc|ARM.ActiveCfg = Release|ARM
		{5D1404EC-45B7-4BFB-94B0-D2F09B4DBC0C}.Ad-Hoc|ARM.Build.0 = Release|ARM
		{5D1404EC-45B7-4BFB-94B0-D2F09B4DBC0C}.Ad-Hoc|ARM.Deploy.0 = Release|ARM
		{5D1404EC-45B7-4BFB-94B0-D2F09B4DBC0C}.Ad-Hoc|iPhone.ActiveCfg = Release|Any CPU
		{5D1404EC-45B7-4BFB-94B0-D2F09B4DBC0C}.Ad-Hoc|iPhoneSimulator.ActiveCfg = Release|Any CPU
		{5D1404EC-45B7-4BFB-94B0-D2F09B4DBC0C}.Ad-Hoc|Mixed Platforms.ActiveCfg = Release|x86
		{5D1404EC-45B7-4BFB-94B0-D2F09B4DBC0C}.Ad-Hoc|Mixed Platforms.Build.0 = Release|x86
		{5D1404EC-45B7-4BFB-94B0-D2F09B4DBC0C}.Ad-Hoc|Mixed Platforms.Deploy.0 = Release|x86
		{5D1404EC-45B7-4BFB-94B0-D2F09B4DBC0C}.Ad-Hoc|x86.ActiveCfg = Release|x86
		{5D1404EC-45B7-4BFB-94B0-D2F09B4DBC0C}.Ad-Hoc|x86.Build.0 = Release|x86
		{5D1404EC-45B7-4BFB-94B0-D2F09B4DBC0C}.Ad-Hoc|x86.Deploy.0 = Release|x86
		{5D1404EC-45B7-4BFB-94B0-D2F09B4DBC0C}.AppStore|Any CPU.ActiveCfg = Release|Any CPU
		{5D1404EC-45B7-4BFB-94B0-D2F09B4DBC0C}.AppStore|Any CPU.Build.0 = Release|Any CPU
		{5D1404EC-45B7-4BFB-94B0-D2F09B4DBC0C}.AppStore|Any CPU.Deploy.0 = Release|Any CPU
		{5D1404EC-45B7-4BFB-94B0-D2F09B4DBC0C}.AppStore|ARM.ActiveCfg = Release|ARM
		{5D1404EC-45B7-4BFB-94B0-D2F09B4DBC0C}.AppStore|ARM.Build.0 = Release|ARM
		{5D1404EC-45B7-4BFB-94B0-D2F09B4DBC0C}.AppStore|ARM.Deploy.0 = Release|ARM
		{5D1404EC-45B7-4BFB-94B0-D2F09B4DBC0C}.AppStore|iPhone.ActiveCfg = Release|Any CPU
		{5D1404EC-45B7-4BFB-94B0-D2F09B4DBC0C}.AppStore|iPhoneSimulator.ActiveCfg = Release|Any CPU
		{5D1404EC-45B7-4BFB-94B0-D2F09B4DBC0C}.AppStore|Mixed Platforms.ActiveCfg = Release|x86
		{5D1404EC-45B7-4BFB-94B0-D2F09B4DBC0C}.AppStore|Mixed Platforms.Build.0 = Release|x86
		{5D1404EC-45B7-4BFB-94B0-D2F09B4DBC0C}.AppStore|Mixed Platforms.Deploy.0 = Release|x86
		{5D1404EC-45B7-4BFB-94B0-D2F09B4DBC0C}.AppStore|x86.ActiveCfg = Release|x86
		{5D1404EC-45B7-4BFB-94B0-D2F09B4DBC0C}.AppStore|x86.Build.0 = Release|x86
		{5D1404EC-45B7-4BFB-94B0-D2F09B4DBC0C}.AppStore|x86.Deploy.0 = Release|x86
		{5D1404EC-45B7-4BFB-94B0-D2F09B4DBC0C}.Debug|Any CPU.ActiveCfg = Debug|Any CPU
		{5D1404EC-45B7-4BFB-94B0-D2F09B4DBC0C}.Debug|Any CPU.Build.0 = Debug|Any CPU
		{5D1404EC-45B7-4BFB-94B0-D2F09B4DBC0C}.Debug|Any CPU.Deploy.0 = Debug|Any CPU
		{5D1404EC-45B7-4BFB-94B0-D2F09B4DBC0C}.Debug|ARM.ActiveCfg = Debug|ARM
		{5D1404EC-45B7-4BFB-94B0-D2F09B4DBC0C}.Debug|ARM.Build.0 = Debug|ARM
		{5D1404EC-45B7-4BFB-94B0-D2F09B4DBC0C}.Debug|ARM.Deploy.0 = Debug|ARM
		{5D1404EC-45B7-4BFB-94B0-D2F09B4DBC0C}.Debug|iPhone.ActiveCfg = Debug|Any CPU
		{5D1404EC-45B7-4BFB-94B0-D2F09B4DBC0C}.Debug|iPhoneSimulator.ActiveCfg = Debug|Any CPU
		{5D1404EC-45B7-4BFB-94B0-D2F09B4DBC0C}.Debug|Mixed Platforms.ActiveCfg = Debug|Any CPU
		{5D1404EC-45B7-4BFB-94B0-D2F09B4DBC0C}.Debug|Mixed Platforms.Build.0 = Debug|Any CPU
		{5D1404EC-45B7-4BFB-94B0-D2F09B4DBC0C}.Debug|Mixed Platforms.Deploy.0 = Debug|Any CPU
		{5D1404EC-45B7-4BFB-94B0-D2F09B4DBC0C}.Debug|x86.ActiveCfg = Debug|x86
		{5D1404EC-45B7-4BFB-94B0-D2F09B4DBC0C}.Debug|x86.Build.0 = Debug|x86
		{5D1404EC-45B7-4BFB-94B0-D2F09B4DBC0C}.Debug|x86.Deploy.0 = Debug|x86
		{5D1404EC-45B7-4BFB-94B0-D2F09B4DBC0C}.Release|Any CPU.ActiveCfg = Release|Any CPU
		{5D1404EC-45B7-4BFB-94B0-D2F09B4DBC0C}.Release|Any CPU.Build.0 = Release|Any CPU
		{5D1404EC-45B7-4BFB-94B0-D2F09B4DBC0C}.Release|Any CPU.Deploy.0 = Release|Any CPU
		{5D1404EC-45B7-4BFB-94B0-D2F09B4DBC0C}.Release|ARM.ActiveCfg = Release|ARM
		{5D1404EC-45B7-4BFB-94B0-D2F09B4DBC0C}.Release|ARM.Build.0 = Release|ARM
		{5D1404EC-45B7-4BFB-94B0-D2F09B4DBC0C}.Release|ARM.Deploy.0 = Release|ARM
		{5D1404EC-45B7-4BFB-94B0-D2F09B4DBC0C}.Release|iPhone.ActiveCfg = Release|Any CPU
		{5D1404EC-45B7-4BFB-94B0-D2F09B4DBC0C}.Release|iPhoneSimulator.ActiveCfg = Release|Any CPU
		{5D1404EC-45B7-4BFB-94B0-D2F09B4DBC0C}.Release|Mixed Platforms.ActiveCfg = Release|x86
		{5D1404EC-45B7-4BFB-94B0-D2F09B4DBC0C}.Release|Mixed Platforms.Build.0 = Release|x86
		{5D1404EC-45B7-4BFB-94B0-D2F09B4DBC0C}.Release|Mixed Platforms.Deploy.0 = Release|x86
		{5D1404EC-45B7-4BFB-94B0-D2F09B4DBC0C}.Release|x86.ActiveCfg = Release|x86
		{5D1404EC-45B7-4BFB-94B0-D2F09B4DBC0C}.Release|x86.Build.0 = Release|x86
		{5D1404EC-45B7-4BFB-94B0-D2F09B4DBC0C}.Release|x86.Deploy.0 = Release|x86
		{67F9D3A8-F71E-4428-913F-C37AE82CDB24}.Ad-Hoc|Any CPU.ActiveCfg = Release|Any CPU
		{67F9D3A8-F71E-4428-913F-C37AE82CDB24}.Ad-Hoc|Any CPU.Build.0 = Release|Any CPU
		{67F9D3A8-F71E-4428-913F-C37AE82CDB24}.Ad-Hoc|ARM.ActiveCfg = Release|Any CPU
		{67F9D3A8-F71E-4428-913F-C37AE82CDB24}.Ad-Hoc|iPhone.ActiveCfg = Release|Any CPU
		{67F9D3A8-F71E-4428-913F-C37AE82CDB24}.Ad-Hoc|iPhoneSimulator.ActiveCfg = Release|Any CPU
		{67F9D3A8-F71E-4428-913F-C37AE82CDB24}.Ad-Hoc|Mixed Platforms.ActiveCfg = Release|Any CPU
		{67F9D3A8-F71E-4428-913F-C37AE82CDB24}.Ad-Hoc|Mixed Platforms.Build.0 = Release|Any CPU
		{67F9D3A8-F71E-4428-913F-C37AE82CDB24}.Ad-Hoc|x86.ActiveCfg = Release|Any CPU
		{67F9D3A8-F71E-4428-913F-C37AE82CDB24}.AppStore|Any CPU.ActiveCfg = Release|Any CPU
		{67F9D3A8-F71E-4428-913F-C37AE82CDB24}.AppStore|Any CPU.Build.0 = Release|Any CPU
		{67F9D3A8-F71E-4428-913F-C37AE82CDB24}.AppStore|ARM.ActiveCfg = Release|Any CPU
		{67F9D3A8-F71E-4428-913F-C37AE82CDB24}.AppStore|iPhone.ActiveCfg = Release|Any CPU
		{67F9D3A8-F71E-4428-913F-C37AE82CDB24}.AppStore|iPhoneSimulator.ActiveCfg = Release|Any CPU
		{67F9D3A8-F71E-4428-913F-C37AE82CDB24}.AppStore|Mixed Platforms.ActiveCfg = Release|Any CPU
		{67F9D3A8-F71E-4428-913F-C37AE82CDB24}.AppStore|Mixed Platforms.Build.0 = Release|Any CPU
		{67F9D3A8-F71E-4428-913F-C37AE82CDB24}.AppStore|x86.ActiveCfg = Release|Any CPU
		{67F9D3A8-F71E-4428-913F-C37AE82CDB24}.Debug|Any CPU.ActiveCfg = Debug|Any CPU
		{67F9D3A8-F71E-4428-913F-C37AE82CDB24}.Debug|Any CPU.Build.0 = Debug|Any CPU
		{67F9D3A8-F71E-4428-913F-C37AE82CDB24}.Debug|ARM.ActiveCfg = Debug|Any CPU
		{67F9D3A8-F71E-4428-913F-C37AE82CDB24}.Debug|iPhone.ActiveCfg = Debug|Any CPU
		{67F9D3A8-F71E-4428-913F-C37AE82CDB24}.Debug|iPhoneSimulator.ActiveCfg = Debug|Any CPU
		{67F9D3A8-F71E-4428-913F-C37AE82CDB24}.Debug|iPhoneSimulator.Build.0 = Debug|Any CPU
		{67F9D3A8-F71E-4428-913F-C37AE82CDB24}.Debug|Mixed Platforms.ActiveCfg = Debug|Any CPU
		{67F9D3A8-F71E-4428-913F-C37AE82CDB24}.Debug|Mixed Platforms.Build.0 = Debug|Any CPU
		{67F9D3A8-F71E-4428-913F-C37AE82CDB24}.Debug|x86.ActiveCfg = Debug|Any CPU
		{67F9D3A8-F71E-4428-913F-C37AE82CDB24}.Release|Any CPU.ActiveCfg = Release|Any CPU
		{67F9D3A8-F71E-4428-913F-C37AE82CDB24}.Release|Any CPU.Build.0 = Release|Any CPU
		{67F9D3A8-F71E-4428-913F-C37AE82CDB24}.Release|ARM.ActiveCfg = Release|Any CPU
		{67F9D3A8-F71E-4428-913F-C37AE82CDB24}.Release|iPhone.ActiveCfg = Release|Any CPU
		{67F9D3A8-F71E-4428-913F-C37AE82CDB24}.Release|iPhoneSimulator.ActiveCfg = Release|Any CPU
		{67F9D3A8-F71E-4428-913F-C37AE82CDB24}.Release|Mixed Platforms.ActiveCfg = Release|Any CPU
		{67F9D3A8-F71E-4428-913F-C37AE82CDB24}.Release|Mixed Platforms.Build.0 = Release|Any CPU
		{67F9D3A8-F71E-4428-913F-C37AE82CDB24}.Release|x86.ActiveCfg = Release|Any CPU
		{E03889A7-BB76-4735-B65C-1847B14B3678}.Ad-Hoc|Any CPU.ActiveCfg = Ad-Hoc|iPhone
		{E03889A7-BB76-4735-B65C-1847B14B3678}.Ad-Hoc|ARM.ActiveCfg = Ad-Hoc|iPhone
		{E03889A7-BB76-4735-B65C-1847B14B3678}.Ad-Hoc|iPhone.ActiveCfg = Ad-Hoc|iPhone
		{E03889A7-BB76-4735-B65C-1847B14B3678}.Ad-Hoc|iPhone.Build.0 = Ad-Hoc|iPhone
		{E03889A7-BB76-4735-B65C-1847B14B3678}.Ad-Hoc|iPhone.Deploy.0 = Ad-Hoc|iPhone
		{E03889A7-BB76-4735-B65C-1847B14B3678}.Ad-Hoc|iPhoneSimulator.ActiveCfg = Ad-Hoc|iPhoneSimulator
		{E03889A7-BB76-4735-B65C-1847B14B3678}.Ad-Hoc|iPhoneSimulator.Build.0 = Ad-Hoc|iPhoneSimulator
		{E03889A7-BB76-4735-B65C-1847B14B3678}.Ad-Hoc|iPhoneSimulator.Deploy.0 = Ad-Hoc|iPhoneSimulator
		{E03889A7-BB76-4735-B65C-1847B14B3678}.Ad-Hoc|Mixed Platforms.ActiveCfg = Ad-Hoc|iPhone
		{E03889A7-BB76-4735-B65C-1847B14B3678}.Ad-Hoc|Mixed Platforms.Build.0 = Ad-Hoc|iPhone
		{E03889A7-BB76-4735-B65C-1847B14B3678}.Ad-Hoc|Mixed Platforms.Deploy.0 = Ad-Hoc|iPhone
		{E03889A7-BB76-4735-B65C-1847B14B3678}.Ad-Hoc|x86.ActiveCfg = Ad-Hoc|iPhone
		{E03889A7-BB76-4735-B65C-1847B14B3678}.AppStore|Any CPU.ActiveCfg = AppStore|iPhone
		{E03889A7-BB76-4735-B65C-1847B14B3678}.AppStore|ARM.ActiveCfg = AppStore|iPhone
		{E03889A7-BB76-4735-B65C-1847B14B3678}.AppStore|iPhone.ActiveCfg = AppStore|iPhone
		{E03889A7-BB76-4735-B65C-1847B14B3678}.AppStore|iPhone.Build.0 = AppStore|iPhone
		{E03889A7-BB76-4735-B65C-1847B14B3678}.AppStore|iPhone.Deploy.0 = AppStore|iPhone
		{E03889A7-BB76-4735-B65C-1847B14B3678}.AppStore|iPhoneSimulator.ActiveCfg = AppStore|iPhoneSimulator
		{E03889A7-BB76-4735-B65C-1847B14B3678}.AppStore|iPhoneSimulator.Build.0 = AppStore|iPhoneSimulator
		{E03889A7-BB76-4735-B65C-1847B14B3678}.AppStore|iPhoneSimulator.Deploy.0 = AppStore|iPhoneSimulator
		{E03889A7-BB76-4735-B65C-1847B14B3678}.AppStore|Mixed Platforms.ActiveCfg = AppStore|iPhone
		{E03889A7-BB76-4735-B65C-1847B14B3678}.AppStore|Mixed Platforms.Build.0 = AppStore|iPhone
		{E03889A7-BB76-4735-B65C-1847B14B3678}.AppStore|Mixed Platforms.Deploy.0 = AppStore|iPhone
		{E03889A7-BB76-4735-B65C-1847B14B3678}.AppStore|x86.ActiveCfg = AppStore|iPhone
		{E03889A7-BB76-4735-B65C-1847B14B3678}.Debug|Any CPU.ActiveCfg = Debug|iPhone
		{E03889A7-BB76-4735-B65C-1847B14B3678}.Debug|ARM.ActiveCfg = Debug|iPhone
		{E03889A7-BB76-4735-B65C-1847B14B3678}.Debug|iPhone.ActiveCfg = Debug|iPhone
		{E03889A7-BB76-4735-B65C-1847B14B3678}.Debug|iPhone.Build.0 = Debug|iPhone
		{E03889A7-BB76-4735-B65C-1847B14B3678}.Debug|iPhone.Deploy.0 = Debug|iPhone
		{E03889A7-BB76-4735-B65C-1847B14B3678}.Debug|iPhoneSimulator.ActiveCfg = Debug|iPhoneSimulator
		{E03889A7-BB76-4735-B65C-1847B14B3678}.Debug|iPhoneSimulator.Build.0 = Debug|iPhoneSimulator
		{E03889A7-BB76-4735-B65C-1847B14B3678}.Debug|iPhoneSimulator.Deploy.0 = Debug|iPhoneSimulator
		{E03889A7-BB76-4735-B65C-1847B14B3678}.Debug|Mixed Platforms.ActiveCfg = Debug|iPhoneSimulator
		{E03889A7-BB76-4735-B65C-1847B14B3678}.Debug|Mixed Platforms.Build.0 = Debug|iPhoneSimulator
		{E03889A7-BB76-4735-B65C-1847B14B3678}.Debug|Mixed Platforms.Deploy.0 = Debug|iPhoneSimulator
		{E03889A7-BB76-4735-B65C-1847B14B3678}.Debug|x86.ActiveCfg = Debug|iPhone
		{E03889A7-BB76-4735-B65C-1847B14B3678}.Release|Any CPU.ActiveCfg = Release|iPhone
		{E03889A7-BB76-4735-B65C-1847B14B3678}.Release|ARM.ActiveCfg = Release|iPhone
		{E03889A7-BB76-4735-B65C-1847B14B3678}.Release|iPhone.ActiveCfg = Release|iPhone
		{E03889A7-BB76-4735-B65C-1847B14B3678}.Release|iPhone.Build.0 = Release|iPhone
		{E03889A7-BB76-4735-B65C-1847B14B3678}.Release|iPhone.Deploy.0 = Release|iPhone
		{E03889A7-BB76-4735-B65C-1847B14B3678}.Release|iPhoneSimulator.ActiveCfg = Release|iPhoneSimulator
		{E03889A7-BB76-4735-B65C-1847B14B3678}.Release|iPhoneSimulator.Build.0 = Release|iPhoneSimulator
		{E03889A7-BB76-4735-B65C-1847B14B3678}.Release|iPhoneSimulator.Deploy.0 = Release|iPhoneSimulator
		{E03889A7-BB76-4735-B65C-1847B14B3678}.Release|Mixed Platforms.ActiveCfg = Release|iPhone
		{E03889A7-BB76-4735-B65C-1847B14B3678}.Release|Mixed Platforms.Build.0 = Release|iPhone
		{E03889A7-BB76-4735-B65C-1847B14B3678}.Release|Mixed Platforms.Deploy.0 = Release|iPhone
		{E03889A7-BB76-4735-B65C-1847B14B3678}.Release|x86.ActiveCfg = Release|iPhone
		{FC795907-A9A3-4528-8FD6-B215E276CB96}.Ad-Hoc|Any CPU.ActiveCfg = Release|Any CPU
		{FC795907-A9A3-4528-8FD6-B215E276CB96}.Ad-Hoc|Any CPU.Build.0 = Release|Any CPU
		{FC795907-A9A3-4528-8FD6-B215E276CB96}.Ad-Hoc|Any CPU.Deploy.0 = Release|Any CPU
		{FC795907-A9A3-4528-8FD6-B215E276CB96}.Ad-Hoc|ARM.ActiveCfg = Release|Any CPU
		{FC795907-A9A3-4528-8FD6-B215E276CB96}.Ad-Hoc|iPhone.ActiveCfg = Release|Any CPU
		{FC795907-A9A3-4528-8FD6-B215E276CB96}.Ad-Hoc|iPhoneSimulator.ActiveCfg = Release|Any CPU
		{FC795907-A9A3-4528-8FD6-B215E276CB96}.Ad-Hoc|Mixed Platforms.ActiveCfg = Release|Any CPU
		{FC795907-A9A3-4528-8FD6-B215E276CB96}.Ad-Hoc|Mixed Platforms.Build.0 = Release|Any CPU
		{FC795907-A9A3-4528-8FD6-B215E276CB96}.Ad-Hoc|Mixed Platforms.Deploy.0 = Release|Any CPU
		{FC795907-A9A3-4528-8FD6-B215E276CB96}.Ad-Hoc|x86.ActiveCfg = Release|Any CPU
		{FC795907-A9A3-4528-8FD6-B215E276CB96}.AppStore|Any CPU.ActiveCfg = Release|Any CPU
		{FC795907-A9A3-4528-8FD6-B215E276CB96}.AppStore|Any CPU.Build.0 = Release|Any CPU
		{FC795907-A9A3-4528-8FD6-B215E276CB96}.AppStore|Any CPU.Deploy.0 = Release|Any CPU
		{FC795907-A9A3-4528-8FD6-B215E276CB96}.AppStore|ARM.ActiveCfg = Release|Any CPU
		{FC795907-A9A3-4528-8FD6-B215E276CB96}.AppStore|iPhone.ActiveCfg = Release|Any CPU
		{FC795907-A9A3-4528-8FD6-B215E276CB96}.AppStore|iPhoneSimulator.ActiveCfg = Release|Any CPU
		{FC795907-A9A3-4528-8FD6-B215E276CB96}.AppStore|Mixed Platforms.ActiveCfg = Release|Any CPU
		{FC795907-A9A3-4528-8FD6-B215E276CB96}.AppStore|Mixed Platforms.Build.0 = Release|Any CPU
		{FC795907-A9A3-4528-8FD6-B215E276CB96}.AppStore|Mixed Platforms.Deploy.0 = Release|Any CPU
		{FC795907-A9A3-4528-8FD6-B215E276CB96}.AppStore|x86.ActiveCfg = Release|Any CPU
		{FC795907-A9A3-4528-8FD6-B215E276CB96}.Debug|Any CPU.ActiveCfg = Debug|Any CPU
		{FC795907-A9A3-4528-8FD6-B215E276CB96}.Debug|Any CPU.Build.0 = Debug|Any CPU
		{FC795907-A9A3-4528-8FD6-B215E276CB96}.Debug|Any CPU.Deploy.0 = Debug|Any CPU
		{FC795907-A9A3-4528-8FD6-B215E276CB96}.Debug|ARM.ActiveCfg = Debug|Any CPU
		{FC795907-A9A3-4528-8FD6-B215E276CB96}.Debug|iPhone.ActiveCfg = Debug|Any CPU
		{FC795907-A9A3-4528-8FD6-B215E276CB96}.Debug|iPhoneSimulator.ActiveCfg = Debug|Any CPU
		{FC795907-A9A3-4528-8FD6-B215E276CB96}.Debug|Mixed Platforms.ActiveCfg = Debug|Any CPU
		{FC795907-A9A3-4528-8FD6-B215E276CB96}.Debug|Mixed Platforms.Build.0 = Debug|Any CPU
		{FC795907-A9A3-4528-8FD6-B215E276CB96}.Debug|Mixed Platforms.Deploy.0 = Debug|Any CPU
		{FC795907-A9A3-4528-8FD6-B215E276CB96}.Debug|x86.ActiveCfg = Debug|Any CPU
		{FC795907-A9A3-4528-8FD6-B215E276CB96}.Release|Any CPU.ActiveCfg = Release|Any CPU
		{FC795907-A9A3-4528-8FD6-B215E276CB96}.Release|Any CPU.Build.0 = Release|Any CPU
		{FC795907-A9A3-4528-8FD6-B215E276CB96}.Release|Any CPU.Deploy.0 = Release|Any CPU
		{FC795907-A9A3-4528-8FD6-B215E276CB96}.Release|ARM.ActiveCfg = Release|Any CPU
		{FC795907-A9A3-4528-8FD6-B215E276CB96}.Release|iPhone.ActiveCfg = Release|Any CPU
		{FC795907-A9A3-4528-8FD6-B215E276CB96}.Release|iPhoneSimulator.ActiveCfg = Release|Any CPU
		{FC795907-A9A3-4528-8FD6-B215E276CB96}.Release|Mixed Platforms.ActiveCfg = Release|Any CPU
		{FC795907-A9A3-4528-8FD6-B215E276CB96}.Release|Mixed Platforms.Build.0 = Release|Any CPU
		{FC795907-A9A3-4528-8FD6-B215E276CB96}.Release|Mixed Platforms.Deploy.0 = Release|Any CPU
		{FC795907-A9A3-4528-8FD6-B215E276CB96}.Release|x86.ActiveCfg = Release|Any CPU
	EndGlobalSection
	GlobalSection(NestedProjects) = preSolution
		{E03889A7-BB76-4735-B65C-1847B14B3678} = {7EC63F8A-51C4-46E5-9DFB-7F1C17961AEA}
		{FC795907-A9A3-4528-8FD6-B215E276CB96} = {7EC63F8A-51C4-46E5-9DFB-7F1C17961AEA}
		{5D1404EC-45B7-4BFB-94B0-D2F09B4DBC0C} = {7EC63F8A-51C4-46E5-9DFB-7F1C17961AEA}
	EndGlobalSection
	GlobalSection(MonoDevelopProperties) = preSolution
		StartupItem = TicTacForms.iOS\TicTacForms.iOS.csproj
	EndGlobalSection
	GlobalSection(SolutionProperties) = preSolution
		HideSolutionNode = FALSE
	EndGlobalSection
EndGlobal
